
Microsoft Visual Studio Solution File, Format Version 12.00
# Visual Studio Version 16
VisualStudioVersion = 16.0.31515.178
MinimumVisualStudioVersion = 10.0.40219.1
Project("{D954291E-2A0B-460D-934E-DC6B0785DB48}") = "UnoControlsApp.Shared", "UnoControlsApp\UnoControlsApp.Shared\UnoControlsApp.Shared.shproj", "{6279C845-92F8-4333-AB99-3D213163593C}"
EndProject
Project("{2150E333-8FDC-42A3-9474-1A3956D46DE8}") = "Platforms", "Platforms", "{2CFBB189-2A27-4567-84E5-DC0975C16DD4}"
EndProject
Project("{FAE04EC0-301F-11D3-BF4B-00C04F79EFBC}") = "UnoControlsApp.Droid", "UnoControlsApp\UnoControlsApp.Droid\UnoControlsApp.Droid.csproj", "{1882C7D2-2D60-42AD-A7A3-7B65F80EA49B}"
EndProject
Project("{FAE04EC0-301F-11D3-BF4B-00C04F79EFBC}") = "UnoControlsApp.iOS", "UnoControlsApp\UnoControlsApp.iOS\UnoControlsApp.iOS.csproj", "{23F5DB16-5EFF-41F7-8E66-D83FD7110946}"
EndProject
Project("{FAE04EC0-301F-11D3-BF4B-00C04F79EFBC}") = "UnoControlsApp.UWP", "UnoControlsApp\UnoControlsApp.UWP\UnoControlsApp.UWP.csproj", "{0378CDDB-0618-40A3-9291-DD4C2E1F1F27}"
EndProject
Project("{FAE04EC0-301F-11D3-BF4B-00C04F79EFBC}") = "UnoControlsApp.Wasm", "UnoControlsApp\UnoControlsApp.Wasm\UnoControlsApp.Wasm.csproj", "{9890E9C5-8EF8-402F-BDAA-CC51964FB607}"
EndProject
Project("{FAE04EC0-301F-11D3-BF4B-00C04F79EFBC}") = "UnoControlsApp.macOS", "UnoControlsApp\UnoControlsApp.macOS\UnoControlsApp.macOS.csproj", "{496F3324-CDE5-4D76-8B49-3A9705CDE941}"
EndProject
Project("{FAE04EC0-301F-11D3-BF4B-00C04F79EFBC}") = "UnoControlsApp.Skia.Wpf.Host", "UnoControlsApp\UnoControlsApp.Skia.Wpf.Host\UnoControlsApp.Skia.Wpf.Host.csproj", "{3E9674CD-A713-4F55-9128-521B52C1C829}"
EndProject
Project("{FAE04EC0-301F-11D3-BF4B-00C04F79EFBC}") = "UnoControlsApp.Skia.Wpf", "UnoControlsApp\UnoControlsApp.Skia.Wpf\UnoControlsApp.Skia.Wpf.csproj", "{2FC49B30-85CA-47F1-8BE1-1B70D91A7009}"
EndProject
Project("{FAE04EC0-301F-11D3-BF4B-00C04F79EFBC}") = "UnoControlsApp.Skia.Gtk", "UnoControlsApp\UnoControlsApp.Skia.Gtk\UnoControlsApp.Skia.Gtk.csproj", "{B791C3FA-7A76-4F9E-9288-11354FADCFD9}"
EndProject
Project("{FAE04EC0-301F-11D3-BF4B-00C04F79EFBC}") = "UnoControlsApp.Skia.Tizen", "UnoControlsApp\UnoControlsApp.Skia.Tizen\UnoControlsApp.Skia.Tizen.csproj", "{232B80AB-7E1A-469D-BC04-DAEDAD10127C}"
EndProject
Global
	GlobalSection(SharedMSBuildProjectFiles) = preSolution
		UnoControlsApp\UnoControlsApp.Shared\UnoControlsApp.Shared.projitems*{0378cddb-0618-40a3-9291-dd4c2e1f1f27}*SharedItemsImports = 4
		UnoControlsApp\UnoControlsApp.Shared\UnoControlsApp.Shared.projitems*{1882c7d2-2d60-42ad-a7a3-7b65f80ea49b}*SharedItemsImports = 4
		UnoControlsApp\UnoControlsApp.Shared\UnoControlsApp.Shared.projitems*{232b80ab-7e1a-469d-bc04-daedad10127c}*SharedItemsImports = 5
		UnoControlsApp\UnoControlsApp.Shared\UnoControlsApp.Shared.projitems*{23f5db16-5eff-41f7-8e66-d83fd7110946}*SharedItemsImports = 4
		UnoControlsApp\UnoControlsApp.Shared\UnoControlsApp.Shared.projitems*{2fc49b30-85ca-47f1-8be1-1b70d91a7009}*SharedItemsImports = 5
		UnoControlsApp\UnoControlsApp.Shared\UnoControlsApp.Shared.projitems*{496f3324-cde5-4d76-8b49-3a9705cde941}*SharedItemsImports = 4
		UnoControlsApp\UnoControlsApp.Shared\UnoControlsApp.Shared.projitems*{6279c845-92f8-4333-ab99-3d213163593c}*SharedItemsImports = 13
		UnoControlsApp\UnoControlsApp.Shared\UnoControlsApp.Shared.projitems*{9890e9c5-8ef8-402f-bdaa-cc51964fb607}*SharedItemsImports = 5
		UnoControlsApp\UnoControlsApp.Shared\UnoControlsApp.Shared.projitems*{b791c3fa-7a76-4f9e-9288-11354fadcfd9}*SharedItemsImports = 5
	EndGlobalSection
	GlobalSection(SolutionConfigurationPlatforms) = preSolution
		Ad-Hoc|Any CPU = Ad-Hoc|Any CPU
		Ad-Hoc|ARM = Ad-Hoc|ARM
		Ad-Hoc|ARM64 = Ad-Hoc|ARM64
		Ad-Hoc|iPhone = Ad-Hoc|iPhone
		Ad-Hoc|iPhoneSimulator = Ad-Hoc|iPhoneSimulator
		Ad-Hoc|x64 = Ad-Hoc|x64
		Ad-Hoc|x86 = Ad-Hoc|x86
		AppStore|Any CPU = AppStore|Any CPU
		AppStore|ARM = AppStore|ARM
		AppStore|ARM64 = AppStore|ARM64
		AppStore|iPhone = AppStore|iPhone
		AppStore|iPhoneSimulator = AppStore|iPhoneSimulator
		AppStore|x64 = AppStore|x64
		AppStore|x86 = AppStore|x86
		Debug|Any CPU = Debug|Any CPU
		Debug|ARM = Debug|ARM
		Debug|ARM64 = Debug|ARM64
		Debug|iPhone = Debug|iPhone
		Debug|iPhoneSimulator = Debug|iPhoneSimulator
		Debug|x64 = Debug|x64
		Debug|x86 = Debug|x86
		Release|Any CPU = Release|Any CPU
		Release|ARM = Release|ARM
		Release|ARM64 = Release|ARM64
		Release|iPhone = Release|iPhone
		Release|iPhoneSimulator = Release|iPhoneSimulator
		Release|x64 = Release|x64
		Release|x86 = Release|x86
	EndGlobalSection
	GlobalSection(ProjectConfigurationPlatforms) = postSolution
		{1882C7D2-2D60-42AD-A7A3-7B65F80EA49B}.Ad-Hoc|Any CPU.ActiveCfg = Debug|Any CPU
		{1882C7D2-2D60-42AD-A7A3-7B65F80EA49B}.Ad-Hoc|Any CPU.Build.0 = Debug|Any CPU
		{1882C7D2-2D60-42AD-A7A3-7B65F80EA49B}.Ad-Hoc|Any CPU.Deploy.0 = Debug|Any CPU
		{1882C7D2-2D60-42AD-A7A3-7B65F80EA49B}.Ad-Hoc|ARM.ActiveCfg = Debug|Any CPU
		{1882C7D2-2D60-42AD-A7A3-7B65F80EA49B}.Ad-Hoc|ARM.Build.0 = Debug|Any CPU
		{1882C7D2-2D60-42AD-A7A3-7B65F80EA49B}.Ad-Hoc|ARM.Deploy.0 = Debug|Any CPU
		{1882C7D2-2D60-42AD-A7A3-7B65F80EA49B}.Ad-Hoc|ARM64.ActiveCfg = Debug|Any CPU
		{1882C7D2-2D60-42AD-A7A3-7B65F80EA49B}.Ad-Hoc|ARM64.Build.0 = Debug|Any CPU
		{1882C7D2-2D60-42AD-A7A3-7B65F80EA49B}.Ad-Hoc|ARM64.Deploy.0 = Debug|Any CPU
		{1882C7D2-2D60-42AD-A7A3-7B65F80EA49B}.Ad-Hoc|iPhone.ActiveCfg = Debug|Any CPU
		{1882C7D2-2D60-42AD-A7A3-7B65F80EA49B}.Ad-Hoc|iPhone.Build.0 = Debug|Any CPU
		{1882C7D2-2D60-42AD-A7A3-7B65F80EA49B}.Ad-Hoc|iPhone.Deploy.0 = Debug|Any CPU
		{1882C7D2-2D60-42AD-A7A3-7B65F80EA49B}.Ad-Hoc|iPhoneSimulator.ActiveCfg = Debug|Any CPU
		{1882C7D2-2D60-42AD-A7A3-7B65F80EA49B}.Ad-Hoc|iPhoneSimulator.Build.0 = Debug|Any CPU
		{1882C7D2-2D60-42AD-A7A3-7B65F80EA49B}.Ad-Hoc|iPhoneSimulator.Deploy.0 = Debug|Any CPU
		{1882C7D2-2D60-42AD-A7A3-7B65F80EA49B}.Ad-Hoc|x64.ActiveCfg = Debug|Any CPU
		{1882C7D2-2D60-42AD-A7A3-7B65F80EA49B}.Ad-Hoc|x64.Build.0 = Debug|Any CPU
		{1882C7D2-2D60-42AD-A7A3-7B65F80EA49B}.Ad-Hoc|x64.Deploy.0 = Debug|Any CPU
		{1882C7D2-2D60-42AD-A7A3-7B65F80EA49B}.Ad-Hoc|x86.ActiveCfg = Debug|Any CPU
		{1882C7D2-2D60-42AD-A7A3-7B65F80EA49B}.Ad-Hoc|x86.Build.0 = Debug|Any CPU
		{1882C7D2-2D60-42AD-A7A3-7B65F80EA49B}.Ad-Hoc|x86.Deploy.0 = Debug|Any CPU
		{1882C7D2-2D60-42AD-A7A3-7B65F80EA49B}.AppStore|Any CPU.ActiveCfg = Debug|Any CPU
		{1882C7D2-2D60-42AD-A7A3-7B65F80EA49B}.AppStore|Any CPU.Build.0 = Debug|Any CPU
		{1882C7D2-2D60-42AD-A7A3-7B65F80EA49B}.AppStore|Any CPU.Deploy.0 = Debug|Any CPU
		{1882C7D2-2D60-42AD-A7A3-7B65F80EA49B}.AppStore|ARM.ActiveCfg = Debug|Any CPU
		{1882C7D2-2D60-42AD-A7A3-7B65F80EA49B}.AppStore|ARM.Build.0 = Debug|Any CPU
		{1882C7D2-2D60-42AD-A7A3-7B65F80EA49B}.AppStore|ARM.Deploy.0 = Debug|Any CPU
		{1882C7D2-2D60-42AD-A7A3-7B65F80EA49B}.AppStore|ARM64.ActiveCfg = Debug|Any CPU
		{1882C7D2-2D60-42AD-A7A3-7B65F80EA49B}.AppStore|ARM64.Build.0 = Debug|Any CPU
		{1882C7D2-2D60-42AD-A7A3-7B65F80EA49B}.AppStore|ARM64.Deploy.0 = Debug|Any CPU
		{1882C7D2-2D60-42AD-A7A3-7B65F80EA49B}.AppStore|iPhone.ActiveCfg = Debug|Any CPU
		{1882C7D2-2D60-42AD-A7A3-7B65F80EA49B}.AppStore|iPhone.Build.0 = Debug|Any CPU
		{1882C7D2-2D60-42AD-A7A3-7B65F80EA49B}.AppStore|iPhone.Deploy.0 = Debug|Any CPU
		{1882C7D2-2D60-42AD-A7A3-7B65F80EA49B}.AppStore|iPhoneSimulator.ActiveCfg = Debug|Any CPU
		{1882C7D2-2D60-42AD-A7A3-7B65F80EA49B}.AppStore|iPhoneSimulator.Build.0 = Debug|Any CPU
		{1882C7D2-2D60-42AD-A7A3-7B65F80EA49B}.AppStore|iPhoneSimulator.Deploy.0 = Debug|Any CPU
		{1882C7D2-2D60-42AD-A7A3-7B65F80EA49B}.AppStore|x64.ActiveCfg = Debug|Any CPU
		{1882C7D2-2D60-42AD-A7A3-7B65F80EA49B}.AppStore|x64.Build.0 = Debug|Any CPU
		{1882C7D2-2D60-42AD-A7A3-7B65F80EA49B}.AppStore|x64.Deploy.0 = Debug|Any CPU
		{1882C7D2-2D60-42AD-A7A3-7B65F80EA49B}.AppStore|x86.ActiveCfg = Debug|Any CPU
		{1882C7D2-2D60-42AD-A7A3-7B65F80EA49B}.AppStore|x86.Build.0 = Debug|Any CPU
		{1882C7D2-2D60-42AD-A7A3-7B65F80EA49B}.AppStore|x86.Deploy.0 = Debug|Any CPU
		{1882C7D2-2D60-42AD-A7A3-7B65F80EA49B}.Debug|Any CPU.ActiveCfg = Debug|Any CPU
		{1882C7D2-2D60-42AD-A7A3-7B65F80EA49B}.Debug|Any CPU.Build.0 = Debug|Any CPU
		{1882C7D2-2D60-42AD-A7A3-7B65F80EA49B}.Debug|Any CPU.Deploy.0 = Debug|Any CPU
		{1882C7D2-2D60-42AD-A7A3-7B65F80EA49B}.Debug|ARM.ActiveCfg = Debug|Any CPU
		{1882C7D2-2D60-42AD-A7A3-7B65F80EA49B}.Debug|ARM.Build.0 = Debug|Any CPU
		{1882C7D2-2D60-42AD-A7A3-7B65F80EA49B}.Debug|ARM.Deploy.0 = Debug|Any CPU
		{1882C7D2-2D60-42AD-A7A3-7B65F80EA49B}.Debug|ARM64.ActiveCfg = Debug|Any CPU
		{1882C7D2-2D60-42AD-A7A3-7B65F80EA49B}.Debug|ARM64.Build.0 = Debug|Any CPU
		{1882C7D2-2D60-42AD-A7A3-7B65F80EA49B}.Debug|ARM64.Deploy.0 = Debug|Any CPU
		{1882C7D2-2D60-42AD-A7A3-7B65F80EA49B}.Debug|iPhone.ActiveCfg = Debug|Any CPU
		{1882C7D2-2D60-42AD-A7A3-7B65F80EA49B}.Debug|iPhone.Build.0 = Debug|Any CPU
		{1882C7D2-2D60-42AD-A7A3-7B65F80EA49B}.Debug|iPhone.Deploy.0 = Debug|Any CPU
		{1882C7D2-2D60-42AD-A7A3-7B65F80EA49B}.Debug|iPhoneSimulator.ActiveCfg = Debug|Any CPU
		{1882C7D2-2D60-42AD-A7A3-7B65F80EA49B}.Debug|iPhoneSimulator.Build.0 = Debug|Any CPU
		{1882C7D2-2D60-42AD-A7A3-7B65F80EA49B}.Debug|iPhoneSimulator.Deploy.0 = Debug|Any CPU
		{1882C7D2-2D60-42AD-A7A3-7B65F80EA49B}.Debug|x64.ActiveCfg = Debug|Any CPU
		{1882C7D2-2D60-42AD-A7A3-7B65F80EA49B}.Debug|x64.Build.0 = Debug|Any CPU
		{1882C7D2-2D60-42AD-A7A3-7B65F80EA49B}.Debug|x64.Deploy.0 = Debug|Any CPU
		{1882C7D2-2D60-42AD-A7A3-7B65F80EA49B}.Debug|x86.ActiveCfg = Debug|Any CPU
		{1882C7D2-2D60-42AD-A7A3-7B65F80EA49B}.Debug|x86.Build.0 = Debug|Any CPU
		{1882C7D2-2D60-42AD-A7A3-7B65F80EA49B}.Debug|x86.Deploy.0 = Debug|Any CPU
		{1882C7D2-2D60-42AD-A7A3-7B65F80EA49B}.Release|Any CPU.ActiveCfg = Release|Any CPU
		{1882C7D2-2D60-42AD-A7A3-7B65F80EA49B}.Release|Any CPU.Build.0 = Release|Any CPU
		{1882C7D2-2D60-42AD-A7A3-7B65F80EA49B}.Release|Any CPU.Deploy.0 = Release|Any CPU
		{1882C7D2-2D60-42AD-A7A3-7B65F80EA49B}.Release|ARM.ActiveCfg = Release|Any CPU
		{1882C7D2-2D60-42AD-A7A3-7B65F80EA49B}.Release|ARM.Build.0 = Release|Any CPU
		{1882C7D2-2D60-42AD-A7A3-7B65F80EA49B}.Release|ARM.Deploy.0 = Release|Any CPU
		{1882C7D2-2D60-42AD-A7A3-7B65F80EA49B}.Release|ARM64.ActiveCfg = Release|Any CPU
		{1882C7D2-2D60-42AD-A7A3-7B65F80EA49B}.Release|ARM64.Build.0 = Release|Any CPU
		{1882C7D2-2D60-42AD-A7A3-7B65F80EA49B}.Release|ARM64.Deploy.0 = Release|Any CPU
		{1882C7D2-2D60-42AD-A7A3-7B65F80EA49B}.Release|iPhone.ActiveCfg = Release|Any CPU
		{1882C7D2-2D60-42AD-A7A3-7B65F80EA49B}.Release|iPhone.Build.0 = Release|Any CPU
		{1882C7D2-2D60-42AD-A7A3-7B65F80EA49B}.Release|iPhone.Deploy.0 = Release|Any CPU
		{1882C7D2-2D60-42AD-A7A3-7B65F80EA49B}.Release|iPhoneSimulator.ActiveCfg = Release|Any CPU
		{1882C7D2-2D60-42AD-A7A3-7B65F80EA49B}.Release|iPhoneSimulator.Build.0 = Release|Any CPU
		{1882C7D2-2D60-42AD-A7A3-7B65F80EA49B}.Release|iPhoneSimulator.Deploy.0 = Release|Any CPU
		{1882C7D2-2D60-42AD-A7A3-7B65F80EA49B}.Release|x64.ActiveCfg = Release|Any CPU
		{1882C7D2-2D60-42AD-A7A3-7B65F80EA49B}.Release|x64.Build.0 = Release|Any CPU
		{1882C7D2-2D60-42AD-A7A3-7B65F80EA49B}.Release|x64.Deploy.0 = Release|Any CPU
		{1882C7D2-2D60-42AD-A7A3-7B65F80EA49B}.Release|x86.ActiveCfg = Release|Any CPU
		{1882C7D2-2D60-42AD-A7A3-7B65F80EA49B}.Release|x86.Build.0 = Release|Any CPU
		{1882C7D2-2D60-42AD-A7A3-7B65F80EA49B}.Release|x86.Deploy.0 = Release|Any CPU
		{23F5DB16-5EFF-41F7-8E66-D83FD7110946}.Ad-Hoc|Any CPU.ActiveCfg = Ad-Hoc|iPhoneSimulator
		{23F5DB16-5EFF-41F7-8E66-D83FD7110946}.Ad-Hoc|ARM.ActiveCfg = Ad-Hoc|iPhoneSimulator
		{23F5DB16-5EFF-41F7-8E66-D83FD7110946}.Ad-Hoc|ARM64.ActiveCfg = Ad-Hoc|iPhoneSimulator
		{23F5DB16-5EFF-41F7-8E66-D83FD7110946}.Ad-Hoc|iPhone.ActiveCfg = Ad-Hoc|iPhone
		{23F5DB16-5EFF-41F7-8E66-D83FD7110946}.Ad-Hoc|iPhone.Build.0 = Ad-Hoc|iPhone
		{23F5DB16-5EFF-41F7-8E66-D83FD7110946}.Ad-Hoc|iPhoneSimulator.ActiveCfg = Ad-Hoc|iPhoneSimulator
		{23F5DB16-5EFF-41F7-8E66-D83FD7110946}.Ad-Hoc|iPhoneSimulator.Build.0 = Ad-Hoc|iPhoneSimulator
		{23F5DB16-5EFF-41F7-8E66-D83FD7110946}.Ad-Hoc|x64.ActiveCfg = Ad-Hoc|iPhoneSimulator
		{23F5DB16-5EFF-41F7-8E66-D83FD7110946}.Ad-Hoc|x86.ActiveCfg = Ad-Hoc|iPhoneSimulator
		{23F5DB16-5EFF-41F7-8E66-D83FD7110946}.AppStore|Any CPU.ActiveCfg = AppStore|iPhoneSimulator
		{23F5DB16-5EFF-41F7-8E66-D83FD7110946}.AppStore|ARM.ActiveCfg = AppStore|iPhoneSimulator
		{23F5DB16-5EFF-41F7-8E66-D83FD7110946}.AppStore|ARM64.ActiveCfg = AppStore|iPhoneSimulator
		{23F5DB16-5EFF-41F7-8E66-D83FD7110946}.AppStore|iPhone.ActiveCfg = AppStore|iPhone
		{23F5DB16-5EFF-41F7-8E66-D83FD7110946}.AppStore|iPhone.Build.0 = AppStore|iPhone
		{23F5DB16-5EFF-41F7-8E66-D83FD7110946}.AppStore|iPhoneSimulator.ActiveCfg = AppStore|iPhoneSimulator
		{23F5DB16-5EFF-41F7-8E66-D83FD7110946}.AppStore|iPhoneSimulator.Build.0 = AppStore|iPhoneSimulator
		{23F5DB16-5EFF-41F7-8E66-D83FD7110946}.AppStore|x64.ActiveCfg = AppStore|iPhoneSimulator
		{23F5DB16-5EFF-41F7-8E66-D83FD7110946}.AppStore|x86.ActiveCfg = AppStore|iPhoneSimulator
		{23F5DB16-5EFF-41F7-8E66-D83FD7110946}.Debug|Any CPU.ActiveCfg = Debug|iPhoneSimulator
		{23F5DB16-5EFF-41F7-8E66-D83FD7110946}.Debug|ARM.ActiveCfg = Debug|iPhoneSimulator
		{23F5DB16-5EFF-41F7-8E66-D83FD7110946}.Debug|ARM64.ActiveCfg = Debug|iPhoneSimulator
		{23F5DB16-5EFF-41F7-8E66-D83FD7110946}.Debug|iPhone.ActiveCfg = Debug|iPhone
		{23F5DB16-5EFF-41F7-8E66-D83FD7110946}.Debug|iPhone.Build.0 = Debug|iPhone
		{23F5DB16-5EFF-41F7-8E66-D83FD7110946}.Debug|iPhoneSimulator.ActiveCfg = Debug|iPhoneSimulator
		{23F5DB16-5EFF-41F7-8E66-D83FD7110946}.Debug|iPhoneSimulator.Build.0 = Debug|iPhoneSimulator
		{23F5DB16-5EFF-41F7-8E66-D83FD7110946}.Debug|x64.ActiveCfg = Debug|iPhoneSimulator
		{23F5DB16-5EFF-41F7-8E66-D83FD7110946}.Debug|x86.ActiveCfg = Debug|iPhoneSimulator
		{23F5DB16-5EFF-41F7-8E66-D83FD7110946}.Release|Any CPU.ActiveCfg = Release|iPhoneSimulator
		{23F5DB16-5EFF-41F7-8E66-D83FD7110946}.Release|ARM.ActiveCfg = Release|iPhoneSimulator
		{23F5DB16-5EFF-41F7-8E66-D83FD7110946}.Release|ARM64.ActiveCfg = Release|iPhoneSimulator
		{23F5DB16-5EFF-41F7-8E66-D83FD7110946}.Release|iPhone.ActiveCfg = Release|iPhone
		{23F5DB16-5EFF-41F7-8E66-D83FD7110946}.Release|iPhone.Build.0 = Release|iPhone
		{23F5DB16-5EFF-41F7-8E66-D83FD7110946}.Release|iPhoneSimulator.ActiveCfg = Release|iPhoneSimulator
		{23F5DB16-5EFF-41F7-8E66-D83FD7110946}.Release|iPhoneSimulator.Build.0 = Release|iPhoneSimulator
		{23F5DB16-5EFF-41F7-8E66-D83FD7110946}.Release|x64.ActiveCfg = Release|iPhoneSimulator
		{23F5DB16-5EFF-41F7-8E66-D83FD7110946}.Release|x86.ActiveCfg = Release|iPhoneSimulator
		{0378CDDB-0618-40A3-9291-DD4C2E1F1F27}.Ad-Hoc|Any CPU.ActiveCfg = Debug|x86
		{0378CDDB-0618-40A3-9291-DD4C2E1F1F27}.Ad-Hoc|Any CPU.Build.0 = Debug|x86
		{0378CDDB-0618-40A3-9291-DD4C2E1F1F27}.Ad-Hoc|Any CPU.Deploy.0 = Debug|x86
		{0378CDDB-0618-40A3-9291-DD4C2E1F1F27}.Ad-Hoc|ARM.ActiveCfg = Debug|ARM
		{0378CDDB-0618-40A3-9291-DD4C2E1F1F27}.Ad-Hoc|ARM.Build.0 = Debug|ARM
		{0378CDDB-0618-40A3-9291-DD4C2E1F1F27}.Ad-Hoc|ARM.Deploy.0 = Debug|ARM
		{0378CDDB-0618-40A3-9291-DD4C2E1F1F27}.Ad-Hoc|ARM64.ActiveCfg = Debug|ARM64
		{0378CDDB-0618-40A3-9291-DD4C2E1F1F27}.Ad-Hoc|ARM64.Build.0 = Debug|ARM64
		{0378CDDB-0618-40A3-9291-DD4C2E1F1F27}.Ad-Hoc|ARM64.Deploy.0 = Debug|ARM64
		{0378CDDB-0618-40A3-9291-DD4C2E1F1F27}.Ad-Hoc|iPhone.ActiveCfg = Debug|x86
		{0378CDDB-0618-40A3-9291-DD4C2E1F1F27}.Ad-Hoc|iPhone.Build.0 = Debug|x86
		{0378CDDB-0618-40A3-9291-DD4C2E1F1F27}.Ad-Hoc|iPhone.Deploy.0 = Debug|x86
		{0378CDDB-0618-40A3-9291-DD4C2E1F1F27}.Ad-Hoc|iPhoneSimulator.ActiveCfg = Debug|x86
		{0378CDDB-0618-40A3-9291-DD4C2E1F1F27}.Ad-Hoc|iPhoneSimulator.Build.0 = Debug|x86
		{0378CDDB-0618-40A3-9291-DD4C2E1F1F27}.Ad-Hoc|iPhoneSimulator.Deploy.0 = Debug|x86
		{0378CDDB-0618-40A3-9291-DD4C2E1F1F27}.Ad-Hoc|x64.ActiveCfg = Debug|x64
		{0378CDDB-0618-40A3-9291-DD4C2E1F1F27}.Ad-Hoc|x64.Build.0 = Debug|x64
		{0378CDDB-0618-40A3-9291-DD4C2E1F1F27}.Ad-Hoc|x64.Deploy.0 = Debug|x64
		{0378CDDB-0618-40A3-9291-DD4C2E1F1F27}.Ad-Hoc|x86.ActiveCfg = Debug|x86
		{0378CDDB-0618-40A3-9291-DD4C2E1F1F27}.Ad-Hoc|x86.Build.0 = Debug|x86
		{0378CDDB-0618-40A3-9291-DD4C2E1F1F27}.Ad-Hoc|x86.Deploy.0 = Debug|x86
		{0378CDDB-0618-40A3-9291-DD4C2E1F1F27}.AppStore|Any CPU.ActiveCfg = Debug|x86
		{0378CDDB-0618-40A3-9291-DD4C2E1F1F27}.AppStore|Any CPU.Build.0 = Debug|x86
		{0378CDDB-0618-40A3-9291-DD4C2E1F1F27}.AppStore|Any CPU.Deploy.0 = Debug|x86
		{0378CDDB-0618-40A3-9291-DD4C2E1F1F27}.AppStore|ARM.ActiveCfg = Debug|ARM
		{0378CDDB-0618-40A3-9291-DD4C2E1F1F27}.AppStore|ARM.Build.0 = Debug|ARM
		{0378CDDB-0618-40A3-9291-DD4C2E1F1F27}.AppStore|ARM.Deploy.0 = Debug|ARM
		{0378CDDB-0618-40A3-9291-DD4C2E1F1F27}.AppStore|ARM64.ActiveCfg = Debug|ARM64
		{0378CDDB-0618-40A3-9291-DD4C2E1F1F27}.AppStore|ARM64.Build.0 = Debug|ARM64
		{0378CDDB-0618-40A3-9291-DD4C2E1F1F27}.AppStore|ARM64.Deploy.0 = Debug|ARM64
		{0378CDDB-0618-40A3-9291-DD4C2E1F1F27}.AppStore|iPhone.ActiveCfg = Debug|x86
		{0378CDDB-0618-40A3-9291-DD4C2E1F1F27}.AppStore|iPhone.Build.0 = Debug|x86
		{0378CDDB-0618-40A3-9291-DD4C2E1F1F27}.AppStore|iPhone.Deploy.0 = Debug|x86
		{0378CDDB-0618-40A3-9291-DD4C2E1F1F27}.AppStore|iPhoneSimulator.ActiveCfg = Debug|x86
		{0378CDDB-0618-40A3-9291-DD4C2E1F1F27}.AppStore|iPhoneSimulator.Build.0 = Debug|x86
		{0378CDDB-0618-40A3-9291-DD4C2E1F1F27}.AppStore|iPhoneSimulator.Deploy.0 = Debug|x86
		{0378CDDB-0618-40A3-9291-DD4C2E1F1F27}.AppStore|x64.ActiveCfg = Debug|x64
		{0378CDDB-0618-40A3-9291-DD4C2E1F1F27}.AppStore|x64.Build.0 = Debug|x64
		{0378CDDB-0618-40A3-9291-DD4C2E1F1F27}.AppStore|x64.Deploy.0 = Debug|x64
		{0378CDDB-0618-40A3-9291-DD4C2E1F1F27}.AppStore|x86.ActiveCfg = Debug|x86
		{0378CDDB-0618-40A3-9291-DD4C2E1F1F27}.AppStore|x86.Build.0 = Debug|x86
		{0378CDDB-0618-40A3-9291-DD4C2E1F1F27}.AppStore|x86.Deploy.0 = Debug|x86
		{0378CDDB-0618-40A3-9291-DD4C2E1F1F27}.Debug|Any CPU.ActiveCfg = Debug|x86
		{0378CDDB-0618-40A3-9291-DD4C2E1F1F27}.Debug|Any CPU.Build.0 = Debug|x86
		{0378CDDB-0618-40A3-9291-DD4C2E1F1F27}.Debug|Any CPU.Deploy.0 = Debug|x86
		{0378CDDB-0618-40A3-9291-DD4C2E1F1F27}.Debug|ARM.ActiveCfg = Debug|ARM
		{0378CDDB-0618-40A3-9291-DD4C2E1F1F27}.Debug|ARM.Build.0 = Debug|ARM
		{0378CDDB-0618-40A3-9291-DD4C2E1F1F27}.Debug|ARM.Deploy.0 = Debug|ARM
		{0378CDDB-0618-40A3-9291-DD4C2E1F1F27}.Debug|ARM64.ActiveCfg = Debug|ARM64
		{0378CDDB-0618-40A3-9291-DD4C2E1F1F27}.Debug|ARM64.Build.0 = Debug|ARM64
		{0378CDDB-0618-40A3-9291-DD4C2E1F1F27}.Debug|ARM64.Deploy.0 = Debug|ARM64
		{0378CDDB-0618-40A3-9291-DD4C2E1F1F27}.Debug|iPhone.ActiveCfg = Debug|x86
		{0378CDDB-0618-40A3-9291-DD4C2E1F1F27}.Debug|iPhoneSimulator.ActiveCfg = Debug|x86
		{0378CDDB-0618-40A3-9291-DD4C2E1F1F27}.Debug|x64.ActiveCfg = Debug|x64
		{0378CDDB-0618-40A3-9291-DD4C2E1F1F27}.Debug|x64.Build.0 = Debug|x64
		{0378CDDB-0618-40A3-9291-DD4C2E1F1F27}.Debug|x64.Deploy.0 = Debug|x64
		{0378CDDB-0618-40A3-9291-DD4C2E1F1F27}.Debug|x86.ActiveCfg = Debug|x86
		{0378CDDB-0618-40A3-9291-DD4C2E1F1F27}.Debug|x86.Build.0 = Debug|x86
		{0378CDDB-0618-40A3-9291-DD4C2E1F1F27}.Debug|x86.Deploy.0 = Debug|x86
		{0378CDDB-0618-40A3-9291-DD4C2E1F1F27}.Release|Any CPU.ActiveCfg = Release|x86
		{0378CDDB-0618-40A3-9291-DD4C2E1F1F27}.Release|ARM.ActiveCfg = Release|ARM
		{0378CDDB-0618-40A3-9291-DD4C2E1F1F27}.Release|ARM.Build.0 = Release|ARM
		{0378CDDB-0618-40A3-9291-DD4C2E1F1F27}.Release|ARM.Deploy.0 = Release|ARM
		{0378CDDB-0618-40A3-9291-DD4C2E1F1F27}.Release|ARM64.ActiveCfg = Release|ARM64
		{0378CDDB-0618-40A3-9291-DD4C2E1F1F27}.Release|ARM64.Build.0 = Release|ARM64
		{0378CDDB-0618-40A3-9291-DD4C2E1F1F27}.Release|ARM64.Deploy.0 = Release|ARM64
		{0378CDDB-0618-40A3-9291-DD4C2E1F1F27}.Release|iPhone.ActiveCfg = Release|x86
		{0378CDDB-0618-40A3-9291-DD4C2E1F1F27}.Release|iPhoneSimulator.ActiveCfg = Release|x86
		{0378CDDB-0618-40A3-9291-DD4C2E1F1F27}.Release|x64.ActiveCfg = Release|x64
		{0378CDDB-0618-40A3-9291-DD4C2E1F1F27}.Release|x64.Build.0 = Release|x64
		{0378CDDB-0618-40A3-9291-DD4C2E1F1F27}.Release|x64.Deploy.0 = Release|x64
		{0378CDDB-0618-40A3-9291-DD4C2E1F1F27}.Release|x86.ActiveCfg = Release|x86
		{0378CDDB-0618-40A3-9291-DD4C2E1F1F27}.Release|x86.Build.0 = Release|x86
		{0378CDDB-0618-40A3-9291-DD4C2E1F1F27}.Release|x86.Deploy.0 = Release|x86
		{9890E9C5-8EF8-402F-BDAA-CC51964FB607}.Ad-Hoc|Any CPU.ActiveCfg = Debug|Any CPU
		{9890E9C5-8EF8-402F-BDAA-CC51964FB607}.Ad-Hoc|Any CPU.Build.0 = Debug|Any CPU
		{9890E9C5-8EF8-402F-BDAA-CC51964FB607}.Ad-Hoc|ARM.ActiveCfg = Debug|Any CPU
		{9890E9C5-8EF8-402F-BDAA-CC51964FB607}.Ad-Hoc|ARM.Build.0 = Debug|Any CPU
		{9890E9C5-8EF8-402F-BDAA-CC51964FB607}.Ad-Hoc|ARM64.ActiveCfg = Debug|Any CPU
		{9890E9C5-8EF8-402F-BDAA-CC51964FB607}.Ad-Hoc|ARM64.Build.0 = Debug|Any CPU
		{9890E9C5-8EF8-402F-BDAA-CC51964FB607}.Ad-Hoc|iPhone.ActiveCfg = Debug|Any CPU
		{9890E9C5-8EF8-402F-BDAA-CC51964FB607}.Ad-Hoc|iPhone.Build.0 = Debug|Any CPU
		{9890E9C5-8EF8-402F-BDAA-CC51964FB607}.Ad-Hoc|iPhoneSimulator.ActiveCfg = Debug|Any CPU
		{9890E9C5-8EF8-402F-BDAA-CC51964FB607}.Ad-Hoc|iPhoneSimulator.Build.0 = Debug|Any CPU
		{9890E9C5-8EF8-402F-BDAA-CC51964FB607}.Ad-Hoc|x64.ActiveCfg = Debug|Any CPU
		{9890E9C5-8EF8-402F-BDAA-CC51964FB607}.Ad-Hoc|x64.Build.0 = Debug|Any CPU
		{9890E9C5-8EF8-402F-BDAA-CC51964FB607}.Ad-Hoc|x86.ActiveCfg = Debug|Any CPU
		{9890E9C5-8EF8-402F-BDAA-CC51964FB607}.Ad-Hoc|x86.Build.0 = Debug|Any CPU
		{9890E9C5-8EF8-402F-BDAA-CC51964FB607}.AppStore|Any CPU.ActiveCfg = Debug|Any CPU
		{9890E9C5-8EF8-402F-BDAA-CC51964FB607}.AppStore|Any CPU.Build.0 = Debug|Any CPU
		{9890E9C5-8EF8-402F-BDAA-CC51964FB607}.AppStore|ARM.ActiveCfg = Debug|Any CPU
		{9890E9C5-8EF8-402F-BDAA-CC51964FB607}.AppStore|ARM.Build.0 = Debug|Any CPU
		{9890E9C5-8EF8-402F-BDAA-CC51964FB607}.AppStore|ARM64.ActiveCfg = Debug|Any CPU
		{9890E9C5-8EF8-402F-BDAA-CC51964FB607}.AppStore|ARM64.Build.0 = Debug|Any CPU
		{9890E9C5-8EF8-402F-BDAA-CC51964FB607}.AppStore|iPhone.ActiveCfg = Debug|Any CPU
		{9890E9C5-8EF8-402F-BDAA-CC51964FB607}.AppStore|iPhone.Build.0 = Debug|Any CPU
		{9890E9C5-8EF8-402F-BDAA-CC51964FB607}.AppStore|iPhoneSimulator.ActiveCfg = Debug|Any CPU
		{9890E9C5-8EF8-402F-BDAA-CC51964FB607}.AppStore|iPhoneSimulator.Build.0 = Debug|Any CPU
		{9890E9C5-8EF8-402F-BDAA-CC51964FB607}.AppStore|x64.ActiveCfg = Debug|Any CPU
		{9890E9C5-8EF8-402F-BDAA-CC51964FB607}.AppStore|x64.Build.0 = Debug|Any CPU
		{9890E9C5-8EF8-402F-BDAA-CC51964FB607}.AppStore|x86.ActiveCfg = Debug|Any CPU
		{9890E9C5-8EF8-402F-BDAA-CC51964FB607}.AppStore|x86.Build.0 = Debug|Any CPU
		{9890E9C5-8EF8-402F-BDAA-CC51964FB607}.Debug|Any CPU.ActiveCfg = Debug|Any CPU
		{9890E9C5-8EF8-402F-BDAA-CC51964FB607}.Debug|Any CPU.Build.0 = Debug|Any CPU
		{9890E9C5-8EF8-402F-BDAA-CC51964FB607}.Debug|ARM.ActiveCfg = Debug|Any CPU
		{9890E9C5-8EF8-402F-BDAA-CC51964FB607}.Debug|ARM.Build.0 = Debug|Any CPU
		{9890E9C5-8EF8-402F-BDAA-CC51964FB607}.Debug|ARM64.ActiveCfg = Debug|Any CPU
		{9890E9C5-8EF8-402F-BDAA-CC51964FB607}.Debug|ARM64.Build.0 = Debug|Any CPU
		{9890E9C5-8EF8-402F-BDAA-CC51964FB607}.Debug|iPhone.ActiveCfg = Debug|Any CPU
		{9890E9C5-8EF8-402F-BDAA-CC51964FB607}.Debug|iPhone.Build.0 = Debug|Any CPU
		{9890E9C5-8EF8-402F-BDAA-CC51964FB607}.Debug|iPhoneSimulator.ActiveCfg = Debug|Any CPU
		{9890E9C5-8EF8-402F-BDAA-CC51964FB607}.Debug|iPhoneSimulator.Build.0 = Debug|Any CPU
		{9890E9C5-8EF8-402F-BDAA-CC51964FB607}.Debug|x64.ActiveCfg = Debug|Any CPU
		{9890E9C5-8EF8-402F-BDAA-CC51964FB607}.Debug|x64.Build.0 = Debug|Any CPU
		{9890E9C5-8EF8-402F-BDAA-CC51964FB607}.Debug|x86.ActiveCfg = Debug|Any CPU
		{9890E9C5-8EF8-402F-BDAA-CC51964FB607}.Debug|x86.Build.0 = Debug|Any CPU
		{9890E9C5-8EF8-402F-BDAA-CC51964FB607}.Release|Any CPU.ActiveCfg = Release|Any CPU
		{9890E9C5-8EF8-402F-BDAA-CC51964FB607}.Release|Any CPU.Build.0 = Release|Any CPU
		{9890E9C5-8EF8-402F-BDAA-CC51964FB607}.Release|ARM.ActiveCfg = Release|Any CPU
		{9890E9C5-8EF8-402F-BDAA-CC51964FB607}.Release|ARM.Build.0 = Release|Any CPU
		{9890E9C5-8EF8-402F-BDAA-CC51964FB607}.Release|ARM64.ActiveCfg = Release|Any CPU
		{9890E9C5-8EF8-402F-BDAA-CC51964FB607}.Release|ARM64.Build.0 = Release|Any CPU
		{9890E9C5-8EF8-402F-BDAA-CC51964FB607}.Release|iPhone.ActiveCfg = Release|Any CPU
		{9890E9C5-8EF8-402F-BDAA-CC51964FB607}.Release|iPhone.Build.0 = Release|Any CPU
		{9890E9C5-8EF8-402F-BDAA-CC51964FB607}.Release|iPhoneSimulator.ActiveCfg = Release|Any CPU
		{9890E9C5-8EF8-402F-BDAA-CC51964FB607}.Release|iPhoneSimulator.Build.0 = Release|Any CPU
		{9890E9C5-8EF8-402F-BDAA-CC51964FB607}.Release|x64.ActiveCfg = Release|Any CPU
		{9890E9C5-8EF8-402F-BDAA-CC51964FB607}.Release|x64.Build.0 = Release|Any CPU
		{9890E9C5-8EF8-402F-BDAA-CC51964FB607}.Release|x86.ActiveCfg = Release|Any CPU
		{9890E9C5-8EF8-402F-BDAA-CC51964FB607}.Release|x86.Build.0 = Release|Any CPU
		{496F3324-CDE5-4D76-8B49-3A9705CDE941}.Ad-Hoc|Any CPU.ActiveCfg = Debug|iPhoneSimulator
		{496F3324-CDE5-4D76-8B49-3A9705CDE941}.Ad-Hoc|Any CPU.Build.0 = Debug|iPhoneSimulator
		{496F3324-CDE5-4D76-8B49-3A9705CDE941}.Ad-Hoc|ARM.ActiveCfg = Debug|iPhoneSimulator
		{496F3324-CDE5-4D76-8B49-3A9705CDE941}.Ad-Hoc|ARM.Build.0 = Debug|iPhoneSimulator
		{496F3324-CDE5-4D76-8B49-3A9705CDE941}.Ad-Hoc|ARM64.ActiveCfg = Debug|iPhoneSimulator
		{496F3324-CDE5-4D76-8B49-3A9705CDE941}.Ad-Hoc|ARM64.Build.0 = Debug|iPhoneSimulator
		{496F3324-CDE5-4D76-8B49-3A9705CDE941}.Ad-Hoc|iPhone.ActiveCfg = Debug|iPhoneSimulator
		{496F3324-CDE5-4D76-8B49-3A9705CDE941}.Ad-Hoc|iPhone.Build.0 = Debug|iPhoneSimulator
		{496F3324-CDE5-4D76-8B49-3A9705CDE941}.Ad-Hoc|iPhoneSimulator.ActiveCfg = Debug|iPhoneSimulator
		{496F3324-CDE5-4D76-8B49-3A9705CDE941}.Ad-Hoc|iPhoneSimulator.Build.0 = Debug|iPhoneSimulator
		{496F3324-CDE5-4D76-8B49-3A9705CDE941}.Ad-Hoc|x64.ActiveCfg = Debug|iPhoneSimulator
		{496F3324-CDE5-4D76-8B49-3A9705CDE941}.Ad-Hoc|x64.Build.0 = Debug|iPhoneSimulator
		{496F3324-CDE5-4D76-8B49-3A9705CDE941}.Ad-Hoc|x86.ActiveCfg = Debug|iPhoneSimulator
		{496F3324-CDE5-4D76-8B49-3A9705CDE941}.Ad-Hoc|x86.Build.0 = Debug|iPhoneSimulator
		{496F3324-CDE5-4D76-8B49-3A9705CDE941}.AppStore|Any CPU.ActiveCfg = Debug|iPhoneSimulator
		{496F3324-CDE5-4D76-8B49-3A9705CDE941}.AppStore|Any CPU.Build.0 = Debug|iPhoneSimulator
		{496F3324-CDE5-4D76-8B49-3A9705CDE941}.AppStore|ARM.ActiveCfg = Debug|iPhoneSimulator
		{496F3324-CDE5-4D76-8B49-3A9705CDE941}.AppStore|ARM.Build.0 = Debug|iPhoneSimulator
		{496F3324-CDE5-4D76-8B49-3A9705CDE941}.AppStore|ARM64.ActiveCfg = Debug|iPhoneSimulator
		{496F3324-CDE5-4D76-8B49-3A9705CDE941}.AppStore|ARM64.Build.0 = Debug|iPhoneSimulator
		{496F3324-CDE5-4D76-8B49-3A9705CDE941}.AppStore|iPhone.ActiveCfg = Debug|iPhoneSimulator
		{496F3324-CDE5-4D76-8B49-3A9705CDE941}.AppStore|iPhone.Build.0 = Debug|iPhoneSimulator
		{496F3324-CDE5-4D76-8B49-3A9705CDE941}.AppStore|iPhoneSimulator.ActiveCfg = Debug|iPhoneSimulator
		{496F3324-CDE5-4D76-8B49-3A9705CDE941}.AppStore|iPhoneSimulator.Build.0 = Debug|iPhoneSimulator
		{496F3324-CDE5-4D76-8B49-3A9705CDE941}.AppStore|x64.ActiveCfg = Debug|iPhoneSimulator
		{496F3324-CDE5-4D76-8B49-3A9705CDE941}.AppStore|x64.Build.0 = Debug|iPhoneSimulator
		{496F3324-CDE5-4D76-8B49-3A9705CDE941}.AppStore|x86.ActiveCfg = Debug|iPhoneSimulator
		{496F3324-CDE5-4D76-8B49-3A9705CDE941}.AppStore|x86.Build.0 = Debug|iPhoneSimulator
		{496F3324-CDE5-4D76-8B49-3A9705CDE941}.Debug|Any CPU.ActiveCfg = Debug|iPhoneSimulator
		{496F3324-CDE5-4D76-8B49-3A9705CDE941}.Debug|ARM.ActiveCfg = Debug|iPhoneSimulator
		{496F3324-CDE5-4D76-8B49-3A9705CDE941}.Debug|ARM64.ActiveCfg = Debug|iPhoneSimulator
		{496F3324-CDE5-4D76-8B49-3A9705CDE941}.Debug|iPhone.ActiveCfg = Debug|iPhoneSimulator
		{496F3324-CDE5-4D76-8B49-3A9705CDE941}.Debug|iPhoneSimulator.ActiveCfg = Debug|iPhoneSimulator
		{496F3324-CDE5-4D76-8B49-3A9705CDE941}.Debug|iPhoneSimulator.Build.0 = Debug|iPhoneSimulator
		{496F3324-CDE5-4D76-8B49-3A9705CDE941}.Debug|x64.ActiveCfg = Debug|iPhoneSimulator
		{496F3324-CDE5-4D76-8B49-3A9705CDE941}.Debug|x86.ActiveCfg = Debug|iPhoneSimulator
		{496F3324-CDE5-4D76-8B49-3A9705CDE941}.Release|Any CPU.ActiveCfg = Release|iPhoneSimulator
		{496F3324-CDE5-4D76-8B49-3A9705CDE941}.Release|ARM.ActiveCfg = Release|iPhoneSimulator
		{496F3324-CDE5-4D76-8B49-3A9705CDE941}.Release|ARM64.ActiveCfg = Release|iPhoneSimulator
		{496F3324-CDE5-4D76-8B49-3A9705CDE941}.Release|iPhone.ActiveCfg = Release|iPhoneSimulator
		{496F3324-CDE5-4D76-8B49-3A9705CDE941}.Release|iPhoneSimulator.ActiveCfg = Release|iPhoneSimulator
		{496F3324-CDE5-4D76-8B49-3A9705CDE941}.Release|iPhoneSimulator.Build.0 = Release|iPhoneSimulator
		{496F3324-CDE5-4D76-8B49-3A9705CDE941}.Release|x64.ActiveCfg = Release|iPhoneSimulator
		{496F3324-CDE5-4D76-8B49-3A9705CDE941}.Release|x86.ActiveCfg = Release|iPhoneSimulator
		{3E9674CD-A713-4F55-9128-521B52C1C829}.Ad-Hoc|Any CPU.ActiveCfg = Debug|Any CPU
		{3E9674CD-A713-4F55-9128-521B52C1C829}.Ad-Hoc|Any CPU.Build.0 = Debug|Any CPU
		{3E9674CD-A713-4F55-9128-521B52C1C829}.Ad-Hoc|ARM.ActiveCfg = Debug|Any CPU
		{3E9674CD-A713-4F55-9128-521B52C1C829}.Ad-Hoc|ARM.Build.0 = Debug|Any CPU
		{3E9674CD-A713-4F55-9128-521B52C1C829}.Ad-Hoc|ARM64.ActiveCfg = Debug|Any CPU
		{3E9674CD-A713-4F55-9128-521B52C1C829}.Ad-Hoc|ARM64.Build.0 = Debug|Any CPU
		{3E9674CD-A713-4F55-9128-521B52C1C829}.Ad-Hoc|iPhone.ActiveCfg = Debug|Any CPU
		{3E9674CD-A713-4F55-9128-521B52C1C829}.Ad-Hoc|iPhone.Build.0 = Debug|Any CPU
		{3E9674CD-A713-4F55-9128-521B52C1C829}.Ad-Hoc|iPhoneSimulator.ActiveCfg = Debug|Any CPU
		{3E9674CD-A713-4F55-9128-521B52C1C829}.Ad-Hoc|iPhoneSimulator.Build.0 = Debug|Any CPU
		{3E9674CD-A713-4F55-9128-521B52C1C829}.Ad-Hoc|x64.ActiveCfg = Debug|Any CPU
		{3E9674CD-A713-4F55-9128-521B52C1C829}.Ad-Hoc|x64.Build.0 = Debug|Any CPU
		{3E9674CD-A713-4F55-9128-521B52C1C829}.Ad-Hoc|x86.ActiveCfg = Debug|Any CPU
		{3E9674CD-A713-4F55-9128-521B52C1C829}.Ad-Hoc|x86.Build.0 = Debug|Any CPU
		{3E9674CD-A713-4F55-9128-521B52C1C829}.AppStore|Any CPU.ActiveCfg = Debug|Any CPU
		{3E9674CD-A713-4F55-9128-521B52C1C829}.AppStore|Any CPU.Build.0 = Debug|Any CPU
		{3E9674CD-A713-4F55-9128-521B52C1C829}.AppStore|ARM.ActiveCfg = Debug|Any CPU
		{3E9674CD-A713-4F55-9128-521B52C1C829}.AppStore|ARM.Build.0 = Debug|Any CPU
		{3E9674CD-A713-4F55-9128-521B52C1C829}.AppStore|ARM64.ActiveCfg = Debug|Any CPU
		{3E9674CD-A713-4F55-9128-521B52C1C829}.AppStore|ARM64.Build.0 = Debug|Any CPU
		{3E9674CD-A713-4F55-9128-521B52C1C829}.AppStore|iPhone.ActiveCfg = Debug|Any CPU
		{3E9674CD-A713-4F55-9128-521B52C1C829}.AppStore|iPhone.Build.0 = Debug|Any CPU
		{3E9674CD-A713-4F55-9128-521B52C1C829}.AppStore|iPhoneSimulator.ActiveCfg = Debug|Any CPU
		{3E9674CD-A713-4F55-9128-521B52C1C829}.AppStore|iPhoneSimulator.Build.0 = Debug|Any CPU
		{3E9674CD-A713-4F55-9128-521B52C1C829}.AppStore|x64.ActiveCfg = Debug|Any CPU
		{3E9674CD-A713-4F55-9128-521B52C1C829}.AppStore|x64.Build.0 = Debug|Any CPU
		{3E9674CD-A713-4F55-9128-521B52C1C829}.AppStore|x86.ActiveCfg = Debug|Any CPU
		{3E9674CD-A713-4F55-9128-521B52C1C829}.AppStore|x86.Build.0 = Debug|Any CPU
		{3E9674CD-A713-4F55-9128-521B52C1C829}.Debug|Any CPU.ActiveCfg = Debug|Any CPU
		{3E9674CD-A713-4F55-9128-521B52C1C829}.Debug|Any CPU.Build.0 = Debug|Any CPU
		{3E9674CD-A713-4F55-9128-521B52C1C829}.Debug|ARM.ActiveCfg = Debug|Any CPU
		{3E9674CD-A713-4F55-9128-521B52C1C829}.Debug|ARM.Build.0 = Debug|Any CPU
		{3E9674CD-A713-4F55-9128-521B52C1C829}.Debug|ARM64.ActiveCfg = Debug|Any CPU
		{3E9674CD-A713-4F55-9128-521B52C1C829}.Debug|ARM64.Build.0 = Debug|Any CPU
		{3E9674CD-A713-4F55-9128-521B52C1C829}.Debug|iPhone.ActiveCfg = Debug|Any CPU
		{3E9674CD-A713-4F55-9128-521B52C1C829}.Debug|iPhone.Build.0 = Debug|Any CPU
		{3E9674CD-A713-4F55-9128-521B52C1C829}.Debug|iPhoneSimulator.ActiveCfg = Debug|Any CPU
		{3E9674CD-A713-4F55-9128-521B52C1C829}.Debug|iPhoneSimulator.Build.0 = Debug|Any CPU
		{3E9674CD-A713-4F55-9128-521B52C1C829}.Debug|x64.ActiveCfg = Debug|Any CPU
		{3E9674CD-A713-4F55-9128-521B52C1C829}.Debug|x64.Build.0 = Debug|Any CPU
		{3E9674CD-A713-4F55-9128-521B52C1C829}.Debug|x86.ActiveCfg = Debug|Any CPU
		{3E9674CD-A713-4F55-9128-521B52C1C829}.Debug|x86.Build.0 = Debug|Any CPU
		{3E9674CD-A713-4F55-9128-521B52C1C829}.Release|Any CPU.ActiveCfg = Release|Any CPU
		{3E9674CD-A713-4F55-9128-521B52C1C829}.Release|Any CPU.Build.0 = Release|Any CPU
		{3E9674CD-A713-4F55-9128-521B52C1C829}.Release|ARM.ActiveCfg = Release|Any CPU
		{3E9674CD-A713-4F55-9128-521B52C1C829}.Release|ARM.Build.0 = Release|Any CPU
		{3E9674CD-A713-4F55-9128-521B52C1C829}.Release|ARM64.ActiveCfg = Release|Any CPU
		{3E9674CD-A713-4F55-9128-521B52C1C829}.Release|ARM64.Build.0 = Release|Any CPU
		{3E9674CD-A713-4F55-9128-521B52C1C829}.Release|iPhone.ActiveCfg = Release|Any CPU
		{3E9674CD-A713-4F55-9128-521B52C1C829}.Release|iPhone.Build.0 = Release|Any CPU
		{3E9674CD-A713-4F55-9128-521B52C1C829}.Release|iPhoneSimulator.ActiveCfg = Release|Any CPU
		{3E9674CD-A713-4F55-9128-521B52C1C829}.Release|iPhoneSimulator.Build.0 = Release|Any CPU
		{3E9674CD-A713-4F55-9128-521B52C1C829}.Release|x64.ActiveCfg = Release|Any CPU
		{3E9674CD-A713-4F55-9128-521B52C1C829}.Release|x64.Build.0 = Release|Any CPU
		{3E9674CD-A713-4F55-9128-521B52C1C829}.Release|x86.ActiveCfg = Release|Any CPU
		{3E9674CD-A713-4F55-9128-521B52C1C829}.Release|x86.Build.0 = Release|Any CPU
		{2FC49B30-85CA-47F1-8BE1-1B70D91A7009}.Ad-Hoc|Any CPU.ActiveCfg = Debug|Any CPU
		{2FC49B30-85CA-47F1-8BE1-1B70D91A7009}.Ad-Hoc|Any CPU.Build.0 = Debug|Any CPU
		{2FC49B30-85CA-47F1-8BE1-1B70D91A7009}.Ad-Hoc|ARM.ActiveCfg = Debug|Any CPU
		{2FC49B30-85CA-47F1-8BE1-1B70D91A7009}.Ad-Hoc|ARM.Build.0 = Debug|Any CPU
		{2FC49B30-85CA-47F1-8BE1-1B70D91A7009}.Ad-Hoc|ARM64.ActiveCfg = Debug|Any CPU
		{2FC49B30-85CA-47F1-8BE1-1B70D91A7009}.Ad-Hoc|ARM64.Build.0 = Debug|Any CPU
		{2FC49B30-85CA-47F1-8BE1-1B70D91A7009}.Ad-Hoc|iPhone.ActiveCfg = Debug|Any CPU
		{2FC49B30-85CA-47F1-8BE1-1B70D91A7009}.Ad-Hoc|iPhone.Build.0 = Debug|Any CPU
		{2FC49B30-85CA-47F1-8BE1-1B70D91A7009}.Ad-Hoc|iPhoneSimulator.ActiveCfg = Debug|Any CPU
		{2FC49B30-85CA-47F1-8BE1-1B70D91A7009}.Ad-Hoc|iPhoneSimulator.Build.0 = Debug|Any CPU
		{2FC49B30-85CA-47F1-8BE1-1B70D91A7009}.Ad-Hoc|x64.ActiveCfg = Debug|Any CPU
		{2FC49B30-85CA-47F1-8BE1-1B70D91A7009}.Ad-Hoc|x64.Build.0 = Debug|Any CPU
		{2FC49B30-85CA-47F1-8BE1-1B70D91A7009}.Ad-Hoc|x86.ActiveCfg = Debug|Any CPU
		{2FC49B30-85CA-47F1-8BE1-1B70D91A7009}.Ad-Hoc|x86.Build.0 = Debug|Any CPU
		{2FC49B30-85CA-47F1-8BE1-1B70D91A7009}.AppStore|Any CPU.ActiveCfg = Debug|Any CPU
		{2FC49B30-85CA-47F1-8BE1-1B70D91A7009}.AppStore|Any CPU.Build.0 = Debug|Any CPU
		{2FC49B30-85CA-47F1-8BE1-1B70D91A7009}.AppStore|ARM.ActiveCfg = Debug|Any CPU
		{2FC49B30-85CA-47F1-8BE1-1B70D91A7009}.AppStore|ARM.Build.0 = Debug|Any CPU
		{2FC49B30-85CA-47F1-8BE1-1B70D91A7009}.AppStore|ARM64.ActiveCfg = Debug|Any CPU
		{2FC49B30-85CA-47F1-8BE1-1B70D91A7009}.AppStore|ARM64.Build.0 = Debug|Any CPU
		{2FC49B30-85CA-47F1-8BE1-1B70D91A7009}.AppStore|iPhone.ActiveCfg = Debug|Any CPU
		{2FC49B30-85CA-47F1-8BE1-1B70D91A7009}.AppStore|iPhone.Build.0 = Debug|Any CPU
		{2FC49B30-85CA-47F1-8BE1-1B70D91A7009}.AppStore|iPhoneSimulator.ActiveCfg = Debug|Any CPU
		{2FC49B30-85CA-47F1-8BE1-1B70D91A7009}.AppStore|iPhoneSimulator.Build.0 = Debug|Any CPU
		{2FC49B30-85CA-47F1-8BE1-1B70D91A7009}.AppStore|x64.ActiveCfg = Debug|Any CPU
		{2FC49B30-85CA-47F1-8BE1-1B70D91A7009}.AppStore|x64.Build.0 = Debug|Any CPU
		{2FC49B30-85CA-47F1-8BE1-1B70D91A7009}.AppStore|x86.ActiveCfg = Debug|Any CPU
		{2FC49B30-85CA-47F1-8BE1-1B70D91A7009}.AppStore|x86.Build.0 = Debug|Any CPU
		{2FC49B30-85CA-47F1-8BE1-1B70D91A7009}.Debug|Any CPU.ActiveCfg = Debug|Any CPU
		{2FC49B30-85CA-47F1-8BE1-1B70D91A7009}.Debug|Any CPU.Build.0 = Debug|Any CPU
		{2FC49B30-85CA-47F1-8BE1-1B70D91A7009}.Debug|ARM.ActiveCfg = Debug|Any CPU
		{2FC49B30-85CA-47F1-8BE1-1B70D91A7009}.Debug|ARM.Build.0 = Debug|Any CPU
		{2FC49B30-85CA-47F1-8BE1-1B70D91A7009}.Debug|ARM64.ActiveCfg = Debug|Any CPU
		{2FC49B30-85CA-47F1-8BE1-1B70D91A7009}.Debug|ARM64.Build.0 = Debug|Any CPU
		{2FC49B30-85CA-47F1-8BE1-1B70D91A7009}.Debug|iPhone.ActiveCfg = Debug|Any CPU
		{2FC49B30-85CA-47F1-8BE1-1B70D91A7009}.Debug|iPhone.Build.0 = Debug|Any CPU
		{2FC49B30-85CA-47F1-8BE1-1B70D91A7009}.Debug|iPhoneSimulator.ActiveCfg = Debug|Any CPU
		{2FC49B30-85CA-47F1-8BE1-1B70D91A7009}.Debug|iPhoneSimulator.Build.0 = Debug|Any CPU
		{2FC49B30-85CA-47F1-8BE1-1B70D91A7009}.Debug|x64.ActiveCfg = Debug|Any CPU
		{2FC49B30-85CA-47F1-8BE1-1B70D91A7009}.Debug|x64.Build.0 = Debug|Any CPU
		{2FC49B30-85CA-47F1-8BE1-1B70D91A7009}.Debug|x86.ActiveCfg = Debug|Any CPU
		{2FC49B30-85CA-47F1-8BE1-1B70D91A7009}.Debug|x86.Build.0 = Debug|Any CPU
		{2FC49B30-85CA-47F1-8BE1-1B70D91A7009}.Release|Any CPU.ActiveCfg = Release|Any CPU
		{2FC49B30-85CA-47F1-8BE1-1B70D91A7009}.Release|Any CPU.Build.0 = Release|Any CPU
		{2FC49B30-85CA-47F1-8BE1-1B70D91A7009}.Release|ARM.ActiveCfg = Release|Any CPU
		{2FC49B30-85CA-47F1-8BE1-1B70D91A7009}.Release|ARM.Build.0 = Release|Any CPU
		{2FC49B30-85CA-47F1-8BE1-1B70D91A7009}.Release|ARM64.ActiveCfg = Release|Any CPU
		{2FC49B30-85CA-47F1-8BE1-1B70D91A7009}.Release|ARM64.Build.0 = Release|Any CPU
		{2FC49B30-85CA-47F1-8BE1-1B70D91A7009}.Release|iPhone.ActiveCfg = Release|Any CPU
		{2FC49B30-85CA-47F1-8BE1-1B70D91A7009}.Release|iPhone.Build.0 = Release|Any CPU
		{2FC49B30-85CA-47F1-8BE1-1B70D91A7009}.Release|iPhoneSimulator.ActiveCfg = Release|Any CPU
		{2FC49B30-85CA-47F1-8BE1-1B70D91A7009}.Release|iPhoneSimulator.Build.0 = Release|Any CPU
		{2FC49B30-85CA-47F1-8BE1-1B70D91A7009}.Release|x64.ActiveCfg = Release|Any CPU
		{2FC49B30-85CA-47F1-8BE1-1B70D91A7009}.Release|x64.Build.0 = Release|Any CPU
		{2FC49B30-85CA-47F1-8BE1-1B70D91A7009}.Release|x86.ActiveCfg = Release|Any CPU
		{2FC49B30-85CA-47F1-8BE1-1B70D91A7009}.Release|x86.Build.0 = Release|Any CPU
		{B791C3FA-7A76-4F9E-9288-11354FADCFD9}.Ad-Hoc|Any CPU.ActiveCfg = Debug|Any CPU
		{B791C3FA-7A76-4F9E-9288-11354FADCFD9}.Ad-Hoc|Any CPU.Build.0 = Debug|Any CPU
		{B791C3FA-7A76-4F9E-9288-11354FADCFD9}.Ad-Hoc|ARM.ActiveCfg = Debug|Any CPU
		{B791C3FA-7A76-4F9E-9288-11354FADCFD9}.Ad-Hoc|ARM.Build.0 = Debug|Any CPU
		{B791C3FA-7A76-4F9E-9288-11354FADCFD9}.Ad-Hoc|ARM64.ActiveCfg = Debug|Any CPU
		{B791C3FA-7A76-4F9E-9288-11354FADCFD9}.Ad-Hoc|ARM64.Build.0 = Debug|Any CPU
		{B791C3FA-7A76-4F9E-9288-11354FADCFD9}.Ad-Hoc|iPhone.ActiveCfg = Debug|Any CPU
		{B791C3FA-7A76-4F9E-9288-11354FADCFD9}.Ad-Hoc|iPhone.Build.0 = Debug|Any CPU
		{B791C3FA-7A76-4F9E-9288-11354FADCFD9}.Ad-Hoc|iPhoneSimulator.ActiveCfg = Debug|Any CPU
		{B791C3FA-7A76-4F9E-9288-11354FADCFD9}.Ad-Hoc|iPhoneSimulator.Build.0 = Debug|Any CPU
		{B791C3FA-7A76-4F9E-9288-11354FADCFD9}.Ad-Hoc|x64.ActiveCfg = Debug|Any CPU
		{B791C3FA-7A76-4F9E-9288-11354FADCFD9}.Ad-Hoc|x64.Build.0 = Debug|Any CPU
		{B791C3FA-7A76-4F9E-9288-11354FADCFD9}.Ad-Hoc|x86.ActiveCfg = Debug|Any CPU
		{B791C3FA-7A76-4F9E-9288-11354FADCFD9}.Ad-Hoc|x86.Build.0 = Debug|Any CPU
		{B791C3FA-7A76-4F9E-9288-11354FADCFD9}.AppStore|Any CPU.ActiveCfg = Debug|Any CPU
		{B791C3FA-7A76-4F9E-9288-11354FADCFD9}.AppStore|Any CPU.Build.0 = Debug|Any CPU
		{B791C3FA-7A76-4F9E-9288-11354FADCFD9}.AppStore|ARM.ActiveCfg = Debug|Any CPU
		{B791C3FA-7A76-4F9E-9288-11354FADCFD9}.AppStore|ARM.Build.0 = Debug|Any CPU
		{B791C3FA-7A76-4F9E-9288-11354FADCFD9}.AppStore|ARM64.ActiveCfg = Debug|Any CPU
		{B791C3FA-7A76-4F9E-9288-11354FADCFD9}.AppStore|ARM64.Build.0 = Debug|Any CPU
		{B791C3FA-7A76-4F9E-9288-11354FADCFD9}.AppStore|iPhone.ActiveCfg = Debug|Any CPU
		{B791C3FA-7A76-4F9E-9288-11354FADCFD9}.AppStore|iPhone.Build.0 = Debug|Any CPU
		{B791C3FA-7A76-4F9E-9288-11354FADCFD9}.AppStore|iPhoneSimulator.ActiveCfg = Debug|Any CPU
		{B791C3FA-7A76-4F9E-9288-11354FADCFD9}.AppStore|iPhoneSimulator.Build.0 = Debug|Any CPU
		{B791C3FA-7A76-4F9E-9288-11354FADCFD9}.AppStore|x64.ActiveCfg = Debug|Any CPU
		{B791C3FA-7A76-4F9E-9288-11354FADCFD9}.AppStore|x64.Build.0 = Debug|Any CPU
		{B791C3FA-7A76-4F9E-9288-11354FADCFD9}.AppStore|x86.ActiveCfg = Debug|Any CPU
		{B791C3FA-7A76-4F9E-9288-11354FADCFD9}.AppStore|x86.Build.0 = Debug|Any CPU
		{B791C3FA-7A76-4F9E-9288-11354FADCFD9}.Debug|Any CPU.ActiveCfg = Debug|Any CPU
		{B791C3FA-7A76-4F9E-9288-11354FADCFD9}.Debug|Any CPU.Build.0 = Debug|Any CPU
		{B791C3FA-7A76-4F9E-9288-11354FADCFD9}.Debug|ARM.ActiveCfg = Debug|Any CPU
		{B791C3FA-7A76-4F9E-9288-11354FADCFD9}.Debug|ARM.Build.0 = Debug|Any CPU
		{B791C3FA-7A76-4F9E-9288-11354FADCFD9}.Debug|ARM64.ActiveCfg = Debug|Any CPU
		{B791C3FA-7A76-4F9E-9288-11354FADCFD9}.Debug|ARM64.Build.0 = Debug|Any CPU
		{B791C3FA-7A76-4F9E-9288-11354FADCFD9}.Debug|iPhone.ActiveCfg = Debug|Any CPU
		{B791C3FA-7A76-4F9E-9288-11354FADCFD9}.Debug|iPhone.Build.0 = Debug|Any CPU
		{B791C3FA-7A76-4F9E-9288-11354FADCFD9}.Debug|iPhoneSimulator.ActiveCfg = Debug|Any CPU
		{B791C3FA-7A76-4F9E-9288-11354FADCFD9}.Debug|iPhoneSimulator.Build.0 = Debug|Any CPU
		{B791C3FA-7A76-4F9E-9288-11354FADCFD9}.Debug|x64.ActiveCfg = Debug|Any CPU
		{B791C3FA-7A76-4F9E-9288-11354FADCFD9}.Debug|x64.Build.0 = Debug|Any CPU
		{B791C3FA-7A76-4F9E-9288-11354FADCFD9}.Debug|x86.ActiveCfg = Debug|Any CPU
		{B791C3FA-7A76-4F9E-9288-11354FADCFD9}.Debug|x86.Build.0 = Debug|Any CPU
		{B791C3FA-7A76-4F9E-9288-11354FADCFD9}.Release|Any CPU.ActiveCfg = Release|Any CPU
		{B791C3FA-7A76-4F9E-9288-11354FADCFD9}.Release|Any CPU.Build.0 = Release|Any CPU
		{B791C3FA-7A76-4F9E-9288-11354FADCFD9}.Release|ARM.ActiveCfg = Release|Any CPU
		{B791C3FA-7A76-4F9E-9288-11354FADCFD9}.Release|ARM.Build.0 = Release|Any CPU
		{B791C3FA-7A76-4F9E-9288-11354FADCFD9}.Release|ARM64.ActiveCfg = Release|Any CPU
		{B791C3FA-7A76-4F9E-9288-11354FADCFD9}.Release|ARM64.Build.0 = Release|Any CPU
		{B791C3FA-7A76-4F9E-9288-11354FADCFD9}.Release|iPhone.ActiveCfg = Release|Any CPU
		{B791C3FA-7A76-4F9E-9288-11354FADCFD9}.Release|iPhone.Build.0 = Release|Any CPU
		{B791C3FA-7A76-4F9E-9288-11354FADCFD9}.Release|iPhoneSimulator.ActiveCfg = Release|Any CPU
		{B791C3FA-7A76-4F9E-9288-11354FADCFD9}.Release|iPhoneSimulator.Build.0 = Release|Any CPU
		{B791C3FA-7A76-4F9E-9288-11354FADCFD9}.Release|x64.ActiveCfg = Release|Any CPU
		{B791C3FA-7A76-4F9E-9288-11354FADCFD9}.Release|x64.Build.0 = Release|Any CPU
		{B791C3FA-7A76-4F9E-9288-11354FADCFD9}.Release|x86.ActiveCfg = Release|Any CPU
		{B791C3FA-7A76-4F9E-9288-11354FADCFD9}.Release|x86.Build.0 = Release|Any CPU
		{232B80AB-7E1A-469D-BC04-DAEDAD10127C}.Ad-Hoc|Any CPU.ActiveCfg = Debug|Any CPU
		{232B80AB-7E1A-469D-BC04-DAEDAD10127C}.Ad-Hoc|Any CPU.Build.0 = Debug|Any CPU
		{232B80AB-7E1A-469D-BC04-DAEDAD10127C}.Ad-Hoc|ARM.ActiveCfg = Debug|Any CPU
		{232B80AB-7E1A-469D-BC04-DAEDAD10127C}.Ad-Hoc|ARM.Build.0 = Debug|Any CPU
		{232B80AB-7E1A-469D-BC04-DAEDAD10127C}.Ad-Hoc|ARM64.ActiveCfg = Debug|Any CPU
		{232B80AB-7E1A-469D-BC04-DAEDAD10127C}.Ad-Hoc|ARM64.Build.0 = Debug|Any CPU
		{232B80AB-7E1A-469D-BC04-DAEDAD10127C}.Ad-Hoc|iPhone.ActiveCfg = Debug|Any CPU
		{232B80AB-7E1A-469D-BC04-DAEDAD10127C}.Ad-Hoc|iPhone.Build.0 = Debug|Any CPU
		{232B80AB-7E1A-469D-BC04-DAEDAD10127C}.Ad-Hoc|iPhoneSimulator.ActiveCfg = Debug|Any CPU
		{232B80AB-7E1A-469D-BC04-DAEDAD10127C}.Ad-Hoc|iPhoneSimulator.Build.0 = Debug|Any CPU
		{232B80AB-7E1A-469D-BC04-DAEDAD10127C}.Ad-Hoc|x64.ActiveCfg = Debug|Any CPU
		{232B80AB-7E1A-469D-BC04-DAEDAD10127C}.Ad-Hoc|x64.Build.0 = Debug|Any CPU
		{232B80AB-7E1A-469D-BC04-DAEDAD10127C}.Ad-Hoc|x86.ActiveCfg = Debug|Any CPU
		{232B80AB-7E1A-469D-BC04-DAEDAD10127C}.Ad-Hoc|x86.Build.0 = Debug|Any CPU
		{232B80AB-7E1A-469D-BC04-DAEDAD10127C}.AppStore|Any CPU.ActiveCfg = Debug|Any CPU
		{232B80AB-7E1A-469D-BC04-DAEDAD10127C}.AppStore|Any CPU.Build.0 = Debug|Any CPU
		{232B80AB-7E1A-469D-BC04-DAEDAD10127C}.AppStore|ARM.ActiveCfg = Debug|Any CPU
		{232B80AB-7E1A-469D-BC04-DAEDAD10127C}.AppStore|ARM.Build.0 = Debug|Any CPU
		{232B80AB-7E1A-469D-BC04-DAEDAD10127C}.AppStore|ARM64.ActiveCfg = Debug|Any CPU
		{232B80AB-7E1A-469D-BC04-DAEDAD10127C}.AppStore|ARM64.Build.0 = Debug|Any CPU
		{232B80AB-7E1A-469D-BC04-DAEDAD10127C}.AppStore|iPhone.ActiveCfg = Debug|Any CPU
		{232B80AB-7E1A-469D-BC04-DAEDAD10127C}.AppStore|iPhone.Build.0 = Debug|Any CPU
		{232B80AB-7E1A-469D-BC04-DAEDAD10127C}.AppStore|iPhoneSimulator.ActiveCfg = Debug|Any CPU
		{232B80AB-7E1A-469D-BC04-DAEDAD10127C}.AppStore|iPhoneSimulator.Build.0 = Debug|Any CPU
		{232B80AB-7E1A-469D-BC04-DAEDAD10127C}.AppStore|x64.ActiveCfg = Debug|Any CPU
		{232B80AB-7E1A-469D-BC04-DAEDAD10127C}.AppStore|x64.Build.0 = Debug|Any CPU
		{232B80AB-7E1A-469D-BC04-DAEDAD10127C}.AppStore|x86.ActiveCfg = Debug|Any CPU
		{232B80AB-7E1A-469D-BC04-DAEDAD10127C}.AppStore|x86.Build.0 = Debug|Any CPU
		{232B80AB-7E1A-469D-BC04-DAEDAD10127C}.Debug|Any CPU.ActiveCfg = Debug|Any CPU
		{232B80AB-7E1A-469D-BC04-DAEDAD10127C}.Debug|Any CPU.Build.0 = Debug|Any CPU
		{232B80AB-7E1A-469D-BC04-DAEDAD10127C}.Debug|ARM.ActiveCfg = Debug|Any CPU
		{232B80AB-7E1A-469D-BC04-DAEDAD10127C}.Debug|ARM.Build.0 = Debug|Any CPU
		{232B80AB-7E1A-469D-BC04-DAEDAD10127C}.Debug|ARM64.ActiveCfg = Debug|Any CPU
		{232B80AB-7E1A-469D-BC04-DAEDAD10127C}.Debug|ARM64.Build.0 = Debug|Any CPU
		{232B80AB-7E1A-469D-BC04-DAEDAD10127C}.Debug|iPhone.ActiveCfg = Debug|Any CPU
		{232B80AB-7E1A-469D-BC04-DAEDAD10127C}.Debug|iPhone.Build.0 = Debug|Any CPU
		{232B80AB-7E1A-469D-BC04-DAEDAD10127C}.Debug|iPhoneSimulator.ActiveCfg = Debug|Any CPU
		{232B80AB-7E1A-469D-BC04-DAEDAD10127C}.Debug|iPhoneSimulator.Build.0 = Debug|Any CPU
		{232B80AB-7E1A-469D-BC04-DAEDAD10127C}.Debug|x64.ActiveCfg = Debug|Any CPU
		{232B80AB-7E1A-469D-BC04-DAEDAD10127C}.Debug|x64.Build.0 = Debug|Any CPU
		{232B80AB-7E1A-469D-BC04-DAEDAD10127C}.Debug|x86.ActiveCfg = Debug|Any CPU
		{232B80AB-7E1A-469D-BC04-DAEDAD10127C}.Debug|x86.Build.0 = Debug|Any CPU
		{232B80AB-7E1A-469D-BC04-DAEDAD10127C}.Release|Any CPU.ActiveCfg = Release|Any CPU
		{232B80AB-7E1A-469D-BC04-DAEDAD10127C}.Release|Any CPU.Build.0 = Release|Any CPU
		{232B80AB-7E1A-469D-BC04-DAEDAD10127C}.Release|ARM.ActiveCfg = Release|Any CPU
		{232B80AB-7E1A-469D-BC04-DAEDAD10127C}.Release|ARM.Build.0 = Release|Any CPU
		{232B80AB-7E1A-469D-BC04-DAEDAD10127C}.Release|ARM64.ActiveCfg = Release|Any CPU
		{232B80AB-7E1A-469D-BC04-DAEDAD10127C}.Release|ARM64.Build.0 = Release|Any CPU
		{232B80AB-7E1A-469D-BC04-DAEDAD10127C}.Release|iPhone.ActiveCfg = Release|Any CPU
		{232B80AB-7E1A-469D-BC04-DAEDAD10127C}.Release|iPhone.Build.0 = Release|Any CPU
		{232B80AB-7E1A-469D-BC04-DAEDAD10127C}.Release|iPhoneSimulator.ActiveCfg = Release|Any CPU
		{232B80AB-7E1A-469D-BC04-DAEDAD10127C}.Release|iPhoneSimulator.Build.0 = Release|Any CPU
		{232B80AB-7E1A-469D-BC04-DAEDAD10127C}.Release|x64.ActiveCfg = Release|Any CPU
		{232B80AB-7E1A-469D-BC04-DAEDAD10127C}.Release|x64.Build.0 = Release|Any CPU
		{232B80AB-7E1A-469D-BC04-DAEDAD10127C}.Release|x86.ActiveCfg = Release|Any CPU
		{232B80AB-7E1A-469D-BC04-DAEDAD10127C}.Release|x86.Build.0 = Release|Any CPU
	EndGlobalSection
	GlobalSection(SolutionProperties) = preSolution
		HideSolutionNode = FALSE
	EndGlobalSection
	GlobalSection(NestedProjects) = preSolution
		{1882C7D2-2D60-42AD-A7A3-7B65F80EA49B} = {2CFBB189-2A27-4567-84E5-DC0975C16DD4}
		{23F5DB16-5EFF-41F7-8E66-D83FD7110946} = {2CFBB189-2A27-4567-84E5-DC0975C16DD4}
		{0378CDDB-0618-40A3-9291-DD4C2E1F1F27} = {2CFBB189-2A27-4567-84E5-DC0975C16DD4}
		{9890E9C5-8EF8-402F-BDAA-CC51964FB607} = {2CFBB189-2A27-4567-84E5-DC0975C16DD4}
		{496F3324-CDE5-4D76-8B49-3A9705CDE941} = {2CFBB189-2A27-4567-84E5-DC0975C16DD4}
		{3E9674CD-A713-4F55-9128-521B52C1C829} = {2CFBB189-2A27-4567-84E5-DC0975C16DD4}
		{2FC49B30-85CA-47F1-8BE1-1B70D91A7009} = {2CFBB189-2A27-4567-84E5-DC0975C16DD4}
		{B791C3FA-7A76-4F9E-9288-11354FADCFD9} = {2CFBB189-2A27-4567-84E5-DC0975C16DD4}
		{232B80AB-7E1A-469D-BC04-DAEDAD10127C} = {2CFBB189-2A27-4567-84E5-DC0975C16DD4}
	EndGlobalSection
	GlobalSection(ExtensibilityGlobals) = postSolution
		SolutionGuid = {A231C792-A097-44DF-AA4C-C4590F3BCD86}
	EndGlobalSection
EndGlobal
