
Microsoft Visual Studio Solution File, Format Version 12.00
# Visual Studio Version 16
VisualStudioVersion = 16.0.30907.101
MinimumVisualStudioVersion = 10.0.40219.1
Project("{FAE04EC0-301F-11D3-BF4B-00C04F79EFBC}") = "CleanArchitecture1.Core", "CleanArchitecture1\src\CleanArchitecture1.Core\CleanArchitecture1.Core.csproj", "{1E70101F-8487-47EB-A29A-2784397B4D42}"
EndProject
Project("{FAE04EC0-301F-11D3-BF4B-00C04F79EFBC}") = "CleanArchitecture1.Infrastructure", "CleanArchitecture1\src\CleanArchitecture1.Infrastructure\CleanArchitecture1.Infrastructure.csproj", "{B034D355-1916-4763-A79A-1250467E4F2B}"
EndProject
Project("{FAE04EC0-301F-11D3-BF4B-00C04F79EFBC}") = "CleanArchitecture1.SharedKernel", "CleanArchitecture1\src\CleanArchitecture1.SharedKernel\CleanArchitecture1.SharedKernel.csproj", "{ADAF75EA-1D16-43D4-8699-375C6164A91D}"
EndProject
Project("{FAE04EC0-301F-11D3-BF4B-00C04F79EFBC}") = "CleanArchitecture1.Web", "CleanArchitecture1\src\CleanArchitecture1.Web\CleanArchitecture1.Web.csproj", "{A2C967DB-67D2-4936-A56F-CB3559D87337}"
EndProject
Project("{FAE04EC0-301F-11D3-BF4B-00C04F79EFBC}") = "CleanArchitecture1.UnitTests", "CleanArchitecture1\tests\CleanArchitecture1.UnitTests\CleanArchitecture1.UnitTests.csproj", "{B818C1F3-71B2-456C-BA4C-B2644E84AD05}"
EndProject
Project("{FAE04EC0-301F-11D3-BF4B-00C04F79EFBC}") = "CleanArchitecture1.IntegrationTests", "CleanArchitecture1\tests\CleanArchitecture1.IntegrationTests\CleanArchitecture1.IntegrationTests.csproj", "{6CBB2358-E732-484A-B98E-75788A6C7772}"
EndProject
Project("{FAE04EC0-301F-11D3-BF4B-00C04F79EFBC}") = "CleanArchitecture1.FunctionalTests", "CleanArchitecture1\tests\CleanArchitecture1.FunctionalTests\CleanArchitecture1.FunctionalTests.csproj", "{D5BE6984-4486-40C9-8061-20BC36EB413B}"
EndProject
Global
	GlobalSection(SolutionConfigurationPlatforms) = preSolution
		Debug|Any CPU = Debug|Any CPU
		Release|Any CPU = Release|Any CPU
	EndGlobalSection
	GlobalSection(ProjectConfigurationPlatforms) = postSolution
		{1E70101F-8487-47EB-A29A-2784397B4D42}.Debug|Any CPU.ActiveCfg = Debug|Any CPU
		{1E70101F-8487-47EB-A29A-2784397B4D42}.Debug|Any CPU.Build.0 = Debug|Any CPU
		{1E70101F-8487-47EB-A29A-2784397B4D42}.Release|Any CPU.ActiveCfg = Release|Any CPU
		{1E70101F-8487-47EB-A29A-2784397B4D42}.Release|Any CPU.Build.0 = Release|Any CPU
		{B034D355-1916-4763-A79A-1250467E4F2B}.Debug|Any CPU.ActiveCfg = Debug|Any CPU
		{B034D355-1916-4763-A79A-1250467E4F2B}.Debug|Any CPU.Build.0 = Debug|Any CPU
		{B034D355-1916-4763-A79A-1250467E4F2B}.Release|Any CPU.ActiveCfg = Release|Any CPU
		{B034D355-1916-4763-A79A-1250467E4F2B}.Release|Any CPU.Build.0 = Release|Any CPU
		{ADAF75EA-1D16-43D4-8699-375C6164A91D}.Debug|Any CPU.ActiveCfg = Debug|Any CPU
		{ADAF75EA-1D16-43D4-8699-375C6164A91D}.Debug|Any CPU.Build.0 = Debug|Any CPU
		{ADAF75EA-1D16-43D4-8699-375C6164A91D}.Release|Any CPU.ActiveCfg = Release|Any CPU
		{ADAF75EA-1D16-43D4-8699-375C6164A91D}.Release|Any CPU.Build.0 = Release|Any CPU
		{A2C967DB-67D2-4936-A56F-CB3559D87337}.Debug|Any CPU.ActiveCfg = Debug|Any CPU
		{A2C967DB-67D2-4936-A56F-CB3559D87337}.Debug|Any CPU.Build.0 = Debug|Any CPU
		{A2C967DB-67D2-4936-A56F-CB3559D87337}.Release|Any CPU.ActiveCfg = Release|Any CPU
		{A2C967DB-67D2-4936-A56F-CB3559D87337}.Release|Any CPU.Build.0 = Release|Any CPU
		{B818C1F3-71B2-456C-BA4C-B2644E84AD05}.Debug|Any CPU.ActiveCfg = Debug|Any CPU
		{B818C1F3-71B2-456C-BA4C-B2644E84AD05}.Debug|Any CPU.Build.0 = Debug|Any CPU
		{B818C1F3-71B2-456C-BA4C-B2644E84AD05}.Release|Any CPU.ActiveCfg = Release|Any CPU
		{B818C1F3-71B2-456C-BA4C-B2644E84AD05}.Release|Any CPU.Build.0 = Release|Any CPU
		{6CBB2358-E732-484A-B98E-75788A6C7772}.Debug|Any CPU.ActiveCfg = Debug|Any CPU
		{6CBB2358-E732-484A-B98E-75788A6C7772}.Debug|Any CPU.Build.0 = Debug|Any CPU
		{6CBB2358-E732-484A-B98E-75788A6C7772}.Release|Any CPU.ActiveCfg = Release|Any CPU
		{6CBB2358-E732-484A-B98E-75788A6C7772}.Release|Any CPU.Build.0 = Release|Any CPU
		{D5BE6984-4486-40C9-8061-20BC36EB413B}.Debug|Any CPU.ActiveCfg = Debug|Any CPU
		{D5BE6984-4486-40C9-8061-20BC36EB413B}.Debug|Any CPU.Build.0 = Debug|Any CPU
		{D5BE6984-4486-40C9-8061-20BC36EB413B}.Release|Any CPU.ActiveCfg = Release|Any CPU
		{D5BE6984-4486-40C9-8061-20BC36EB413B}.Release|Any CPU.Build.0 = Release|Any CPU
	EndGlobalSection
	GlobalSection(SolutionProperties) = preSolution
		HideSolutionNode = FALSE
	EndGlobalSection
	GlobalSection(ExtensibilityGlobals) = postSolution
		SolutionGuid = {ED77E5F5-F836-4E66-93E6-5A8545DD8B50}
	EndGlobalSection
EndGlobal
