
Microsoft Visual Studio Solution File, Format Version 12.00
# Visual Studio Version 16
VisualStudioVersion = 16.0.31515.178
MinimumVisualStudioVersion = 10.0.40219.1
Project("{D954291E-2A0B-460D-934E-DC6B0785DB48}") = "CoffeeBrowser.Shared", "CoffeeBrowser\CoffeeBrowser.Shared\CoffeeBrowser.Shared.shproj", "{6279C845-92F8-4333-AB99-3D213163593C}"
EndProject
Project("{2150E333-8FDC-42A3-9474-1A3956D46DE8}") = "Platforms", "Platforms", "{130E80CA-0A5B-49A4-BA85-9F3B34CDAA63}"
EndProject
Project("{FAE04EC0-301F-11D3-BF4B-00C04F79EFBC}") = "CoffeeBrowser.Droid", "CoffeeBrowser\CoffeeBrowser.Droid\CoffeeBrowser.Droid.csproj", "{887D755B-CCE1-4AD1-966F-D13B382BB2C1}"
EndProject
Project("{FAE04EC0-301F-11D3-BF4B-00C04F79EFBC}") = "CoffeeBrowser.iOS", "CoffeeBrowser\CoffeeBrowser.iOS\CoffeeBrowser.iOS.csproj", "{6F2ACC13-E7AE-491C-A1E6-834FEBB77A83}"
EndProject
Project("{FAE04EC0-301F-11D3-BF4B-00C04F79EFBC}") = "CoffeeBrowser.UWP", "CoffeeBrowser\CoffeeBrowser.UWP\CoffeeBrowser.UWP.csproj", "{135C6895-8AF8-4D41-9872-192931AF5DF5}"
EndProject
Project("{FAE04EC0-301F-11D3-BF4B-00C04F79EFBC}") = "CoffeeBrowser.Wasm", "CoffeeBrowser\CoffeeBrowser.Wasm\CoffeeBrowser.Wasm.csproj", "{81204865-F205-4A84-87A4-7423AB8DA320}"
EndProject
Project("{FAE04EC0-301F-11D3-BF4B-00C04F79EFBC}") = "CoffeeBrowser.macOS", "CoffeeBrowser\CoffeeBrowser.macOS\CoffeeBrowser.macOS.csproj", "{3CE2F71E-D50F-41A0-84E7-D833D52B6932}"
EndProject
Project("{FAE04EC0-301F-11D3-BF4B-00C04F79EFBC}") = "CoffeeBrowser.Skia.Wpf.Host", "CoffeeBrowser\CoffeeBrowser.Skia.Wpf.Host\CoffeeBrowser.Skia.Wpf.Host.csproj", "{53FBCECD-9C16-4943-BD22-84AF8C3EE3CD}"
EndProject
Project("{FAE04EC0-301F-11D3-BF4B-00C04F79EFBC}") = "CoffeeBrowser.Skia.Wpf", "CoffeeBrowser\CoffeeBrowser.Skia.Wpf\CoffeeBrowser.Skia.Wpf.csproj", "{48A7DAF5-B524-45DB-B76D-76791F26D27F}"
EndProject
Project("{FAE04EC0-301F-11D3-BF4B-00C04F79EFBC}") = "CoffeeBrowser.Skia.Gtk", "CoffeeBrowser\CoffeeBrowser.Skia.Gtk\CoffeeBrowser.Skia.Gtk.csproj", "{5C5443F1-1F10-4483-B0FF-F34E3A34AACA}"
EndProject
Project("{FAE04EC0-301F-11D3-BF4B-00C04F79EFBC}") = "CoffeeBrowser.Skia.Tizen", "CoffeeBrowser\CoffeeBrowser.Skia.Tizen\CoffeeBrowser.Skia.Tizen.csproj", "{131BA346-307D-4825-AE84-E3A22944E95E}"
EndProject
Global
	GlobalSection(SharedMSBuildProjectFiles) = preSolution
		CoffeeBrowser\CoffeeBrowser.Shared\CoffeeBrowser.Shared.projitems*{131ba346-307d-4825-ae84-e3a22944e95e}*SharedItemsImports = 5
		CoffeeBrowser\CoffeeBrowser.Shared\CoffeeBrowser.Shared.projitems*{135c6895-8af8-4d41-9872-192931af5df5}*SharedItemsImports = 4
		CoffeeBrowser\CoffeeBrowser.Shared\CoffeeBrowser.Shared.projitems*{3ce2f71e-d50f-41a0-84e7-d833d52b6932}*SharedItemsImports = 4
		CoffeeBrowser\CoffeeBrowser.Shared\CoffeeBrowser.Shared.projitems*{48a7daf5-b524-45db-b76d-76791f26d27f}*SharedItemsImports = 5
		CoffeeBrowser\CoffeeBrowser.Shared\CoffeeBrowser.Shared.projitems*{5c5443f1-1f10-4483-b0ff-f34e3a34aaca}*SharedItemsImports = 5
		CoffeeBrowser\CoffeeBrowser.Shared\CoffeeBrowser.Shared.projitems*{6279c845-92f8-4333-ab99-3d213163593c}*SharedItemsImports = 13
		CoffeeBrowser\CoffeeBrowser.Shared\CoffeeBrowser.Shared.projitems*{6f2acc13-e7ae-491c-a1e6-834febb77a83}*SharedItemsImports = 4
		CoffeeBrowser\CoffeeBrowser.Shared\CoffeeBrowser.Shared.projitems*{81204865-f205-4a84-87a4-7423ab8da320}*SharedItemsImports = 5
		CoffeeBrowser\CoffeeBrowser.Shared\CoffeeBrowser.Shared.projitems*{887d755b-cce1-4ad1-966f-d13b382bb2c1}*SharedItemsImports = 4
	EndGlobalSection
	GlobalSection(SolutionConfigurationPlatforms) = preSolution
		Ad-Hoc|Any CPU = Ad-Hoc|Any CPU
		Ad-Hoc|ARM = Ad-Hoc|ARM
		Ad-Hoc|ARM64 = Ad-Hoc|ARM64
		Ad-Hoc|iPhone = Ad-Hoc|iPhone
		Ad-Hoc|iPhoneSimulator = Ad-Hoc|iPhoneSimulator
		Ad-Hoc|x64 = Ad-Hoc|x64
		Ad-Hoc|x86 = Ad-Hoc|x86
		AppStore|Any CPU = AppStore|Any CPU
		AppStore|ARM = AppStore|ARM
		AppStore|ARM64 = AppStore|ARM64
		AppStore|iPhone = AppStore|iPhone
		AppStore|iPhoneSimulator = AppStore|iPhoneSimulator
		AppStore|x64 = AppStore|x64
		AppStore|x86 = AppStore|x86
		Debug|Any CPU = Debug|Any CPU
		Debug|ARM = Debug|ARM
		Debug|ARM64 = Debug|ARM64
		Debug|iPhone = Debug|iPhone
		Debug|iPhoneSimulator = Debug|iPhoneSimulator
		Debug|x64 = Debug|x64
		Debug|x86 = Debug|x86
		Release|Any CPU = Release|Any CPU
		Release|ARM = Release|ARM
		Release|ARM64 = Release|ARM64
		Release|iPhone = Release|iPhone
		Release|iPhoneSimulator = Release|iPhoneSimulator
		Release|x64 = Release|x64
		Release|x86 = Release|x86
	EndGlobalSection
	GlobalSection(ProjectConfigurationPlatforms) = postSolution
		{887D755B-CCE1-4AD1-966F-D13B382BB2C1}.Ad-Hoc|Any CPU.ActiveCfg = Debug|Any CPU
		{887D755B-CCE1-4AD1-966F-D13B382BB2C1}.Ad-Hoc|Any CPU.Build.0 = Debug|Any CPU
		{887D755B-CCE1-4AD1-966F-D13B382BB2C1}.Ad-Hoc|Any CPU.Deploy.0 = Debug|Any CPU
		{887D755B-CCE1-4AD1-966F-D13B382BB2C1}.Ad-Hoc|ARM.ActiveCfg = Debug|Any CPU
		{887D755B-CCE1-4AD1-966F-D13B382BB2C1}.Ad-Hoc|ARM.Build.0 = Debug|Any CPU
		{887D755B-CCE1-4AD1-966F-D13B382BB2C1}.Ad-Hoc|ARM.Deploy.0 = Debug|Any CPU
		{887D755B-CCE1-4AD1-966F-D13B382BB2C1}.Ad-Hoc|ARM64.ActiveCfg = Debug|Any CPU
		{887D755B-CCE1-4AD1-966F-D13B382BB2C1}.Ad-Hoc|ARM64.Build.0 = Debug|Any CPU
		{887D755B-CCE1-4AD1-966F-D13B382BB2C1}.Ad-Hoc|ARM64.Deploy.0 = Debug|Any CPU
		{887D755B-CCE1-4AD1-966F-D13B382BB2C1}.Ad-Hoc|iPhone.ActiveCfg = Debug|Any CPU
		{887D755B-CCE1-4AD1-966F-D13B382BB2C1}.Ad-Hoc|iPhone.Build.0 = Debug|Any CPU
		{887D755B-CCE1-4AD1-966F-D13B382BB2C1}.Ad-Hoc|iPhone.Deploy.0 = Debug|Any CPU
		{887D755B-CCE1-4AD1-966F-D13B382BB2C1}.Ad-Hoc|iPhoneSimulator.ActiveCfg = Debug|Any CPU
		{887D755B-CCE1-4AD1-966F-D13B382BB2C1}.Ad-Hoc|iPhoneSimulator.Build.0 = Debug|Any CPU
		{887D755B-CCE1-4AD1-966F-D13B382BB2C1}.Ad-Hoc|iPhoneSimulator.Deploy.0 = Debug|Any CPU
		{887D755B-CCE1-4AD1-966F-D13B382BB2C1}.Ad-Hoc|x64.ActiveCfg = Debug|Any CPU
		{887D755B-CCE1-4AD1-966F-D13B382BB2C1}.Ad-Hoc|x64.Build.0 = Debug|Any CPU
		{887D755B-CCE1-4AD1-966F-D13B382BB2C1}.Ad-Hoc|x64.Deploy.0 = Debug|Any CPU
		{887D755B-CCE1-4AD1-966F-D13B382BB2C1}.Ad-Hoc|x86.ActiveCfg = Debug|Any CPU
		{887D755B-CCE1-4AD1-966F-D13B382BB2C1}.Ad-Hoc|x86.Build.0 = Debug|Any CPU
		{887D755B-CCE1-4AD1-966F-D13B382BB2C1}.Ad-Hoc|x86.Deploy.0 = Debug|Any CPU
		{887D755B-CCE1-4AD1-966F-D13B382BB2C1}.AppStore|Any CPU.ActiveCfg = Debug|Any CPU
		{887D755B-CCE1-4AD1-966F-D13B382BB2C1}.AppStore|Any CPU.Build.0 = Debug|Any CPU
		{887D755B-CCE1-4AD1-966F-D13B382BB2C1}.AppStore|Any CPU.Deploy.0 = Debug|Any CPU
		{887D755B-CCE1-4AD1-966F-D13B382BB2C1}.AppStore|ARM.ActiveCfg = Debug|Any CPU
		{887D755B-CCE1-4AD1-966F-D13B382BB2C1}.AppStore|ARM.Build.0 = Debug|Any CPU
		{887D755B-CCE1-4AD1-966F-D13B382BB2C1}.AppStore|ARM.Deploy.0 = Debug|Any CPU
		{887D755B-CCE1-4AD1-966F-D13B382BB2C1}.AppStore|ARM64.ActiveCfg = Debug|Any CPU
		{887D755B-CCE1-4AD1-966F-D13B382BB2C1}.AppStore|ARM64.Build.0 = Debug|Any CPU
		{887D755B-CCE1-4AD1-966F-D13B382BB2C1}.AppStore|ARM64.Deploy.0 = Debug|Any CPU
		{887D755B-CCE1-4AD1-966F-D13B382BB2C1}.AppStore|iPhone.ActiveCfg = Debug|Any CPU
		{887D755B-CCE1-4AD1-966F-D13B382BB2C1}.AppStore|iPhone.Build.0 = Debug|Any CPU
		{887D755B-CCE1-4AD1-966F-D13B382BB2C1}.AppStore|iPhone.Deploy.0 = Debug|Any CPU
		{887D755B-CCE1-4AD1-966F-D13B382BB2C1}.AppStore|iPhoneSimulator.ActiveCfg = Debug|Any CPU
		{887D755B-CCE1-4AD1-966F-D13B382BB2C1}.AppStore|iPhoneSimulator.Build.0 = Debug|Any CPU
		{887D755B-CCE1-4AD1-966F-D13B382BB2C1}.AppStore|iPhoneSimulator.Deploy.0 = Debug|Any CPU
		{887D755B-CCE1-4AD1-966F-D13B382BB2C1}.AppStore|x64.ActiveCfg = Debug|Any CPU
		{887D755B-CCE1-4AD1-966F-D13B382BB2C1}.AppStore|x64.Build.0 = Debug|Any CPU
		{887D755B-CCE1-4AD1-966F-D13B382BB2C1}.AppStore|x64.Deploy.0 = Debug|Any CPU
		{887D755B-CCE1-4AD1-966F-D13B382BB2C1}.AppStore|x86.ActiveCfg = Debug|Any CPU
		{887D755B-CCE1-4AD1-966F-D13B382BB2C1}.AppStore|x86.Build.0 = Debug|Any CPU
		{887D755B-CCE1-4AD1-966F-D13B382BB2C1}.AppStore|x86.Deploy.0 = Debug|Any CPU
		{887D755B-CCE1-4AD1-966F-D13B382BB2C1}.Debug|Any CPU.ActiveCfg = Debug|Any CPU
		{887D755B-CCE1-4AD1-966F-D13B382BB2C1}.Debug|Any CPU.Build.0 = Debug|Any CPU
		{887D755B-CCE1-4AD1-966F-D13B382BB2C1}.Debug|Any CPU.Deploy.0 = Debug|Any CPU
		{887D755B-CCE1-4AD1-966F-D13B382BB2C1}.Debug|ARM.ActiveCfg = Debug|Any CPU
		{887D755B-CCE1-4AD1-966F-D13B382BB2C1}.Debug|ARM.Build.0 = Debug|Any CPU
		{887D755B-CCE1-4AD1-966F-D13B382BB2C1}.Debug|ARM.Deploy.0 = Debug|Any CPU
		{887D755B-CCE1-4AD1-966F-D13B382BB2C1}.Debug|ARM64.ActiveCfg = Debug|Any CPU
		{887D755B-CCE1-4AD1-966F-D13B382BB2C1}.Debug|ARM64.Build.0 = Debug|Any CPU
		{887D755B-CCE1-4AD1-966F-D13B382BB2C1}.Debug|ARM64.Deploy.0 = Debug|Any CPU
		{887D755B-CCE1-4AD1-966F-D13B382BB2C1}.Debug|iPhone.ActiveCfg = Debug|Any CPU
		{887D755B-CCE1-4AD1-966F-D13B382BB2C1}.Debug|iPhone.Build.0 = Debug|Any CPU
		{887D755B-CCE1-4AD1-966F-D13B382BB2C1}.Debug|iPhone.Deploy.0 = Debug|Any CPU
		{887D755B-CCE1-4AD1-966F-D13B382BB2C1}.Debug|iPhoneSimulator.ActiveCfg = Debug|Any CPU
		{887D755B-CCE1-4AD1-966F-D13B382BB2C1}.Debug|iPhoneSimulator.Build.0 = Debug|Any CPU
		{887D755B-CCE1-4AD1-966F-D13B382BB2C1}.Debug|iPhoneSimulator.Deploy.0 = Debug|Any CPU
		{887D755B-CCE1-4AD1-966F-D13B382BB2C1}.Debug|x64.ActiveCfg = Debug|Any CPU
		{887D755B-CCE1-4AD1-966F-D13B382BB2C1}.Debug|x64.Build.0 = Debug|Any CPU
		{887D755B-CCE1-4AD1-966F-D13B382BB2C1}.Debug|x64.Deploy.0 = Debug|Any CPU
		{887D755B-CCE1-4AD1-966F-D13B382BB2C1}.Debug|x86.ActiveCfg = Debug|Any CPU
		{887D755B-CCE1-4AD1-966F-D13B382BB2C1}.Debug|x86.Build.0 = Debug|Any CPU
		{887D755B-CCE1-4AD1-966F-D13B382BB2C1}.Debug|x86.Deploy.0 = Debug|Any CPU
		{887D755B-CCE1-4AD1-966F-D13B382BB2C1}.Release|Any CPU.ActiveCfg = Release|Any CPU
		{887D755B-CCE1-4AD1-966F-D13B382BB2C1}.Release|Any CPU.Build.0 = Release|Any CPU
		{887D755B-CCE1-4AD1-966F-D13B382BB2C1}.Release|Any CPU.Deploy.0 = Release|Any CPU
		{887D755B-CCE1-4AD1-966F-D13B382BB2C1}.Release|ARM.ActiveCfg = Release|Any CPU
		{887D755B-CCE1-4AD1-966F-D13B382BB2C1}.Release|ARM.Build.0 = Release|Any CPU
		{887D755B-CCE1-4AD1-966F-D13B382BB2C1}.Release|ARM.Deploy.0 = Release|Any CPU
		{887D755B-CCE1-4AD1-966F-D13B382BB2C1}.Release|ARM64.ActiveCfg = Release|Any CPU
		{887D755B-CCE1-4AD1-966F-D13B382BB2C1}.Release|ARM64.Build.0 = Release|Any CPU
		{887D755B-CCE1-4AD1-966F-D13B382BB2C1}.Release|ARM64.Deploy.0 = Release|Any CPU
		{887D755B-CCE1-4AD1-966F-D13B382BB2C1}.Release|iPhone.ActiveCfg = Release|Any CPU
		{887D755B-CCE1-4AD1-966F-D13B382BB2C1}.Release|iPhone.Build.0 = Release|Any CPU
		{887D755B-CCE1-4AD1-966F-D13B382BB2C1}.Release|iPhone.Deploy.0 = Release|Any CPU
		{887D755B-CCE1-4AD1-966F-D13B382BB2C1}.Release|iPhoneSimulator.ActiveCfg = Release|Any CPU
		{887D755B-CCE1-4AD1-966F-D13B382BB2C1}.Release|iPhoneSimulator.Build.0 = Release|Any CPU
		{887D755B-CCE1-4AD1-966F-D13B382BB2C1}.Release|iPhoneSimulator.Deploy.0 = Release|Any CPU
		{887D755B-CCE1-4AD1-966F-D13B382BB2C1}.Release|x64.ActiveCfg = Release|Any CPU
		{887D755B-CCE1-4AD1-966F-D13B382BB2C1}.Release|x64.Build.0 = Release|Any CPU
		{887D755B-CCE1-4AD1-966F-D13B382BB2C1}.Release|x64.Deploy.0 = Release|Any CPU
		{887D755B-CCE1-4AD1-966F-D13B382BB2C1}.Release|x86.ActiveCfg = Release|Any CPU
		{887D755B-CCE1-4AD1-966F-D13B382BB2C1}.Release|x86.Build.0 = Release|Any CPU
		{887D755B-CCE1-4AD1-966F-D13B382BB2C1}.Release|x86.Deploy.0 = Release|Any CPU
		{6F2ACC13-E7AE-491C-A1E6-834FEBB77A83}.Ad-Hoc|Any CPU.ActiveCfg = Ad-Hoc|iPhoneSimulator
		{6F2ACC13-E7AE-491C-A1E6-834FEBB77A83}.Ad-Hoc|ARM.ActiveCfg = Ad-Hoc|iPhoneSimulator
		{6F2ACC13-E7AE-491C-A1E6-834FEBB77A83}.Ad-Hoc|ARM64.ActiveCfg = Ad-Hoc|iPhoneSimulator
		{6F2ACC13-E7AE-491C-A1E6-834FEBB77A83}.Ad-Hoc|iPhone.ActiveCfg = Ad-Hoc|iPhone
		{6F2ACC13-E7AE-491C-A1E6-834FEBB77A83}.Ad-Hoc|iPhone.Build.0 = Ad-Hoc|iPhone
		{6F2ACC13-E7AE-491C-A1E6-834FEBB77A83}.Ad-Hoc|iPhoneSimulator.ActiveCfg = Ad-Hoc|iPhoneSimulator
		{6F2ACC13-E7AE-491C-A1E6-834FEBB77A83}.Ad-Hoc|iPhoneSimulator.Build.0 = Ad-Hoc|iPhoneSimulator
		{6F2ACC13-E7AE-491C-A1E6-834FEBB77A83}.Ad-Hoc|x64.ActiveCfg = Ad-Hoc|iPhoneSimulator
		{6F2ACC13-E7AE-491C-A1E6-834FEBB77A83}.Ad-Hoc|x86.ActiveCfg = Ad-Hoc|iPhoneSimulator
		{6F2ACC13-E7AE-491C-A1E6-834FEBB77A83}.AppStore|Any CPU.ActiveCfg = AppStore|iPhoneSimulator
		{6F2ACC13-E7AE-491C-A1E6-834FEBB77A83}.AppStore|ARM.ActiveCfg = AppStore|iPhoneSimulator
		{6F2ACC13-E7AE-491C-A1E6-834FEBB77A83}.AppStore|ARM64.ActiveCfg = AppStore|iPhoneSimulator
		{6F2ACC13-E7AE-491C-A1E6-834FEBB77A83}.AppStore|iPhone.ActiveCfg = AppStore|iPhone
		{6F2ACC13-E7AE-491C-A1E6-834FEBB77A83}.AppStore|iPhone.Build.0 = AppStore|iPhone
		{6F2ACC13-E7AE-491C-A1E6-834FEBB77A83}.AppStore|iPhoneSimulator.ActiveCfg = AppStore|iPhoneSimulator
		{6F2ACC13-E7AE-491C-A1E6-834FEBB77A83}.AppStore|iPhoneSimulator.Build.0 = AppStore|iPhoneSimulator
		{6F2ACC13-E7AE-491C-A1E6-834FEBB77A83}.AppStore|x64.ActiveCfg = AppStore|iPhoneSimulator
		{6F2ACC13-E7AE-491C-A1E6-834FEBB77A83}.AppStore|x86.ActiveCfg = AppStore|iPhoneSimulator
		{6F2ACC13-E7AE-491C-A1E6-834FEBB77A83}.Debug|Any CPU.ActiveCfg = Debug|iPhoneSimulator
		{6F2ACC13-E7AE-491C-A1E6-834FEBB77A83}.Debug|ARM.ActiveCfg = Debug|iPhoneSimulator
		{6F2ACC13-E7AE-491C-A1E6-834FEBB77A83}.Debug|ARM64.ActiveCfg = Debug|iPhoneSimulator
		{6F2ACC13-E7AE-491C-A1E6-834FEBB77A83}.Debug|iPhone.ActiveCfg = Debug|iPhone
		{6F2ACC13-E7AE-491C-A1E6-834FEBB77A83}.Debug|iPhone.Build.0 = Debug|iPhone
		{6F2ACC13-E7AE-491C-A1E6-834FEBB77A83}.Debug|iPhoneSimulator.ActiveCfg = Debug|iPhoneSimulator
		{6F2ACC13-E7AE-491C-A1E6-834FEBB77A83}.Debug|iPhoneSimulator.Build.0 = Debug|iPhoneSimulator
		{6F2ACC13-E7AE-491C-A1E6-834FEBB77A83}.Debug|x64.ActiveCfg = Debug|iPhoneSimulator
		{6F2ACC13-E7AE-491C-A1E6-834FEBB77A83}.Debug|x86.ActiveCfg = Debug|iPhoneSimulator
		{6F2ACC13-E7AE-491C-A1E6-834FEBB77A83}.Release|Any CPU.ActiveCfg = Release|iPhoneSimulator
		{6F2ACC13-E7AE-491C-A1E6-834FEBB77A83}.Release|ARM.ActiveCfg = Release|iPhoneSimulator
		{6F2ACC13-E7AE-491C-A1E6-834FEBB77A83}.Release|ARM64.ActiveCfg = Release|iPhoneSimulator
		{6F2ACC13-E7AE-491C-A1E6-834FEBB77A83}.Release|iPhone.ActiveCfg = Release|iPhone
		{6F2ACC13-E7AE-491C-A1E6-834FEBB77A83}.Release|iPhone.Build.0 = Release|iPhone
		{6F2ACC13-E7AE-491C-A1E6-834FEBB77A83}.Release|iPhoneSimulator.ActiveCfg = Release|iPhoneSimulator
		{6F2ACC13-E7AE-491C-A1E6-834FEBB77A83}.Release|iPhoneSimulator.Build.0 = Release|iPhoneSimulator
		{6F2ACC13-E7AE-491C-A1E6-834FEBB77A83}.Release|x64.ActiveCfg = Release|iPhoneSimulator
		{6F2ACC13-E7AE-491C-A1E6-834FEBB77A83}.Release|x86.ActiveCfg = Release|iPhoneSimulator
		{135C6895-8AF8-4D41-9872-192931AF5DF5}.Ad-Hoc|Any CPU.ActiveCfg = Debug|x86
		{135C6895-8AF8-4D41-9872-192931AF5DF5}.Ad-Hoc|Any CPU.Build.0 = Debug|x86
		{135C6895-8AF8-4D41-9872-192931AF5DF5}.Ad-Hoc|Any CPU.Deploy.0 = Debug|x86
		{135C6895-8AF8-4D41-9872-192931AF5DF5}.Ad-Hoc|ARM.ActiveCfg = Debug|ARM
		{135C6895-8AF8-4D41-9872-192931AF5DF5}.Ad-Hoc|ARM.Build.0 = Debug|ARM
		{135C6895-8AF8-4D41-9872-192931AF5DF5}.Ad-Hoc|ARM.Deploy.0 = Debug|ARM
		{135C6895-8AF8-4D41-9872-192931AF5DF5}.Ad-Hoc|ARM64.ActiveCfg = Debug|ARM64
		{135C6895-8AF8-4D41-9872-192931AF5DF5}.Ad-Hoc|ARM64.Build.0 = Debug|ARM64
		{135C6895-8AF8-4D41-9872-192931AF5DF5}.Ad-Hoc|ARM64.Deploy.0 = Debug|ARM64
		{135C6895-8AF8-4D41-9872-192931AF5DF5}.Ad-Hoc|iPhone.ActiveCfg = Debug|x86
		{135C6895-8AF8-4D41-9872-192931AF5DF5}.Ad-Hoc|iPhone.Build.0 = Debug|x86
		{135C6895-8AF8-4D41-9872-192931AF5DF5}.Ad-Hoc|iPhone.Deploy.0 = Debug|x86
		{135C6895-8AF8-4D41-9872-192931AF5DF5}.Ad-Hoc|iPhoneSimulator.ActiveCfg = Debug|x86
		{135C6895-8AF8-4D41-9872-192931AF5DF5}.Ad-Hoc|iPhoneSimulator.Build.0 = Debug|x86
		{135C6895-8AF8-4D41-9872-192931AF5DF5}.Ad-Hoc|iPhoneSimulator.Deploy.0 = Debug|x86
		{135C6895-8AF8-4D41-9872-192931AF5DF5}.Ad-Hoc|x64.ActiveCfg = Debug|x64
		{135C6895-8AF8-4D41-9872-192931AF5DF5}.Ad-Hoc|x64.Build.0 = Debug|x64
		{135C6895-8AF8-4D41-9872-192931AF5DF5}.Ad-Hoc|x64.Deploy.0 = Debug|x64
		{135C6895-8AF8-4D41-9872-192931AF5DF5}.Ad-Hoc|x86.ActiveCfg = Debug|x86
		{135C6895-8AF8-4D41-9872-192931AF5DF5}.Ad-Hoc|x86.Build.0 = Debug|x86
		{135C6895-8AF8-4D41-9872-192931AF5DF5}.Ad-Hoc|x86.Deploy.0 = Debug|x86
		{135C6895-8AF8-4D41-9872-192931AF5DF5}.AppStore|Any CPU.ActiveCfg = Debug|x86
		{135C6895-8AF8-4D41-9872-192931AF5DF5}.AppStore|Any CPU.Build.0 = Debug|x86
		{135C6895-8AF8-4D41-9872-192931AF5DF5}.AppStore|Any CPU.Deploy.0 = Debug|x86
		{135C6895-8AF8-4D41-9872-192931AF5DF5}.AppStore|ARM.ActiveCfg = Debug|ARM
		{135C6895-8AF8-4D41-9872-192931AF5DF5}.AppStore|ARM.Build.0 = Debug|ARM
		{135C6895-8AF8-4D41-9872-192931AF5DF5}.AppStore|ARM.Deploy.0 = Debug|ARM
		{135C6895-8AF8-4D41-9872-192931AF5DF5}.AppStore|ARM64.ActiveCfg = Debug|ARM64
		{135C6895-8AF8-4D41-9872-192931AF5DF5}.AppStore|ARM64.Build.0 = Debug|ARM64
		{135C6895-8AF8-4D41-9872-192931AF5DF5}.AppStore|ARM64.Deploy.0 = Debug|ARM64
		{135C6895-8AF8-4D41-9872-192931AF5DF5}.AppStore|iPhone.ActiveCfg = Debug|x86
		{135C6895-8AF8-4D41-9872-192931AF5DF5}.AppStore|iPhone.Build.0 = Debug|x86
		{135C6895-8AF8-4D41-9872-192931AF5DF5}.AppStore|iPhone.Deploy.0 = Debug|x86
		{135C6895-8AF8-4D41-9872-192931AF5DF5}.AppStore|iPhoneSimulator.ActiveCfg = Debug|x86
		{135C6895-8AF8-4D41-9872-192931AF5DF5}.AppStore|iPhoneSimulator.Build.0 = Debug|x86
		{135C6895-8AF8-4D41-9872-192931AF5DF5}.AppStore|iPhoneSimulator.Deploy.0 = Debug|x86
		{135C6895-8AF8-4D41-9872-192931AF5DF5}.AppStore|x64.ActiveCfg = Debug|x64
		{135C6895-8AF8-4D41-9872-192931AF5DF5}.AppStore|x64.Build.0 = Debug|x64
		{135C6895-8AF8-4D41-9872-192931AF5DF5}.AppStore|x64.Deploy.0 = Debug|x64
		{135C6895-8AF8-4D41-9872-192931AF5DF5}.AppStore|x86.ActiveCfg = Debug|x86
		{135C6895-8AF8-4D41-9872-192931AF5DF5}.AppStore|x86.Build.0 = Debug|x86
		{135C6895-8AF8-4D41-9872-192931AF5DF5}.AppStore|x86.Deploy.0 = Debug|x86
		{135C6895-8AF8-4D41-9872-192931AF5DF5}.Debug|Any CPU.ActiveCfg = Debug|x86
		{135C6895-8AF8-4D41-9872-192931AF5DF5}.Debug|Any CPU.Build.0 = Debug|x86
		{135C6895-8AF8-4D41-9872-192931AF5DF5}.Debug|Any CPU.Deploy.0 = Debug|x86
		{135C6895-8AF8-4D41-9872-192931AF5DF5}.Debug|ARM.ActiveCfg = Debug|ARM
		{135C6895-8AF8-4D41-9872-192931AF5DF5}.Debug|ARM.Build.0 = Debug|ARM
		{135C6895-8AF8-4D41-9872-192931AF5DF5}.Debug|ARM.Deploy.0 = Debug|ARM
		{135C6895-8AF8-4D41-9872-192931AF5DF5}.Debug|ARM64.ActiveCfg = Debug|ARM64
		{135C6895-8AF8-4D41-9872-192931AF5DF5}.Debug|ARM64.Build.0 = Debug|ARM64
		{135C6895-8AF8-4D41-9872-192931AF5DF5}.Debug|ARM64.Deploy.0 = Debug|ARM64
		{135C6895-8AF8-4D41-9872-192931AF5DF5}.Debug|iPhone.ActiveCfg = Debug|x86
		{135C6895-8AF8-4D41-9872-192931AF5DF5}.Debug|iPhoneSimulator.ActiveCfg = Debug|x86
		{135C6895-8AF8-4D41-9872-192931AF5DF5}.Debug|x64.ActiveCfg = Debug|x64
		{135C6895-8AF8-4D41-9872-192931AF5DF5}.Debug|x64.Build.0 = Debug|x64
		{135C6895-8AF8-4D41-9872-192931AF5DF5}.Debug|x64.Deploy.0 = Debug|x64
		{135C6895-8AF8-4D41-9872-192931AF5DF5}.Debug|x86.ActiveCfg = Debug|x86
		{135C6895-8AF8-4D41-9872-192931AF5DF5}.Debug|x86.Build.0 = Debug|x86
		{135C6895-8AF8-4D41-9872-192931AF5DF5}.Debug|x86.Deploy.0 = Debug|x86
		{135C6895-8AF8-4D41-9872-192931AF5DF5}.Release|Any CPU.ActiveCfg = Release|x86
		{135C6895-8AF8-4D41-9872-192931AF5DF5}.Release|ARM.ActiveCfg = Release|ARM
		{135C6895-8AF8-4D41-9872-192931AF5DF5}.Release|ARM.Build.0 = Release|ARM
		{135C6895-8AF8-4D41-9872-192931AF5DF5}.Release|ARM.Deploy.0 = Release|ARM
		{135C6895-8AF8-4D41-9872-192931AF5DF5}.Release|ARM64.ActiveCfg = Release|ARM64
		{135C6895-8AF8-4D41-9872-192931AF5DF5}.Release|ARM64.Build.0 = Release|ARM64
		{135C6895-8AF8-4D41-9872-192931AF5DF5}.Release|ARM64.Deploy.0 = Release|ARM64
		{135C6895-8AF8-4D41-9872-192931AF5DF5}.Release|iPhone.ActiveCfg = Release|x86
		{135C6895-8AF8-4D41-9872-192931AF5DF5}.Release|iPhoneSimulator.ActiveCfg = Release|x86
		{135C6895-8AF8-4D41-9872-192931AF5DF5}.Release|x64.ActiveCfg = Release|x64
		{135C6895-8AF8-4D41-9872-192931AF5DF5}.Release|x64.Build.0 = Release|x64
		{135C6895-8AF8-4D41-9872-192931AF5DF5}.Release|x64.Deploy.0 = Release|x64
		{135C6895-8AF8-4D41-9872-192931AF5DF5}.Release|x86.ActiveCfg = Release|x86
		{135C6895-8AF8-4D41-9872-192931AF5DF5}.Release|x86.Build.0 = Release|x86
		{135C6895-8AF8-4D41-9872-192931AF5DF5}.Release|x86.Deploy.0 = Release|x86
		{81204865-F205-4A84-87A4-7423AB8DA320}.Ad-Hoc|Any CPU.ActiveCfg = Debug|Any CPU
		{81204865-F205-4A84-87A4-7423AB8DA320}.Ad-Hoc|Any CPU.Build.0 = Debug|Any CPU
		{81204865-F205-4A84-87A4-7423AB8DA320}.Ad-Hoc|ARM.ActiveCfg = Debug|Any CPU
		{81204865-F205-4A84-87A4-7423AB8DA320}.Ad-Hoc|ARM.Build.0 = Debug|Any CPU
		{81204865-F205-4A84-87A4-7423AB8DA320}.Ad-Hoc|ARM64.ActiveCfg = Debug|Any CPU
		{81204865-F205-4A84-87A4-7423AB8DA320}.Ad-Hoc|ARM64.Build.0 = Debug|Any CPU
		{81204865-F205-4A84-87A4-7423AB8DA320}.Ad-Hoc|iPhone.ActiveCfg = Debug|Any CPU
		{81204865-F205-4A84-87A4-7423AB8DA320}.Ad-Hoc|iPhone.Build.0 = Debug|Any CPU
		{81204865-F205-4A84-87A4-7423AB8DA320}.Ad-Hoc|iPhoneSimulator.ActiveCfg = Debug|Any CPU
		{81204865-F205-4A84-87A4-7423AB8DA320}.Ad-Hoc|iPhoneSimulator.Build.0 = Debug|Any CPU
		{81204865-F205-4A84-87A4-7423AB8DA320}.Ad-Hoc|x64.ActiveCfg = Debug|Any CPU
		{81204865-F205-4A84-87A4-7423AB8DA320}.Ad-Hoc|x64.Build.0 = Debug|Any CPU
		{81204865-F205-4A84-87A4-7423AB8DA320}.Ad-Hoc|x86.ActiveCfg = Debug|Any CPU
		{81204865-F205-4A84-87A4-7423AB8DA320}.Ad-Hoc|x86.Build.0 = Debug|Any CPU
		{81204865-F205-4A84-87A4-7423AB8DA320}.AppStore|Any CPU.ActiveCfg = Debug|Any CPU
		{81204865-F205-4A84-87A4-7423AB8DA320}.AppStore|Any CPU.Build.0 = Debug|Any CPU
		{81204865-F205-4A84-87A4-7423AB8DA320}.AppStore|ARM.ActiveCfg = Debug|Any CPU
		{81204865-F205-4A84-87A4-7423AB8DA320}.AppStore|ARM.Build.0 = Debug|Any CPU
		{81204865-F205-4A84-87A4-7423AB8DA320}.AppStore|ARM64.ActiveCfg = Debug|Any CPU
		{81204865-F205-4A84-87A4-7423AB8DA320}.AppStore|ARM64.Build.0 = Debug|Any CPU
		{81204865-F205-4A84-87A4-7423AB8DA320}.AppStore|iPhone.ActiveCfg = Debug|Any CPU
		{81204865-F205-4A84-87A4-7423AB8DA320}.AppStore|iPhone.Build.0 = Debug|Any CPU
		{81204865-F205-4A84-87A4-7423AB8DA320}.AppStore|iPhoneSimulator.ActiveCfg = Debug|Any CPU
		{81204865-F205-4A84-87A4-7423AB8DA320}.AppStore|iPhoneSimulator.Build.0 = Debug|Any CPU
		{81204865-F205-4A84-87A4-7423AB8DA320}.AppStore|x64.ActiveCfg = Debug|Any CPU
		{81204865-F205-4A84-87A4-7423AB8DA320}.AppStore|x64.Build.0 = Debug|Any CPU
		{81204865-F205-4A84-87A4-7423AB8DA320}.AppStore|x86.ActiveCfg = Debug|Any CPU
		{81204865-F205-4A84-87A4-7423AB8DA320}.AppStore|x86.Build.0 = Debug|Any CPU
		{81204865-F205-4A84-87A4-7423AB8DA320}.Debug|Any CPU.ActiveCfg = Debug|Any CPU
		{81204865-F205-4A84-87A4-7423AB8DA320}.Debug|Any CPU.Build.0 = Debug|Any CPU
		{81204865-F205-4A84-87A4-7423AB8DA320}.Debug|ARM.ActiveCfg = Debug|Any CPU
		{81204865-F205-4A84-87A4-7423AB8DA320}.Debug|ARM.Build.0 = Debug|Any CPU
		{81204865-F205-4A84-87A4-7423AB8DA320}.Debug|ARM64.ActiveCfg = Debug|Any CPU
		{81204865-F205-4A84-87A4-7423AB8DA320}.Debug|ARM64.Build.0 = Debug|Any CPU
		{81204865-F205-4A84-87A4-7423AB8DA320}.Debug|iPhone.ActiveCfg = Debug|Any CPU
		{81204865-F205-4A84-87A4-7423AB8DA320}.Debug|iPhone.Build.0 = Debug|Any CPU
		{81204865-F205-4A84-87A4-7423AB8DA320}.Debug|iPhoneSimulator.ActiveCfg = Debug|Any CPU
		{81204865-F205-4A84-87A4-7423AB8DA320}.Debug|iPhoneSimulator.Build.0 = Debug|Any CPU
		{81204865-F205-4A84-87A4-7423AB8DA320}.Debug|x64.ActiveCfg = Debug|Any CPU
		{81204865-F205-4A84-87A4-7423AB8DA320}.Debug|x64.Build.0 = Debug|Any CPU
		{81204865-F205-4A84-87A4-7423AB8DA320}.Debug|x86.ActiveCfg = Debug|Any CPU
		{81204865-F205-4A84-87A4-7423AB8DA320}.Debug|x86.Build.0 = Debug|Any CPU
		{81204865-F205-4A84-87A4-7423AB8DA320}.Release|Any CPU.ActiveCfg = Release|Any CPU
		{81204865-F205-4A84-87A4-7423AB8DA320}.Release|Any CPU.Build.0 = Release|Any CPU
		{81204865-F205-4A84-87A4-7423AB8DA320}.Release|ARM.ActiveCfg = Release|Any CPU
		{81204865-F205-4A84-87A4-7423AB8DA320}.Release|ARM.Build.0 = Release|Any CPU
		{81204865-F205-4A84-87A4-7423AB8DA320}.Release|ARM64.ActiveCfg = Release|Any CPU
		{81204865-F205-4A84-87A4-7423AB8DA320}.Release|ARM64.Build.0 = Release|Any CPU
		{81204865-F205-4A84-87A4-7423AB8DA320}.Release|iPhone.ActiveCfg = Release|Any CPU
		{81204865-F205-4A84-87A4-7423AB8DA320}.Release|iPhone.Build.0 = Release|Any CPU
		{81204865-F205-4A84-87A4-7423AB8DA320}.Release|iPhoneSimulator.ActiveCfg = Release|Any CPU
		{81204865-F205-4A84-87A4-7423AB8DA320}.Release|iPhoneSimulator.Build.0 = Release|Any CPU
		{81204865-F205-4A84-87A4-7423AB8DA320}.Release|x64.ActiveCfg = Release|Any CPU
		{81204865-F205-4A84-87A4-7423AB8DA320}.Release|x64.Build.0 = Release|Any CPU
		{81204865-F205-4A84-87A4-7423AB8DA320}.Release|x86.ActiveCfg = Release|Any CPU
		{81204865-F205-4A84-87A4-7423AB8DA320}.Release|x86.Build.0 = Release|Any CPU
		{3CE2F71E-D50F-41A0-84E7-D833D52B6932}.Ad-Hoc|Any CPU.ActiveCfg = Debug|iPhoneSimulator
		{3CE2F71E-D50F-41A0-84E7-D833D52B6932}.Ad-Hoc|Any CPU.Build.0 = Debug|iPhoneSimulator
		{3CE2F71E-D50F-41A0-84E7-D833D52B6932}.Ad-Hoc|ARM.ActiveCfg = Debug|iPhoneSimulator
		{3CE2F71E-D50F-41A0-84E7-D833D52B6932}.Ad-Hoc|ARM.Build.0 = Debug|iPhoneSimulator
		{3CE2F71E-D50F-41A0-84E7-D833D52B6932}.Ad-Hoc|ARM64.ActiveCfg = Debug|iPhoneSimulator
		{3CE2F71E-D50F-41A0-84E7-D833D52B6932}.Ad-Hoc|ARM64.Build.0 = Debug|iPhoneSimulator
		{3CE2F71E-D50F-41A0-84E7-D833D52B6932}.Ad-Hoc|iPhone.ActiveCfg = Debug|iPhoneSimulator
		{3CE2F71E-D50F-41A0-84E7-D833D52B6932}.Ad-Hoc|iPhone.Build.0 = Debug|iPhoneSimulator
		{3CE2F71E-D50F-41A0-84E7-D833D52B6932}.Ad-Hoc|iPhoneSimulator.ActiveCfg = Debug|iPhoneSimulator
		{3CE2F71E-D50F-41A0-84E7-D833D52B6932}.Ad-Hoc|iPhoneSimulator.Build.0 = Debug|iPhoneSimulator
		{3CE2F71E-D50F-41A0-84E7-D833D52B6932}.Ad-Hoc|x64.ActiveCfg = Debug|iPhoneSimulator
		{3CE2F71E-D50F-41A0-84E7-D833D52B6932}.Ad-Hoc|x64.Build.0 = Debug|iPhoneSimulator
		{3CE2F71E-D50F-41A0-84E7-D833D52B6932}.Ad-Hoc|x86.ActiveCfg = Debug|iPhoneSimulator
		{3CE2F71E-D50F-41A0-84E7-D833D52B6932}.Ad-Hoc|x86.Build.0 = Debug|iPhoneSimulator
		{3CE2F71E-D50F-41A0-84E7-D833D52B6932}.AppStore|Any CPU.ActiveCfg = Debug|iPhoneSimulator
		{3CE2F71E-D50F-41A0-84E7-D833D52B6932}.AppStore|Any CPU.Build.0 = Debug|iPhoneSimulator
		{3CE2F71E-D50F-41A0-84E7-D833D52B6932}.AppStore|ARM.ActiveCfg = Debug|iPhoneSimulator
		{3CE2F71E-D50F-41A0-84E7-D833D52B6932}.AppStore|ARM.Build.0 = Debug|iPhoneSimulator
		{3CE2F71E-D50F-41A0-84E7-D833D52B6932}.AppStore|ARM64.ActiveCfg = Debug|iPhoneSimulator
		{3CE2F71E-D50F-41A0-84E7-D833D52B6932}.AppStore|ARM64.Build.0 = Debug|iPhoneSimulator
		{3CE2F71E-D50F-41A0-84E7-D833D52B6932}.AppStore|iPhone.ActiveCfg = Debug|iPhoneSimulator
		{3CE2F71E-D50F-41A0-84E7-D833D52B6932}.AppStore|iPhone.Build.0 = Debug|iPhoneSimulator
		{3CE2F71E-D50F-41A0-84E7-D833D52B6932}.AppStore|iPhoneSimulator.ActiveCfg = Debug|iPhoneSimulator
		{3CE2F71E-D50F-41A0-84E7-D833D52B6932}.AppStore|iPhoneSimulator.Build.0 = Debug|iPhoneSimulator
		{3CE2F71E-D50F-41A0-84E7-D833D52B6932}.AppStore|x64.ActiveCfg = Debug|iPhoneSimulator
		{3CE2F71E-D50F-41A0-84E7-D833D52B6932}.AppStore|x64.Build.0 = Debug|iPhoneSimulator
		{3CE2F71E-D50F-41A0-84E7-D833D52B6932}.AppStore|x86.ActiveCfg = Debug|iPhoneSimulator
		{3CE2F71E-D50F-41A0-84E7-D833D52B6932}.AppStore|x86.Build.0 = Debug|iPhoneSimulator
		{3CE2F71E-D50F-41A0-84E7-D833D52B6932}.Debug|Any CPU.ActiveCfg = Debug|iPhoneSimulator
		{3CE2F71E-D50F-41A0-84E7-D833D52B6932}.Debug|ARM.ActiveCfg = Debug|iPhoneSimulator
		{3CE2F71E-D50F-41A0-84E7-D833D52B6932}.Debug|ARM64.ActiveCfg = Debug|iPhoneSimulator
		{3CE2F71E-D50F-41A0-84E7-D833D52B6932}.Debug|iPhone.ActiveCfg = Debug|iPhoneSimulator
		{3CE2F71E-D50F-41A0-84E7-D833D52B6932}.Debug|iPhoneSimulator.ActiveCfg = Debug|iPhoneSimulator
		{3CE2F71E-D50F-41A0-84E7-D833D52B6932}.Debug|iPhoneSimulator.Build.0 = Debug|iPhoneSimulator
		{3CE2F71E-D50F-41A0-84E7-D833D52B6932}.Debug|x64.ActiveCfg = Debug|iPhoneSimulator
		{3CE2F71E-D50F-41A0-84E7-D833D52B6932}.Debug|x86.ActiveCfg = Debug|iPhoneSimulator
		{3CE2F71E-D50F-41A0-84E7-D833D52B6932}.Release|Any CPU.ActiveCfg = Release|iPhoneSimulator
		{3CE2F71E-D50F-41A0-84E7-D833D52B6932}.Release|ARM.ActiveCfg = Release|iPhoneSimulator
		{3CE2F71E-D50F-41A0-84E7-D833D52B6932}.Release|ARM64.ActiveCfg = Release|iPhoneSimulator
		{3CE2F71E-D50F-41A0-84E7-D833D52B6932}.Release|iPhone.ActiveCfg = Release|iPhoneSimulator
		{3CE2F71E-D50F-41A0-84E7-D833D52B6932}.Release|iPhoneSimulator.ActiveCfg = Release|iPhoneSimulator
		{3CE2F71E-D50F-41A0-84E7-D833D52B6932}.Release|iPhoneSimulator.Build.0 = Release|iPhoneSimulator
		{3CE2F71E-D50F-41A0-84E7-D833D52B6932}.Release|x64.ActiveCfg = Release|iPhoneSimulator
		{3CE2F71E-D50F-41A0-84E7-D833D52B6932}.Release|x86.ActiveCfg = Release|iPhoneSimulator
		{53FBCECD-9C16-4943-BD22-84AF8C3EE3CD}.Ad-Hoc|Any CPU.ActiveCfg = Debug|Any CPU
		{53FBCECD-9C16-4943-BD22-84AF8C3EE3CD}.Ad-Hoc|Any CPU.Build.0 = Debug|Any CPU
		{53FBCECD-9C16-4943-BD22-84AF8C3EE3CD}.Ad-Hoc|ARM.ActiveCfg = Debug|Any CPU
		{53FBCECD-9C16-4943-BD22-84AF8C3EE3CD}.Ad-Hoc|ARM.Build.0 = Debug|Any CPU
		{53FBCECD-9C16-4943-BD22-84AF8C3EE3CD}.Ad-Hoc|ARM64.ActiveCfg = Debug|Any CPU
		{53FBCECD-9C16-4943-BD22-84AF8C3EE3CD}.Ad-Hoc|ARM64.Build.0 = Debug|Any CPU
		{53FBCECD-9C16-4943-BD22-84AF8C3EE3CD}.Ad-Hoc|iPhone.ActiveCfg = Debug|Any CPU
		{53FBCECD-9C16-4943-BD22-84AF8C3EE3CD}.Ad-Hoc|iPhone.Build.0 = Debug|Any CPU
		{53FBCECD-9C16-4943-BD22-84AF8C3EE3CD}.Ad-Hoc|iPhoneSimulator.ActiveCfg = Debug|Any CPU
		{53FBCECD-9C16-4943-BD22-84AF8C3EE3CD}.Ad-Hoc|iPhoneSimulator.Build.0 = Debug|Any CPU
		{53FBCECD-9C16-4943-BD22-84AF8C3EE3CD}.Ad-Hoc|x64.ActiveCfg = Debug|Any CPU
		{53FBCECD-9C16-4943-BD22-84AF8C3EE3CD}.Ad-Hoc|x64.Build.0 = Debug|Any CPU
		{53FBCECD-9C16-4943-BD22-84AF8C3EE3CD}.Ad-Hoc|x86.ActiveCfg = Debug|Any CPU
		{53FBCECD-9C16-4943-BD22-84AF8C3EE3CD}.Ad-Hoc|x86.Build.0 = Debug|Any CPU
		{53FBCECD-9C16-4943-BD22-84AF8C3EE3CD}.AppStore|Any CPU.ActiveCfg = Debug|Any CPU
		{53FBCECD-9C16-4943-BD22-84AF8C3EE3CD}.AppStore|Any CPU.Build.0 = Debug|Any CPU
		{53FBCECD-9C16-4943-BD22-84AF8C3EE3CD}.AppStore|ARM.ActiveCfg = Debug|Any CPU
		{53FBCECD-9C16-4943-BD22-84AF8C3EE3CD}.AppStore|ARM.Build.0 = Debug|Any CPU
		{53FBCECD-9C16-4943-BD22-84AF8C3EE3CD}.AppStore|ARM64.ActiveCfg = Debug|Any CPU
		{53FBCECD-9C16-4943-BD22-84AF8C3EE3CD}.AppStore|ARM64.Build.0 = Debug|Any CPU
		{53FBCECD-9C16-4943-BD22-84AF8C3EE3CD}.AppStore|iPhone.ActiveCfg = Debug|Any CPU
		{53FBCECD-9C16-4943-BD22-84AF8C3EE3CD}.AppStore|iPhone.Build.0 = Debug|Any CPU
		{53FBCECD-9C16-4943-BD22-84AF8C3EE3CD}.AppStore|iPhoneSimulator.ActiveCfg = Debug|Any CPU
		{53FBCECD-9C16-4943-BD22-84AF8C3EE3CD}.AppStore|iPhoneSimulator.Build.0 = Debug|Any CPU
		{53FBCECD-9C16-4943-BD22-84AF8C3EE3CD}.AppStore|x64.ActiveCfg = Debug|Any CPU
		{53FBCECD-9C16-4943-BD22-84AF8C3EE3CD}.AppStore|x64.Build.0 = Debug|Any CPU
		{53FBCECD-9C16-4943-BD22-84AF8C3EE3CD}.AppStore|x86.ActiveCfg = Debug|Any CPU
		{53FBCECD-9C16-4943-BD22-84AF8C3EE3CD}.AppStore|x86.Build.0 = Debug|Any CPU
		{53FBCECD-9C16-4943-BD22-84AF8C3EE3CD}.Debug|Any CPU.ActiveCfg = Debug|Any CPU
		{53FBCECD-9C16-4943-BD22-84AF8C3EE3CD}.Debug|Any CPU.Build.0 = Debug|Any CPU
		{53FBCECD-9C16-4943-BD22-84AF8C3EE3CD}.Debug|ARM.ActiveCfg = Debug|Any CPU
		{53FBCECD-9C16-4943-BD22-84AF8C3EE3CD}.Debug|ARM.Build.0 = Debug|Any CPU
		{53FBCECD-9C16-4943-BD22-84AF8C3EE3CD}.Debug|ARM64.ActiveCfg = Debug|Any CPU
		{53FBCECD-9C16-4943-BD22-84AF8C3EE3CD}.Debug|ARM64.Build.0 = Debug|Any CPU
		{53FBCECD-9C16-4943-BD22-84AF8C3EE3CD}.Debug|iPhone.ActiveCfg = Debug|Any CPU
		{53FBCECD-9C16-4943-BD22-84AF8C3EE3CD}.Debug|iPhone.Build.0 = Debug|Any CPU
		{53FBCECD-9C16-4943-BD22-84AF8C3EE3CD}.Debug|iPhoneSimulator.ActiveCfg = Debug|Any CPU
		{53FBCECD-9C16-4943-BD22-84AF8C3EE3CD}.Debug|iPhoneSimulator.Build.0 = Debug|Any CPU
		{53FBCECD-9C16-4943-BD22-84AF8C3EE3CD}.Debug|x64.ActiveCfg = Debug|Any CPU
		{53FBCECD-9C16-4943-BD22-84AF8C3EE3CD}.Debug|x64.Build.0 = Debug|Any CPU
		{53FBCECD-9C16-4943-BD22-84AF8C3EE3CD}.Debug|x86.ActiveCfg = Debug|Any CPU
		{53FBCECD-9C16-4943-BD22-84AF8C3EE3CD}.Debug|x86.Build.0 = Debug|Any CPU
		{53FBCECD-9C16-4943-BD22-84AF8C3EE3CD}.Release|Any CPU.ActiveCfg = Release|Any CPU
		{53FBCECD-9C16-4943-BD22-84AF8C3EE3CD}.Release|Any CPU.Build.0 = Release|Any CPU
		{53FBCECD-9C16-4943-BD22-84AF8C3EE3CD}.Release|ARM.ActiveCfg = Release|Any CPU
		{53FBCECD-9C16-4943-BD22-84AF8C3EE3CD}.Release|ARM.Build.0 = Release|Any CPU
		{53FBCECD-9C16-4943-BD22-84AF8C3EE3CD}.Release|ARM64.ActiveCfg = Release|Any CPU
		{53FBCECD-9C16-4943-BD22-84AF8C3EE3CD}.Release|ARM64.Build.0 = Release|Any CPU
		{53FBCECD-9C16-4943-BD22-84AF8C3EE3CD}.Release|iPhone.ActiveCfg = Release|Any CPU
		{53FBCECD-9C16-4943-BD22-84AF8C3EE3CD}.Release|iPhone.Build.0 = Release|Any CPU
		{53FBCECD-9C16-4943-BD22-84AF8C3EE3CD}.Release|iPhoneSimulator.ActiveCfg = Release|Any CPU
		{53FBCECD-9C16-4943-BD22-84AF8C3EE3CD}.Release|iPhoneSimulator.Build.0 = Release|Any CPU
		{53FBCECD-9C16-4943-BD22-84AF8C3EE3CD}.Release|x64.ActiveCfg = Release|Any CPU
		{53FBCECD-9C16-4943-BD22-84AF8C3EE3CD}.Release|x64.Build.0 = Release|Any CPU
		{53FBCECD-9C16-4943-BD22-84AF8C3EE3CD}.Release|x86.ActiveCfg = Release|Any CPU
		{53FBCECD-9C16-4943-BD22-84AF8C3EE3CD}.Release|x86.Build.0 = Release|Any CPU
		{48A7DAF5-B524-45DB-B76D-76791F26D27F}.Ad-Hoc|Any CPU.ActiveCfg = Debug|Any CPU
		{48A7DAF5-B524-45DB-B76D-76791F26D27F}.Ad-Hoc|Any CPU.Build.0 = Debug|Any CPU
		{48A7DAF5-B524-45DB-B76D-76791F26D27F}.Ad-Hoc|ARM.ActiveCfg = Debug|Any CPU
		{48A7DAF5-B524-45DB-B76D-76791F26D27F}.Ad-Hoc|ARM.Build.0 = Debug|Any CPU
		{48A7DAF5-B524-45DB-B76D-76791F26D27F}.Ad-Hoc|ARM64.ActiveCfg = Debug|Any CPU
		{48A7DAF5-B524-45DB-B76D-76791F26D27F}.Ad-Hoc|ARM64.Build.0 = Debug|Any CPU
		{48A7DAF5-B524-45DB-B76D-76791F26D27F}.Ad-Hoc|iPhone.ActiveCfg = Debug|Any CPU
		{48A7DAF5-B524-45DB-B76D-76791F26D27F}.Ad-Hoc|iPhone.Build.0 = Debug|Any CPU
		{48A7DAF5-B524-45DB-B76D-76791F26D27F}.Ad-Hoc|iPhoneSimulator.ActiveCfg = Debug|Any CPU
		{48A7DAF5-B524-45DB-B76D-76791F26D27F}.Ad-Hoc|iPhoneSimulator.Build.0 = Debug|Any CPU
		{48A7DAF5-B524-45DB-B76D-76791F26D27F}.Ad-Hoc|x64.ActiveCfg = Debug|Any CPU
		{48A7DAF5-B524-45DB-B76D-76791F26D27F}.Ad-Hoc|x64.Build.0 = Debug|Any CPU
		{48A7DAF5-B524-45DB-B76D-76791F26D27F}.Ad-Hoc|x86.ActiveCfg = Debug|Any CPU
		{48A7DAF5-B524-45DB-B76D-76791F26D27F}.Ad-Hoc|x86.Build.0 = Debug|Any CPU
		{48A7DAF5-B524-45DB-B76D-76791F26D27F}.AppStore|Any CPU.ActiveCfg = Debug|Any CPU
		{48A7DAF5-B524-45DB-B76D-76791F26D27F}.AppStore|Any CPU.Build.0 = Debug|Any CPU
		{48A7DAF5-B524-45DB-B76D-76791F26D27F}.AppStore|ARM.ActiveCfg = Debug|Any CPU
		{48A7DAF5-B524-45DB-B76D-76791F26D27F}.AppStore|ARM.Build.0 = Debug|Any CPU
		{48A7DAF5-B524-45DB-B76D-76791F26D27F}.AppStore|ARM64.ActiveCfg = Debug|Any CPU
		{48A7DAF5-B524-45DB-B76D-76791F26D27F}.AppStore|ARM64.Build.0 = Debug|Any CPU
		{48A7DAF5-B524-45DB-B76D-76791F26D27F}.AppStore|iPhone.ActiveCfg = Debug|Any CPU
		{48A7DAF5-B524-45DB-B76D-76791F26D27F}.AppStore|iPhone.Build.0 = Debug|Any CPU
		{48A7DAF5-B524-45DB-B76D-76791F26D27F}.AppStore|iPhoneSimulator.ActiveCfg = Debug|Any CPU
		{48A7DAF5-B524-45DB-B76D-76791F26D27F}.AppStore|iPhoneSimulator.Build.0 = Debug|Any CPU
		{48A7DAF5-B524-45DB-B76D-76791F26D27F}.AppStore|x64.ActiveCfg = Debug|Any CPU
		{48A7DAF5-B524-45DB-B76D-76791F26D27F}.AppStore|x64.Build.0 = Debug|Any CPU
		{48A7DAF5-B524-45DB-B76D-76791F26D27F}.AppStore|x86.ActiveCfg = Debug|Any CPU
		{48A7DAF5-B524-45DB-B76D-76791F26D27F}.AppStore|x86.Build.0 = Debug|Any CPU
		{48A7DAF5-B524-45DB-B76D-76791F26D27F}.Debug|Any CPU.ActiveCfg = Debug|Any CPU
		{48A7DAF5-B524-45DB-B76D-76791F26D27F}.Debug|Any CPU.Build.0 = Debug|Any CPU
		{48A7DAF5-B524-45DB-B76D-76791F26D27F}.Debug|ARM.ActiveCfg = Debug|Any CPU
		{48A7DAF5-B524-45DB-B76D-76791F26D27F}.Debug|ARM.Build.0 = Debug|Any CPU
		{48A7DAF5-B524-45DB-B76D-76791F26D27F}.Debug|ARM64.ActiveCfg = Debug|Any CPU
		{48A7DAF5-B524-45DB-B76D-76791F26D27F}.Debug|ARM64.Build.0 = Debug|Any CPU
		{48A7DAF5-B524-45DB-B76D-76791F26D27F}.Debug|iPhone.ActiveCfg = Debug|Any CPU
		{48A7DAF5-B524-45DB-B76D-76791F26D27F}.Debug|iPhone.Build.0 = Debug|Any CPU
		{48A7DAF5-B524-45DB-B76D-76791F26D27F}.Debug|iPhoneSimulator.ActiveCfg = Debug|Any CPU
		{48A7DAF5-B524-45DB-B76D-76791F26D27F}.Debug|iPhoneSimulator.Build.0 = Debug|Any CPU
		{48A7DAF5-B524-45DB-B76D-76791F26D27F}.Debug|x64.ActiveCfg = Debug|Any CPU
		{48A7DAF5-B524-45DB-B76D-76791F26D27F}.Debug|x64.Build.0 = Debug|Any CPU
		{48A7DAF5-B524-45DB-B76D-76791F26D27F}.Debug|x86.ActiveCfg = Debug|Any CPU
		{48A7DAF5-B524-45DB-B76D-76791F26D27F}.Debug|x86.Build.0 = Debug|Any CPU
		{48A7DAF5-B524-45DB-B76D-76791F26D27F}.Release|Any CPU.ActiveCfg = Release|Any CPU
		{48A7DAF5-B524-45DB-B76D-76791F26D27F}.Release|Any CPU.Build.0 = Release|Any CPU
		{48A7DAF5-B524-45DB-B76D-76791F26D27F}.Release|ARM.ActiveCfg = Release|Any CPU
		{48A7DAF5-B524-45DB-B76D-76791F26D27F}.Release|ARM.Build.0 = Release|Any CPU
		{48A7DAF5-B524-45DB-B76D-76791F26D27F}.Release|ARM64.ActiveCfg = Release|Any CPU
		{48A7DAF5-B524-45DB-B76D-76791F26D27F}.Release|ARM64.Build.0 = Release|Any CPU
		{48A7DAF5-B524-45DB-B76D-76791F26D27F}.Release|iPhone.ActiveCfg = Release|Any CPU
		{48A7DAF5-B524-45DB-B76D-76791F26D27F}.Release|iPhone.Build.0 = Release|Any CPU
		{48A7DAF5-B524-45DB-B76D-76791F26D27F}.Release|iPhoneSimulator.ActiveCfg = Release|Any CPU
		{48A7DAF5-B524-45DB-B76D-76791F26D27F}.Release|iPhoneSimulator.Build.0 = Release|Any CPU
		{48A7DAF5-B524-45DB-B76D-76791F26D27F}.Release|x64.ActiveCfg = Release|Any CPU
		{48A7DAF5-B524-45DB-B76D-76791F26D27F}.Release|x64.Build.0 = Release|Any CPU
		{48A7DAF5-B524-45DB-B76D-76791F26D27F}.Release|x86.ActiveCfg = Release|Any CPU
		{48A7DAF5-B524-45DB-B76D-76791F26D27F}.Release|x86.Build.0 = Release|Any CPU
		{5C5443F1-1F10-4483-B0FF-F34E3A34AACA}.Ad-Hoc|Any CPU.ActiveCfg = Debug|Any CPU
		{5C5443F1-1F10-4483-B0FF-F34E3A34AACA}.Ad-Hoc|Any CPU.Build.0 = Debug|Any CPU
		{5C5443F1-1F10-4483-B0FF-F34E3A34AACA}.Ad-Hoc|ARM.ActiveCfg = Debug|Any CPU
		{5C5443F1-1F10-4483-B0FF-F34E3A34AACA}.Ad-Hoc|ARM.Build.0 = Debug|Any CPU
		{5C5443F1-1F10-4483-B0FF-F34E3A34AACA}.Ad-Hoc|ARM64.ActiveCfg = Debug|Any CPU
		{5C5443F1-1F10-4483-B0FF-F34E3A34AACA}.Ad-Hoc|ARM64.Build.0 = Debug|Any CPU
		{5C5443F1-1F10-4483-B0FF-F34E3A34AACA}.Ad-Hoc|iPhone.ActiveCfg = Debug|Any CPU
		{5C5443F1-1F10-4483-B0FF-F34E3A34AACA}.Ad-Hoc|iPhone.Build.0 = Debug|Any CPU
		{5C5443F1-1F10-4483-B0FF-F34E3A34AACA}.Ad-Hoc|iPhoneSimulator.ActiveCfg = Debug|Any CPU
		{5C5443F1-1F10-4483-B0FF-F34E3A34AACA}.Ad-Hoc|iPhoneSimulator.Build.0 = Debug|Any CPU
		{5C5443F1-1F10-4483-B0FF-F34E3A34AACA}.Ad-Hoc|x64.ActiveCfg = Debug|Any CPU
		{5C5443F1-1F10-4483-B0FF-F34E3A34AACA}.Ad-Hoc|x64.Build.0 = Debug|Any CPU
		{5C5443F1-1F10-4483-B0FF-F34E3A34AACA}.Ad-Hoc|x86.ActiveCfg = Debug|Any CPU
		{5C5443F1-1F10-4483-B0FF-F34E3A34AACA}.Ad-Hoc|x86.Build.0 = Debug|Any CPU
		{5C5443F1-1F10-4483-B0FF-F34E3A34AACA}.AppStore|Any CPU.ActiveCfg = Debug|Any CPU
		{5C5443F1-1F10-4483-B0FF-F34E3A34AACA}.AppStore|Any CPU.Build.0 = Debug|Any CPU
		{5C5443F1-1F10-4483-B0FF-F34E3A34AACA}.AppStore|ARM.ActiveCfg = Debug|Any CPU
		{5C5443F1-1F10-4483-B0FF-F34E3A34AACA}.AppStore|ARM.Build.0 = Debug|Any CPU
		{5C5443F1-1F10-4483-B0FF-F34E3A34AACA}.AppStore|ARM64.ActiveCfg = Debug|Any CPU
		{5C5443F1-1F10-4483-B0FF-F34E3A34AACA}.AppStore|ARM64.Build.0 = Debug|Any CPU
		{5C5443F1-1F10-4483-B0FF-F34E3A34AACA}.AppStore|iPhone.ActiveCfg = Debug|Any CPU
		{5C5443F1-1F10-4483-B0FF-F34E3A34AACA}.AppStore|iPhone.Build.0 = Debug|Any CPU
		{5C5443F1-1F10-4483-B0FF-F34E3A34AACA}.AppStore|iPhoneSimulator.ActiveCfg = Debug|Any CPU
		{5C5443F1-1F10-4483-B0FF-F34E3A34AACA}.AppStore|iPhoneSimulator.Build.0 = Debug|Any CPU
		{5C5443F1-1F10-4483-B0FF-F34E3A34AACA}.AppStore|x64.ActiveCfg = Debug|Any CPU
		{5C5443F1-1F10-4483-B0FF-F34E3A34AACA}.AppStore|x64.Build.0 = Debug|Any CPU
		{5C5443F1-1F10-4483-B0FF-F34E3A34AACA}.AppStore|x86.ActiveCfg = Debug|Any CPU
		{5C5443F1-1F10-4483-B0FF-F34E3A34AACA}.AppStore|x86.Build.0 = Debug|Any CPU
		{5C5443F1-1F10-4483-B0FF-F34E3A34AACA}.Debug|Any CPU.ActiveCfg = Debug|Any CPU
		{5C5443F1-1F10-4483-B0FF-F34E3A34AACA}.Debug|Any CPU.Build.0 = Debug|Any CPU
		{5C5443F1-1F10-4483-B0FF-F34E3A34AACA}.Debug|ARM.ActiveCfg = Debug|Any CPU
		{5C5443F1-1F10-4483-B0FF-F34E3A34AACA}.Debug|ARM.Build.0 = Debug|Any CPU
		{5C5443F1-1F10-4483-B0FF-F34E3A34AACA}.Debug|ARM64.ActiveCfg = Debug|Any CPU
		{5C5443F1-1F10-4483-B0FF-F34E3A34AACA}.Debug|ARM64.Build.0 = Debug|Any CPU
		{5C5443F1-1F10-4483-B0FF-F34E3A34AACA}.Debug|iPhone.ActiveCfg = Debug|Any CPU
		{5C5443F1-1F10-4483-B0FF-F34E3A34AACA}.Debug|iPhone.Build.0 = Debug|Any CPU
		{5C5443F1-1F10-4483-B0FF-F34E3A34AACA}.Debug|iPhoneSimulator.ActiveCfg = Debug|Any CPU
		{5C5443F1-1F10-4483-B0FF-F34E3A34AACA}.Debug|iPhoneSimulator.Build.0 = Debug|Any CPU
		{5C5443F1-1F10-4483-B0FF-F34E3A34AACA}.Debug|x64.ActiveCfg = Debug|Any CPU
		{5C5443F1-1F10-4483-B0FF-F34E3A34AACA}.Debug|x64.Build.0 = Debug|Any CPU
		{5C5443F1-1F10-4483-B0FF-F34E3A34AACA}.Debug|x86.ActiveCfg = Debug|Any CPU
		{5C5443F1-1F10-4483-B0FF-F34E3A34AACA}.Debug|x86.Build.0 = Debug|Any CPU
		{5C5443F1-1F10-4483-B0FF-F34E3A34AACA}.Release|Any CPU.ActiveCfg = Release|Any CPU
		{5C5443F1-1F10-4483-B0FF-F34E3A34AACA}.Release|Any CPU.Build.0 = Release|Any CPU
		{5C5443F1-1F10-4483-B0FF-F34E3A34AACA}.Release|ARM.ActiveCfg = Release|Any CPU
		{5C5443F1-1F10-4483-B0FF-F34E3A34AACA}.Release|ARM.Build.0 = Release|Any CPU
		{5C5443F1-1F10-4483-B0FF-F34E3A34AACA}.Release|ARM64.ActiveCfg = Release|Any CPU
		{5C5443F1-1F10-4483-B0FF-F34E3A34AACA}.Release|ARM64.Build.0 = Release|Any CPU
		{5C5443F1-1F10-4483-B0FF-F34E3A34AACA}.Release|iPhone.ActiveCfg = Release|Any CPU
		{5C5443F1-1F10-4483-B0FF-F34E3A34AACA}.Release|iPhone.Build.0 = Release|Any CPU
		{5C5443F1-1F10-4483-B0FF-F34E3A34AACA}.Release|iPhoneSimulator.ActiveCfg = Release|Any CPU
		{5C5443F1-1F10-4483-B0FF-F34E3A34AACA}.Release|iPhoneSimulator.Build.0 = Release|Any CPU
		{5C5443F1-1F10-4483-B0FF-F34E3A34AACA}.Release|x64.ActiveCfg = Release|Any CPU
		{5C5443F1-1F10-4483-B0FF-F34E3A34AACA}.Release|x64.Build.0 = Release|Any CPU
		{5C5443F1-1F10-4483-B0FF-F34E3A34AACA}.Release|x86.ActiveCfg = Release|Any CPU
		{5C5443F1-1F10-4483-B0FF-F34E3A34AACA}.Release|x86.Build.0 = Release|Any CPU
		{131BA346-307D-4825-AE84-E3A22944E95E}.Ad-Hoc|Any CPU.ActiveCfg = Debug|Any CPU
		{131BA346-307D-4825-AE84-E3A22944E95E}.Ad-Hoc|Any CPU.Build.0 = Debug|Any CPU
		{131BA346-307D-4825-AE84-E3A22944E95E}.Ad-Hoc|ARM.ActiveCfg = Debug|Any CPU
		{131BA346-307D-4825-AE84-E3A22944E95E}.Ad-Hoc|ARM.Build.0 = Debug|Any CPU
		{131BA346-307D-4825-AE84-E3A22944E95E}.Ad-Hoc|ARM64.ActiveCfg = Debug|Any CPU
		{131BA346-307D-4825-AE84-E3A22944E95E}.Ad-Hoc|ARM64.Build.0 = Debug|Any CPU
		{131BA346-307D-4825-AE84-E3A22944E95E}.Ad-Hoc|iPhone.ActiveCfg = Debug|Any CPU
		{131BA346-307D-4825-AE84-E3A22944E95E}.Ad-Hoc|iPhone.Build.0 = Debug|Any CPU
		{131BA346-307D-4825-AE84-E3A22944E95E}.Ad-Hoc|iPhoneSimulator.ActiveCfg = Debug|Any CPU
		{131BA346-307D-4825-AE84-E3A22944E95E}.Ad-Hoc|iPhoneSimulator.Build.0 = Debug|Any CPU
		{131BA346-307D-4825-AE84-E3A22944E95E}.Ad-Hoc|x64.ActiveCfg = Debug|Any CPU
		{131BA346-307D-4825-AE84-E3A22944E95E}.Ad-Hoc|x64.Build.0 = Debug|Any CPU
		{131BA346-307D-4825-AE84-E3A22944E95E}.Ad-Hoc|x86.ActiveCfg = Debug|Any CPU
		{131BA346-307D-4825-AE84-E3A22944E95E}.Ad-Hoc|x86.Build.0 = Debug|Any CPU
		{131BA346-307D-4825-AE84-E3A22944E95E}.AppStore|Any CPU.ActiveCfg = Debug|Any CPU
		{131BA346-307D-4825-AE84-E3A22944E95E}.AppStore|Any CPU.Build.0 = Debug|Any CPU
		{131BA346-307D-4825-AE84-E3A22944E95E}.AppStore|ARM.ActiveCfg = Debug|Any CPU
		{131BA346-307D-4825-AE84-E3A22944E95E}.AppStore|ARM.Build.0 = Debug|Any CPU
		{131BA346-307D-4825-AE84-E3A22944E95E}.AppStore|ARM64.ActiveCfg = Debug|Any CPU
		{131BA346-307D-4825-AE84-E3A22944E95E}.AppStore|ARM64.Build.0 = Debug|Any CPU
		{131BA346-307D-4825-AE84-E3A22944E95E}.AppStore|iPhone.ActiveCfg = Debug|Any CPU
		{131BA346-307D-4825-AE84-E3A22944E95E}.AppStore|iPhone.Build.0 = Debug|Any CPU
		{131BA346-307D-4825-AE84-E3A22944E95E}.AppStore|iPhoneSimulator.ActiveCfg = Debug|Any CPU
		{131BA346-307D-4825-AE84-E3A22944E95E}.AppStore|iPhoneSimulator.Build.0 = Debug|Any CPU
		{131BA346-307D-4825-AE84-E3A22944E95E}.AppStore|x64.ActiveCfg = Debug|Any CPU
		{131BA346-307D-4825-AE84-E3A22944E95E}.AppStore|x64.Build.0 = Debug|Any CPU
		{131BA346-307D-4825-AE84-E3A22944E95E}.AppStore|x86.ActiveCfg = Debug|Any CPU
		{131BA346-307D-4825-AE84-E3A22944E95E}.AppStore|x86.Build.0 = Debug|Any CPU
		{131BA346-307D-4825-AE84-E3A22944E95E}.Debug|Any CPU.ActiveCfg = Debug|Any CPU
		{131BA346-307D-4825-AE84-E3A22944E95E}.Debug|Any CPU.Build.0 = Debug|Any CPU
		{131BA346-307D-4825-AE84-E3A22944E95E}.Debug|ARM.ActiveCfg = Debug|Any CPU
		{131BA346-307D-4825-AE84-E3A22944E95E}.Debug|ARM.Build.0 = Debug|Any CPU
		{131BA346-307D-4825-AE84-E3A22944E95E}.Debug|ARM64.ActiveCfg = Debug|Any CPU
		{131BA346-307D-4825-AE84-E3A22944E95E}.Debug|ARM64.Build.0 = Debug|Any CPU
		{131BA346-307D-4825-AE84-E3A22944E95E}.Debug|iPhone.ActiveCfg = Debug|Any CPU
		{131BA346-307D-4825-AE84-E3A22944E95E}.Debug|iPhone.Build.0 = Debug|Any CPU
		{131BA346-307D-4825-AE84-E3A22944E95E}.Debug|iPhoneSimulator.ActiveCfg = Debug|Any CPU
		{131BA346-307D-4825-AE84-E3A22944E95E}.Debug|iPhoneSimulator.Build.0 = Debug|Any CPU
		{131BA346-307D-4825-AE84-E3A22944E95E}.Debug|x64.ActiveCfg = Debug|Any CPU
		{131BA346-307D-4825-AE84-E3A22944E95E}.Debug|x64.Build.0 = Debug|Any CPU
		{131BA346-307D-4825-AE84-E3A22944E95E}.Debug|x86.ActiveCfg = Debug|Any CPU
		{131BA346-307D-4825-AE84-E3A22944E95E}.Debug|x86.Build.0 = Debug|Any CPU
		{131BA346-307D-4825-AE84-E3A22944E95E}.Release|Any CPU.ActiveCfg = Release|Any CPU
		{131BA346-307D-4825-AE84-E3A22944E95E}.Release|Any CPU.Build.0 = Release|Any CPU
		{131BA346-307D-4825-AE84-E3A22944E95E}.Release|ARM.ActiveCfg = Release|Any CPU
		{131BA346-307D-4825-AE84-E3A22944E95E}.Release|ARM.Build.0 = Release|Any CPU
		{131BA346-307D-4825-AE84-E3A22944E95E}.Release|ARM64.ActiveCfg = Release|Any CPU
		{131BA346-307D-4825-AE84-E3A22944E95E}.Release|ARM64.Build.0 = Release|Any CPU
		{131BA346-307D-4825-AE84-E3A22944E95E}.Release|iPhone.ActiveCfg = Release|Any CPU
		{131BA346-307D-4825-AE84-E3A22944E95E}.Release|iPhone.Build.0 = Release|Any CPU
		{131BA346-307D-4825-AE84-E3A22944E95E}.Release|iPhoneSimulator.ActiveCfg = Release|Any CPU
		{131BA346-307D-4825-AE84-E3A22944E95E}.Release|iPhoneSimulator.Build.0 = Release|Any CPU
		{131BA346-307D-4825-AE84-E3A22944E95E}.Release|x64.ActiveCfg = Release|Any CPU
		{131BA346-307D-4825-AE84-E3A22944E95E}.Release|x64.Build.0 = Release|Any CPU
		{131BA346-307D-4825-AE84-E3A22944E95E}.Release|x86.ActiveCfg = Release|Any CPU
		{131BA346-307D-4825-AE84-E3A22944E95E}.Release|x86.Build.0 = Release|Any CPU
	EndGlobalSection
	GlobalSection(SolutionProperties) = preSolution
		HideSolutionNode = FALSE
	EndGlobalSection
	GlobalSection(NestedProjects) = preSolution
		{887D755B-CCE1-4AD1-966F-D13B382BB2C1} = {130E80CA-0A5B-49A4-BA85-9F3B34CDAA63}
		{6F2ACC13-E7AE-491C-A1E6-834FEBB77A83} = {130E80CA-0A5B-49A4-BA85-9F3B34CDAA63}
		{135C6895-8AF8-4D41-9872-192931AF5DF5} = {130E80CA-0A5B-49A4-BA85-9F3B34CDAA63}
		{81204865-F205-4A84-87A4-7423AB8DA320} = {130E80CA-0A5B-49A4-BA85-9F3B34CDAA63}
		{3CE2F71E-D50F-41A0-84E7-D833D52B6932} = {130E80CA-0A5B-49A4-BA85-9F3B34CDAA63}
		{53FBCECD-9C16-4943-BD22-84AF8C3EE3CD} = {130E80CA-0A5B-49A4-BA85-9F3B34CDAA63}
		{48A7DAF5-B524-45DB-B76D-76791F26D27F} = {130E80CA-0A5B-49A4-BA85-9F3B34CDAA63}
		{5C5443F1-1F10-4483-B0FF-F34E3A34AACA} = {130E80CA-0A5B-49A4-BA85-9F3B34CDAA63}
		{131BA346-307D-4825-AE84-E3A22944E95E} = {130E80CA-0A5B-49A4-BA85-9F3B34CDAA63}
	EndGlobalSection
	GlobalSection(ExtensibilityGlobals) = postSolution
		SolutionGuid = {2895862A-E022-4FBE-822D-5AB7A2DEF239}
	EndGlobalSection
EndGlobal
