
Microsoft Visual Studio Solution File, Format Version 12.00
# Visual Studio Version 16
VisualStudioVersion = 16.0.30907.101
MinimumVisualStudioVersion = 10.0.40219.1
Project("{FAE04EC0-301F-11D3-BF4B-00C04F79EFBC}") = "AspNetCoreNLogDemo", "AspNetCoreNLogDemo\AspNetCoreNLogDemo.csproj", "{CE6105CA-088B-4065-9151-17594DE9922A}"
EndProject
Global
	GlobalSection(SolutionConfigurationPlatforms) = preSolution
		Debug|Any CPU = Debug|Any CPU
		Release|Any CPU = Release|Any CPU
	EndGlobalSection
	GlobalSection(ProjectConfigurationPlatforms) = postSolution
		{CE6105CA-088B-4065-9151-17594DE9922A}.Debug|Any CPU.ActiveCfg = Debug|Any CPU
		{CE6105CA-088B-4065-9151-17594DE9922A}.Debug|Any CPU.Build.0 = Debug|Any CPU
		{CE6105CA-088B-4065-9151-17594DE9922A}.Release|Any CPU.ActiveCfg = Release|Any CPU
		{CE6105CA-088B-4065-9151-17594DE9922A}.Release|Any CPU.Build.0 = Release|Any CPU
	EndGlobalSection
	GlobalSection(SolutionProperties) = preSolution
		HideSolutionNode = FALSE
	EndGlobalSection
	GlobalSection(ExtensibilityGlobals) = postSolution
		SolutionGuid = {F57FEDF1-3C9E-4725-A5F4-282C87DC10D2}
	EndGlobalSection
EndGlobal
