
Microsoft Visual Studio Solution File, Format Version 12.00
# Visual Studio Version 16
VisualStudioVersion = 16.0.30709.64
MinimumVisualStudioVersion = 10.0.40219.1
Project("{2150E333-8FDC-42A3-9474-1A3956D46DE8}") = "Platforms", "Platforms", "{D2AFE69A-429F-4804-9254-49308B133A7F}"
EndProject
Project("{FAE04EC0-301F-11D3-BF4B-00C04F79EFBC}") = "FirstApp.Droid", "FirstApp\FirstApp.Droid\FirstApp.Droid.csproj", "{90586FAE-8C6D-4F40-99EC-ADE8FFF795CF}"
EndProject
Project("{FAE04EC0-301F-11D3-BF4B-00C04F79EFBC}") = "FirstApp.iOS", "FirstApp\FirstApp.iOS\FirstApp.iOS.csproj", "{5AD40313-260F-495A-9659-63BACB9A7BC9}"
EndProject
Project("{FAE04EC0-301F-11D3-BF4B-00C04F79EFBC}") = "FirstApp.UWP", "FirstApp\FirstApp.UWP\FirstApp.UWP.csproj", "{0D886CAE-FBF6-498E-AFF8-3E2E5680ED38}"
EndProject
Project("{FAE04EC0-301F-11D3-BF4B-00C04F79EFBC}") = "FirstApp.Wasm", "FirstApp\FirstApp.Wasm\FirstApp.Wasm.csproj", "{56CA7517-7C3F-4712-A3D1-8F55FEE33B69}"
EndProject
Project("{FAE04EC0-301F-11D3-BF4B-00C04F79EFBC}") = "FirstApp.macOS", "FirstApp\FirstApp.macOS\FirstApp.macOS.csproj", "{22B695A2-A04E-4F97-929C-BEF364AF3DA4}"
EndProject
Project("{FAE04EC0-301F-11D3-BF4B-00C04F79EFBC}") = "FirstApp.Skia.Wpf.Host", "FirstApp\FirstApp.Skia.Wpf.Host\FirstApp.Skia.Wpf.Host.csproj", "{DA4B3F47-07B8-406E-9115-2E15440C97FB}"
EndProject
Project("{FAE04EC0-301F-11D3-BF4B-00C04F79EFBC}") = "FirstApp.Skia.Wpf", "FirstApp\FirstApp.Skia.Wpf\FirstApp.Skia.Wpf.csproj", "{41457382-FA49-40AD-AB23-B53606F2A228}"
EndProject
Project("{FAE04EC0-301F-11D3-BF4B-00C04F79EFBC}") = "FirstApp.Skia.Gtk", "FirstApp\FirstApp.Skia.Gtk\FirstApp.Skia.Gtk.csproj", "{32E2FABA-91D6-43BF-A5BE-C6487071D186}"
EndProject
Project("{FAE04EC0-301F-11D3-BF4B-00C04F79EFBC}") = "FirstApp.Skia.Tizen", "FirstApp\FirstApp.Skia.Tizen\FirstApp.Skia.Tizen.csproj", "{1FE936E3-EAD5-4E1F-AE2B-D62E6CA74159}"
EndProject
Project("{D954291E-2A0B-460D-934E-DC6B0785DB48}") = "FirstApp.Shared", "FirstApp\FirstApp.Shared\FirstApp.Shared.shproj", "{6279C845-92F8-4333-AB99-3D213163593C}"
EndProject
Global
	GlobalSection(SharedMSBuildProjectFiles) = preSolution
		FirstApp\FirstApp.Shared\FirstApp.Shared.projitems*{1fe936e3-ead5-4e1f-ae2b-d62e6ca74159}*SharedItemsImports = 5
		FirstApp\FirstApp.Shared\FirstApp.Shared.projitems*{32e2faba-91d6-43bf-a5be-c6487071d186}*SharedItemsImports = 5
		FirstApp\FirstApp.Shared\FirstApp.Shared.projitems*{41457382-fa49-40ad-ab23-b53606f2a228}*SharedItemsImports = 5
		FirstApp\FirstApp.Shared\FirstApp.Shared.projitems*{56ca7517-7c3f-4712-a3d1-8f55fee33b69}*SharedItemsImports = 5
		FirstApp\FirstApp.Shared\FirstApp.Shared.projitems*{6279c845-92f8-4333-ab99-3d213163593c}*SharedItemsImports = 13
	EndGlobalSection
	GlobalSection(SolutionConfigurationPlatforms) = preSolution
		Ad-Hoc|Any CPU = Ad-Hoc|Any CPU
		Ad-Hoc|ARM = Ad-Hoc|ARM
		Ad-Hoc|ARM64 = Ad-Hoc|ARM64
		Ad-Hoc|iPhone = Ad-Hoc|iPhone
		Ad-Hoc|iPhoneSimulator = Ad-Hoc|iPhoneSimulator
		Ad-Hoc|x64 = Ad-Hoc|x64
		Ad-Hoc|x86 = Ad-Hoc|x86
		AppStore|Any CPU = AppStore|Any CPU
		AppStore|ARM = AppStore|ARM
		AppStore|ARM64 = AppStore|ARM64
		AppStore|iPhone = AppStore|iPhone
		AppStore|iPhoneSimulator = AppStore|iPhoneSimulator
		AppStore|x64 = AppStore|x64
		AppStore|x86 = AppStore|x86
		Debug|Any CPU = Debug|Any CPU
		Debug|ARM = Debug|ARM
		Debug|ARM64 = Debug|ARM64
		Debug|iPhone = Debug|iPhone
		Debug|iPhoneSimulator = Debug|iPhoneSimulator
		Debug|x64 = Debug|x64
		Debug|x86 = Debug|x86
		Release|Any CPU = Release|Any CPU
		Release|ARM = Release|ARM
		Release|ARM64 = Release|ARM64
		Release|iPhone = Release|iPhone
		Release|iPhoneSimulator = Release|iPhoneSimulator
		Release|x64 = Release|x64
		Release|x86 = Release|x86
	EndGlobalSection
	GlobalSection(ProjectConfigurationPlatforms) = postSolution
		{90586FAE-8C6D-4F40-99EC-ADE8FFF795CF}.Ad-Hoc|Any CPU.ActiveCfg = Debug|Any CPU
		{90586FAE-8C6D-4F40-99EC-ADE8FFF795CF}.Ad-Hoc|Any CPU.Build.0 = Debug|Any CPU
		{90586FAE-8C6D-4F40-99EC-ADE8FFF795CF}.Ad-Hoc|Any CPU.Deploy.0 = Debug|Any CPU
		{90586FAE-8C6D-4F40-99EC-ADE8FFF795CF}.Ad-Hoc|ARM.ActiveCfg = Debug|Any CPU
		{90586FAE-8C6D-4F40-99EC-ADE8FFF795CF}.Ad-Hoc|ARM.Build.0 = Debug|Any CPU
		{90586FAE-8C6D-4F40-99EC-ADE8FFF795CF}.Ad-Hoc|ARM.Deploy.0 = Debug|Any CPU
		{90586FAE-8C6D-4F40-99EC-ADE8FFF795CF}.Ad-Hoc|ARM64.ActiveCfg = Debug|Any CPU
		{90586FAE-8C6D-4F40-99EC-ADE8FFF795CF}.Ad-Hoc|ARM64.Build.0 = Debug|Any CPU
		{90586FAE-8C6D-4F40-99EC-ADE8FFF795CF}.Ad-Hoc|ARM64.Deploy.0 = Debug|Any CPU
		{90586FAE-8C6D-4F40-99EC-ADE8FFF795CF}.Ad-Hoc|iPhone.ActiveCfg = Debug|Any CPU
		{90586FAE-8C6D-4F40-99EC-ADE8FFF795CF}.Ad-Hoc|iPhone.Build.0 = Debug|Any CPU
		{90586FAE-8C6D-4F40-99EC-ADE8FFF795CF}.Ad-Hoc|iPhone.Deploy.0 = Debug|Any CPU
		{90586FAE-8C6D-4F40-99EC-ADE8FFF795CF}.Ad-Hoc|iPhoneSimulator.ActiveCfg = Debug|Any CPU
		{90586FAE-8C6D-4F40-99EC-ADE8FFF795CF}.Ad-Hoc|iPhoneSimulator.Build.0 = Debug|Any CPU
		{90586FAE-8C6D-4F40-99EC-ADE8FFF795CF}.Ad-Hoc|iPhoneSimulator.Deploy.0 = Debug|Any CPU
		{90586FAE-8C6D-4F40-99EC-ADE8FFF795CF}.Ad-Hoc|x64.ActiveCfg = Debug|Any CPU
		{90586FAE-8C6D-4F40-99EC-ADE8FFF795CF}.Ad-Hoc|x64.Build.0 = Debug|Any CPU
		{90586FAE-8C6D-4F40-99EC-ADE8FFF795CF}.Ad-Hoc|x64.Deploy.0 = Debug|Any CPU
		{90586FAE-8C6D-4F40-99EC-ADE8FFF795CF}.Ad-Hoc|x86.ActiveCfg = Debug|Any CPU
		{90586FAE-8C6D-4F40-99EC-ADE8FFF795CF}.Ad-Hoc|x86.Build.0 = Debug|Any CPU
		{90586FAE-8C6D-4F40-99EC-ADE8FFF795CF}.Ad-Hoc|x86.Deploy.0 = Debug|Any CPU
		{90586FAE-8C6D-4F40-99EC-ADE8FFF795CF}.AppStore|Any CPU.ActiveCfg = Debug|Any CPU
		{90586FAE-8C6D-4F40-99EC-ADE8FFF795CF}.AppStore|Any CPU.Build.0 = Debug|Any CPU
		{90586FAE-8C6D-4F40-99EC-ADE8FFF795CF}.AppStore|Any CPU.Deploy.0 = Debug|Any CPU
		{90586FAE-8C6D-4F40-99EC-ADE8FFF795CF}.AppStore|ARM.ActiveCfg = Debug|Any CPU
		{90586FAE-8C6D-4F40-99EC-ADE8FFF795CF}.AppStore|ARM.Build.0 = Debug|Any CPU
		{90586FAE-8C6D-4F40-99EC-ADE8FFF795CF}.AppStore|ARM.Deploy.0 = Debug|Any CPU
		{90586FAE-8C6D-4F40-99EC-ADE8FFF795CF}.AppStore|ARM64.ActiveCfg = Debug|Any CPU
		{90586FAE-8C6D-4F40-99EC-ADE8FFF795CF}.AppStore|ARM64.Build.0 = Debug|Any CPU
		{90586FAE-8C6D-4F40-99EC-ADE8FFF795CF}.AppStore|ARM64.Deploy.0 = Debug|Any CPU
		{90586FAE-8C6D-4F40-99EC-ADE8FFF795CF}.AppStore|iPhone.ActiveCfg = Debug|Any CPU
		{90586FAE-8C6D-4F40-99EC-ADE8FFF795CF}.AppStore|iPhone.Build.0 = Debug|Any CPU
		{90586FAE-8C6D-4F40-99EC-ADE8FFF795CF}.AppStore|iPhone.Deploy.0 = Debug|Any CPU
		{90586FAE-8C6D-4F40-99EC-ADE8FFF795CF}.AppStore|iPhoneSimulator.ActiveCfg = Debug|Any CPU
		{90586FAE-8C6D-4F40-99EC-ADE8FFF795CF}.AppStore|iPhoneSimulator.Build.0 = Debug|Any CPU
		{90586FAE-8C6D-4F40-99EC-ADE8FFF795CF}.AppStore|iPhoneSimulator.Deploy.0 = Debug|Any CPU
		{90586FAE-8C6D-4F40-99EC-ADE8FFF795CF}.AppStore|x64.ActiveCfg = Debug|Any CPU
		{90586FAE-8C6D-4F40-99EC-ADE8FFF795CF}.AppStore|x64.Build.0 = Debug|Any CPU
		{90586FAE-8C6D-4F40-99EC-ADE8FFF795CF}.AppStore|x64.Deploy.0 = Debug|Any CPU
		{90586FAE-8C6D-4F40-99EC-ADE8FFF795CF}.AppStore|x86.ActiveCfg = Debug|Any CPU
		{90586FAE-8C6D-4F40-99EC-ADE8FFF795CF}.AppStore|x86.Build.0 = Debug|Any CPU
		{90586FAE-8C6D-4F40-99EC-ADE8FFF795CF}.AppStore|x86.Deploy.0 = Debug|Any CPU
		{90586FAE-8C6D-4F40-99EC-ADE8FFF795CF}.Debug|Any CPU.ActiveCfg = Debug|Any CPU
		{90586FAE-8C6D-4F40-99EC-ADE8FFF795CF}.Debug|Any CPU.Build.0 = Debug|Any CPU
		{90586FAE-8C6D-4F40-99EC-ADE8FFF795CF}.Debug|Any CPU.Deploy.0 = Debug|Any CPU
		{90586FAE-8C6D-4F40-99EC-ADE8FFF795CF}.Debug|ARM.ActiveCfg = Debug|Any CPU
		{90586FAE-8C6D-4F40-99EC-ADE8FFF795CF}.Debug|ARM.Build.0 = Debug|Any CPU
		{90586FAE-8C6D-4F40-99EC-ADE8FFF795CF}.Debug|ARM.Deploy.0 = Debug|Any CPU
		{90586FAE-8C6D-4F40-99EC-ADE8FFF795CF}.Debug|ARM64.ActiveCfg = Debug|Any CPU
		{90586FAE-8C6D-4F40-99EC-ADE8FFF795CF}.Debug|ARM64.Build.0 = Debug|Any CPU
		{90586FAE-8C6D-4F40-99EC-ADE8FFF795CF}.Debug|ARM64.Deploy.0 = Debug|Any CPU
		{90586FAE-8C6D-4F40-99EC-ADE8FFF795CF}.Debug|iPhone.ActiveCfg = Debug|Any CPU
		{90586FAE-8C6D-4F40-99EC-ADE8FFF795CF}.Debug|iPhone.Build.0 = Debug|Any CPU
		{90586FAE-8C6D-4F40-99EC-ADE8FFF795CF}.Debug|iPhone.Deploy.0 = Debug|Any CPU
		{90586FAE-8C6D-4F40-99EC-ADE8FFF795CF}.Debug|iPhoneSimulator.ActiveCfg = Debug|Any CPU
		{90586FAE-8C6D-4F40-99EC-ADE8FFF795CF}.Debug|iPhoneSimulator.Build.0 = Debug|Any CPU
		{90586FAE-8C6D-4F40-99EC-ADE8FFF795CF}.Debug|iPhoneSimulator.Deploy.0 = Debug|Any CPU
		{90586FAE-8C6D-4F40-99EC-ADE8FFF795CF}.Debug|x64.ActiveCfg = Debug|Any CPU
		{90586FAE-8C6D-4F40-99EC-ADE8FFF795CF}.Debug|x64.Build.0 = Debug|Any CPU
		{90586FAE-8C6D-4F40-99EC-ADE8FFF795CF}.Debug|x64.Deploy.0 = Debug|Any CPU
		{90586FAE-8C6D-4F40-99EC-ADE8FFF795CF}.Debug|x86.ActiveCfg = Debug|Any CPU
		{90586FAE-8C6D-4F40-99EC-ADE8FFF795CF}.Debug|x86.Build.0 = Debug|Any CPU
		{90586FAE-8C6D-4F40-99EC-ADE8FFF795CF}.Debug|x86.Deploy.0 = Debug|Any CPU
		{90586FAE-8C6D-4F40-99EC-ADE8FFF795CF}.Release|Any CPU.ActiveCfg = Release|Any CPU
		{90586FAE-8C6D-4F40-99EC-ADE8FFF795CF}.Release|Any CPU.Build.0 = Release|Any CPU
		{90586FAE-8C6D-4F40-99EC-ADE8FFF795CF}.Release|Any CPU.Deploy.0 = Release|Any CPU
		{90586FAE-8C6D-4F40-99EC-ADE8FFF795CF}.Release|ARM.ActiveCfg = Release|Any CPU
		{90586FAE-8C6D-4F40-99EC-ADE8FFF795CF}.Release|ARM.Build.0 = Release|Any CPU
		{90586FAE-8C6D-4F40-99EC-ADE8FFF795CF}.Release|ARM.Deploy.0 = Release|Any CPU
		{90586FAE-8C6D-4F40-99EC-ADE8FFF795CF}.Release|ARM64.ActiveCfg = Release|Any CPU
		{90586FAE-8C6D-4F40-99EC-ADE8FFF795CF}.Release|ARM64.Build.0 = Release|Any CPU
		{90586FAE-8C6D-4F40-99EC-ADE8FFF795CF}.Release|ARM64.Deploy.0 = Release|Any CPU
		{90586FAE-8C6D-4F40-99EC-ADE8FFF795CF}.Release|iPhone.ActiveCfg = Release|Any CPU
		{90586FAE-8C6D-4F40-99EC-ADE8FFF795CF}.Release|iPhone.Build.0 = Release|Any CPU
		{90586FAE-8C6D-4F40-99EC-ADE8FFF795CF}.Release|iPhone.Deploy.0 = Release|Any CPU
		{90586FAE-8C6D-4F40-99EC-ADE8FFF795CF}.Release|iPhoneSimulator.ActiveCfg = Release|Any CPU
		{90586FAE-8C6D-4F40-99EC-ADE8FFF795CF}.Release|iPhoneSimulator.Build.0 = Release|Any CPU
		{90586FAE-8C6D-4F40-99EC-ADE8FFF795CF}.Release|iPhoneSimulator.Deploy.0 = Release|Any CPU
		{90586FAE-8C6D-4F40-99EC-ADE8FFF795CF}.Release|x64.ActiveCfg = Release|Any CPU
		{90586FAE-8C6D-4F40-99EC-ADE8FFF795CF}.Release|x64.Build.0 = Release|Any CPU
		{90586FAE-8C6D-4F40-99EC-ADE8FFF795CF}.Release|x64.Deploy.0 = Release|Any CPU
		{90586FAE-8C6D-4F40-99EC-ADE8FFF795CF}.Release|x86.ActiveCfg = Release|Any CPU
		{90586FAE-8C6D-4F40-99EC-ADE8FFF795CF}.Release|x86.Build.0 = Release|Any CPU
		{90586FAE-8C6D-4F40-99EC-ADE8FFF795CF}.Release|x86.Deploy.0 = Release|Any CPU
		{5AD40313-260F-495A-9659-63BACB9A7BC9}.Ad-Hoc|Any CPU.ActiveCfg = Ad-Hoc|iPhoneSimulator
		{5AD40313-260F-495A-9659-63BACB9A7BC9}.Ad-Hoc|ARM.ActiveCfg = Ad-Hoc|iPhoneSimulator
		{5AD40313-260F-495A-9659-63BACB9A7BC9}.Ad-Hoc|ARM64.ActiveCfg = Ad-Hoc|iPhoneSimulator
		{5AD40313-260F-495A-9659-63BACB9A7BC9}.Ad-Hoc|iPhone.ActiveCfg = Ad-Hoc|iPhone
		{5AD40313-260F-495A-9659-63BACB9A7BC9}.Ad-Hoc|iPhone.Build.0 = Ad-Hoc|iPhone
		{5AD40313-260F-495A-9659-63BACB9A7BC9}.Ad-Hoc|iPhoneSimulator.ActiveCfg = Ad-Hoc|iPhoneSimulator
		{5AD40313-260F-495A-9659-63BACB9A7BC9}.Ad-Hoc|iPhoneSimulator.Build.0 = Ad-Hoc|iPhoneSimulator
		{5AD40313-260F-495A-9659-63BACB9A7BC9}.Ad-Hoc|x64.ActiveCfg = Ad-Hoc|iPhoneSimulator
		{5AD40313-260F-495A-9659-63BACB9A7BC9}.Ad-Hoc|x86.ActiveCfg = Ad-Hoc|iPhoneSimulator
		{5AD40313-260F-495A-9659-63BACB9A7BC9}.AppStore|Any CPU.ActiveCfg = AppStore|iPhoneSimulator
		{5AD40313-260F-495A-9659-63BACB9A7BC9}.AppStore|ARM.ActiveCfg = AppStore|iPhoneSimulator
		{5AD40313-260F-495A-9659-63BACB9A7BC9}.AppStore|ARM64.ActiveCfg = AppStore|iPhoneSimulator
		{5AD40313-260F-495A-9659-63BACB9A7BC9}.AppStore|iPhone.ActiveCfg = AppStore|iPhone
		{5AD40313-260F-495A-9659-63BACB9A7BC9}.AppStore|iPhone.Build.0 = AppStore|iPhone
		{5AD40313-260F-495A-9659-63BACB9A7BC9}.AppStore|iPhoneSimulator.ActiveCfg = AppStore|iPhoneSimulator
		{5AD40313-260F-495A-9659-63BACB9A7BC9}.AppStore|iPhoneSimulator.Build.0 = AppStore|iPhoneSimulator
		{5AD40313-260F-495A-9659-63BACB9A7BC9}.AppStore|x64.ActiveCfg = AppStore|iPhoneSimulator
		{5AD40313-260F-495A-9659-63BACB9A7BC9}.AppStore|x86.ActiveCfg = AppStore|iPhoneSimulator
		{5AD40313-260F-495A-9659-63BACB9A7BC9}.Debug|Any CPU.ActiveCfg = Debug|iPhoneSimulator
		{5AD40313-260F-495A-9659-63BACB9A7BC9}.Debug|ARM.ActiveCfg = Debug|iPhoneSimulator
		{5AD40313-260F-495A-9659-63BACB9A7BC9}.Debug|ARM64.ActiveCfg = Debug|iPhoneSimulator
		{5AD40313-260F-495A-9659-63BACB9A7BC9}.Debug|iPhone.ActiveCfg = Debug|iPhone
		{5AD40313-260F-495A-9659-63BACB9A7BC9}.Debug|iPhone.Build.0 = Debug|iPhone
		{5AD40313-260F-495A-9659-63BACB9A7BC9}.Debug|iPhoneSimulator.ActiveCfg = Debug|iPhoneSimulator
		{5AD40313-260F-495A-9659-63BACB9A7BC9}.Debug|iPhoneSimulator.Build.0 = Debug|iPhoneSimulator
		{5AD40313-260F-495A-9659-63BACB9A7BC9}.Debug|x64.ActiveCfg = Debug|iPhoneSimulator
		{5AD40313-260F-495A-9659-63BACB9A7BC9}.Debug|x86.ActiveCfg = Debug|iPhoneSimulator
		{5AD40313-260F-495A-9659-63BACB9A7BC9}.Release|Any CPU.ActiveCfg = Release|iPhoneSimulator
		{5AD40313-260F-495A-9659-63BACB9A7BC9}.Release|ARM.ActiveCfg = Release|iPhoneSimulator
		{5AD40313-260F-495A-9659-63BACB9A7BC9}.Release|ARM64.ActiveCfg = Release|iPhoneSimulator
		{5AD40313-260F-495A-9659-63BACB9A7BC9}.Release|iPhone.ActiveCfg = Release|iPhone
		{5AD40313-260F-495A-9659-63BACB9A7BC9}.Release|iPhone.Build.0 = Release|iPhone
		{5AD40313-260F-495A-9659-63BACB9A7BC9}.Release|iPhoneSimulator.ActiveCfg = Release|iPhoneSimulator
		{5AD40313-260F-495A-9659-63BACB9A7BC9}.Release|iPhoneSimulator.Build.0 = Release|iPhoneSimulator
		{5AD40313-260F-495A-9659-63BACB9A7BC9}.Release|x64.ActiveCfg = Release|iPhoneSimulator
		{5AD40313-260F-495A-9659-63BACB9A7BC9}.Release|x86.ActiveCfg = Release|iPhoneSimulator
		{0D886CAE-FBF6-498E-AFF8-3E2E5680ED38}.Ad-Hoc|Any CPU.ActiveCfg = Debug|x86
		{0D886CAE-FBF6-498E-AFF8-3E2E5680ED38}.Ad-Hoc|Any CPU.Build.0 = Debug|x86
		{0D886CAE-FBF6-498E-AFF8-3E2E5680ED38}.Ad-Hoc|Any CPU.Deploy.0 = Debug|x86
		{0D886CAE-FBF6-498E-AFF8-3E2E5680ED38}.Ad-Hoc|ARM.ActiveCfg = Debug|ARM
		{0D886CAE-FBF6-498E-AFF8-3E2E5680ED38}.Ad-Hoc|ARM.Build.0 = Debug|ARM
		{0D886CAE-FBF6-498E-AFF8-3E2E5680ED38}.Ad-Hoc|ARM.Deploy.0 = Debug|ARM
		{0D886CAE-FBF6-498E-AFF8-3E2E5680ED38}.Ad-Hoc|ARM64.ActiveCfg = Debug|ARM64
		{0D886CAE-FBF6-498E-AFF8-3E2E5680ED38}.Ad-Hoc|ARM64.Build.0 = Debug|ARM64
		{0D886CAE-FBF6-498E-AFF8-3E2E5680ED38}.Ad-Hoc|ARM64.Deploy.0 = Debug|ARM64
		{0D886CAE-FBF6-498E-AFF8-3E2E5680ED38}.Ad-Hoc|iPhone.ActiveCfg = Debug|x86
		{0D886CAE-FBF6-498E-AFF8-3E2E5680ED38}.Ad-Hoc|iPhone.Build.0 = Debug|x86
		{0D886CAE-FBF6-498E-AFF8-3E2E5680ED38}.Ad-Hoc|iPhone.Deploy.0 = Debug|x86
		{0D886CAE-FBF6-498E-AFF8-3E2E5680ED38}.Ad-Hoc|iPhoneSimulator.ActiveCfg = Debug|x86
		{0D886CAE-FBF6-498E-AFF8-3E2E5680ED38}.Ad-Hoc|iPhoneSimulator.Build.0 = Debug|x86
		{0D886CAE-FBF6-498E-AFF8-3E2E5680ED38}.Ad-Hoc|iPhoneSimulator.Deploy.0 = Debug|x86
		{0D886CAE-FBF6-498E-AFF8-3E2E5680ED38}.Ad-Hoc|x64.ActiveCfg = Debug|x64
		{0D886CAE-FBF6-498E-AFF8-3E2E5680ED38}.Ad-Hoc|x64.Build.0 = Debug|x64
		{0D886CAE-FBF6-498E-AFF8-3E2E5680ED38}.Ad-Hoc|x64.Deploy.0 = Debug|x64
		{0D886CAE-FBF6-498E-AFF8-3E2E5680ED38}.Ad-Hoc|x86.ActiveCfg = Debug|x86
		{0D886CAE-FBF6-498E-AFF8-3E2E5680ED38}.Ad-Hoc|x86.Build.0 = Debug|x86
		{0D886CAE-FBF6-498E-AFF8-3E2E5680ED38}.Ad-Hoc|x86.Deploy.0 = Debug|x86
		{0D886CAE-FBF6-498E-AFF8-3E2E5680ED38}.AppStore|Any CPU.ActiveCfg = Debug|x86
		{0D886CAE-FBF6-498E-AFF8-3E2E5680ED38}.AppStore|Any CPU.Build.0 = Debug|x86
		{0D886CAE-FBF6-498E-AFF8-3E2E5680ED38}.AppStore|Any CPU.Deploy.0 = Debug|x86
		{0D886CAE-FBF6-498E-AFF8-3E2E5680ED38}.AppStore|ARM.ActiveCfg = Debug|ARM
		{0D886CAE-FBF6-498E-AFF8-3E2E5680ED38}.AppStore|ARM.Build.0 = Debug|ARM
		{0D886CAE-FBF6-498E-AFF8-3E2E5680ED38}.AppStore|ARM.Deploy.0 = Debug|ARM
		{0D886CAE-FBF6-498E-AFF8-3E2E5680ED38}.AppStore|ARM64.ActiveCfg = Debug|ARM64
		{0D886CAE-FBF6-498E-AFF8-3E2E5680ED38}.AppStore|ARM64.Build.0 = Debug|ARM64
		{0D886CAE-FBF6-498E-AFF8-3E2E5680ED38}.AppStore|ARM64.Deploy.0 = Debug|ARM64
		{0D886CAE-FBF6-498E-AFF8-3E2E5680ED38}.AppStore|iPhone.ActiveCfg = Debug|x86
		{0D886CAE-FBF6-498E-AFF8-3E2E5680ED38}.AppStore|iPhone.Build.0 = Debug|x86
		{0D886CAE-FBF6-498E-AFF8-3E2E5680ED38}.AppStore|iPhone.Deploy.0 = Debug|x86
		{0D886CAE-FBF6-498E-AFF8-3E2E5680ED38}.AppStore|iPhoneSimulator.ActiveCfg = Debug|x86
		{0D886CAE-FBF6-498E-AFF8-3E2E5680ED38}.AppStore|iPhoneSimulator.Build.0 = Debug|x86
		{0D886CAE-FBF6-498E-AFF8-3E2E5680ED38}.AppStore|iPhoneSimulator.Deploy.0 = Debug|x86
		{0D886CAE-FBF6-498E-AFF8-3E2E5680ED38}.AppStore|x64.ActiveCfg = Debug|x64
		{0D886CAE-FBF6-498E-AFF8-3E2E5680ED38}.AppStore|x64.Build.0 = Debug|x64
		{0D886CAE-FBF6-498E-AFF8-3E2E5680ED38}.AppStore|x64.Deploy.0 = Debug|x64
		{0D886CAE-FBF6-498E-AFF8-3E2E5680ED38}.AppStore|x86.ActiveCfg = Debug|x86
		{0D886CAE-FBF6-498E-AFF8-3E2E5680ED38}.AppStore|x86.Build.0 = Debug|x86
		{0D886CAE-FBF6-498E-AFF8-3E2E5680ED38}.AppStore|x86.Deploy.0 = Debug|x86
		{0D886CAE-FBF6-498E-AFF8-3E2E5680ED38}.Debug|Any CPU.ActiveCfg = Debug|x86
		{0D886CAE-FBF6-498E-AFF8-3E2E5680ED38}.Debug|ARM.ActiveCfg = Debug|ARM
		{0D886CAE-FBF6-498E-AFF8-3E2E5680ED38}.Debug|ARM.Build.0 = Debug|ARM
		{0D886CAE-FBF6-498E-AFF8-3E2E5680ED38}.Debug|ARM.Deploy.0 = Debug|ARM
		{0D886CAE-FBF6-498E-AFF8-3E2E5680ED38}.Debug|ARM64.ActiveCfg = Debug|ARM64
		{0D886CAE-FBF6-498E-AFF8-3E2E5680ED38}.Debug|ARM64.Build.0 = Debug|ARM64
		{0D886CAE-FBF6-498E-AFF8-3E2E5680ED38}.Debug|ARM64.Deploy.0 = Debug|ARM64
		{0D886CAE-FBF6-498E-AFF8-3E2E5680ED38}.Debug|iPhone.ActiveCfg = Debug|x86
		{0D886CAE-FBF6-498E-AFF8-3E2E5680ED38}.Debug|iPhoneSimulator.ActiveCfg = Debug|x86
		{0D886CAE-FBF6-498E-AFF8-3E2E5680ED38}.Debug|x64.ActiveCfg = Debug|x64
		{0D886CAE-FBF6-498E-AFF8-3E2E5680ED38}.Debug|x64.Build.0 = Debug|x64
		{0D886CAE-FBF6-498E-AFF8-3E2E5680ED38}.Debug|x64.Deploy.0 = Debug|x64
		{0D886CAE-FBF6-498E-AFF8-3E2E5680ED38}.Debug|x86.ActiveCfg = Debug|x86
		{0D886CAE-FBF6-498E-AFF8-3E2E5680ED38}.Debug|x86.Build.0 = Debug|x86
		{0D886CAE-FBF6-498E-AFF8-3E2E5680ED38}.Debug|x86.Deploy.0 = Debug|x86
		{0D886CAE-FBF6-498E-AFF8-3E2E5680ED38}.Release|Any CPU.ActiveCfg = Release|x86
		{0D886CAE-FBF6-498E-AFF8-3E2E5680ED38}.Release|ARM.ActiveCfg = Release|ARM
		{0D886CAE-FBF6-498E-AFF8-3E2E5680ED38}.Release|ARM.Build.0 = Release|ARM
		{0D886CAE-FBF6-498E-AFF8-3E2E5680ED38}.Release|ARM.Deploy.0 = Release|ARM
		{0D886CAE-FBF6-498E-AFF8-3E2E5680ED38}.Release|ARM64.ActiveCfg = Release|ARM64
		{0D886CAE-FBF6-498E-AFF8-3E2E5680ED38}.Release|ARM64.Build.0 = Release|ARM64
		{0D886CAE-FBF6-498E-AFF8-3E2E5680ED38}.Release|ARM64.Deploy.0 = Release|ARM64
		{0D886CAE-FBF6-498E-AFF8-3E2E5680ED38}.Release|iPhone.ActiveCfg = Release|x86
		{0D886CAE-FBF6-498E-AFF8-3E2E5680ED38}.Release|iPhoneSimulator.ActiveCfg = Release|x86
		{0D886CAE-FBF6-498E-AFF8-3E2E5680ED38}.Release|x64.ActiveCfg = Release|x64
		{0D886CAE-FBF6-498E-AFF8-3E2E5680ED38}.Release|x64.Build.0 = Release|x64
		{0D886CAE-FBF6-498E-AFF8-3E2E5680ED38}.Release|x64.Deploy.0 = Release|x64
		{0D886CAE-FBF6-498E-AFF8-3E2E5680ED38}.Release|x86.ActiveCfg = Release|x86
		{0D886CAE-FBF6-498E-AFF8-3E2E5680ED38}.Release|x86.Build.0 = Release|x86
		{0D886CAE-FBF6-498E-AFF8-3E2E5680ED38}.Release|x86.Deploy.0 = Release|x86
		{56CA7517-7C3F-4712-A3D1-8F55FEE33B69}.Ad-Hoc|Any CPU.ActiveCfg = Debug|Any CPU
		{56CA7517-7C3F-4712-A3D1-8F55FEE33B69}.Ad-Hoc|Any CPU.Build.0 = Debug|Any CPU
		{56CA7517-7C3F-4712-A3D1-8F55FEE33B69}.Ad-Hoc|ARM.ActiveCfg = Debug|Any CPU
		{56CA7517-7C3F-4712-A3D1-8F55FEE33B69}.Ad-Hoc|ARM.Build.0 = Debug|Any CPU
		{56CA7517-7C3F-4712-A3D1-8F55FEE33B69}.Ad-Hoc|ARM64.ActiveCfg = Debug|Any CPU
		{56CA7517-7C3F-4712-A3D1-8F55FEE33B69}.Ad-Hoc|ARM64.Build.0 = Debug|Any CPU
		{56CA7517-7C3F-4712-A3D1-8F55FEE33B69}.Ad-Hoc|iPhone.ActiveCfg = Debug|Any CPU
		{56CA7517-7C3F-4712-A3D1-8F55FEE33B69}.Ad-Hoc|iPhone.Build.0 = Debug|Any CPU
		{56CA7517-7C3F-4712-A3D1-8F55FEE33B69}.Ad-Hoc|iPhoneSimulator.ActiveCfg = Debug|Any CPU
		{56CA7517-7C3F-4712-A3D1-8F55FEE33B69}.Ad-Hoc|iPhoneSimulator.Build.0 = Debug|Any CPU
		{56CA7517-7C3F-4712-A3D1-8F55FEE33B69}.Ad-Hoc|x64.ActiveCfg = Debug|Any CPU
		{56CA7517-7C3F-4712-A3D1-8F55FEE33B69}.Ad-Hoc|x64.Build.0 = Debug|Any CPU
		{56CA7517-7C3F-4712-A3D1-8F55FEE33B69}.Ad-Hoc|x86.ActiveCfg = Debug|Any CPU
		{56CA7517-7C3F-4712-A3D1-8F55FEE33B69}.Ad-Hoc|x86.Build.0 = Debug|Any CPU
		{56CA7517-7C3F-4712-A3D1-8F55FEE33B69}.AppStore|Any CPU.ActiveCfg = Debug|Any CPU
		{56CA7517-7C3F-4712-A3D1-8F55FEE33B69}.AppStore|Any CPU.Build.0 = Debug|Any CPU
		{56CA7517-7C3F-4712-A3D1-8F55FEE33B69}.AppStore|ARM.ActiveCfg = Debug|Any CPU
		{56CA7517-7C3F-4712-A3D1-8F55FEE33B69}.AppStore|ARM.Build.0 = Debug|Any CPU
		{56CA7517-7C3F-4712-A3D1-8F55FEE33B69}.AppStore|ARM64.ActiveCfg = Debug|Any CPU
		{56CA7517-7C3F-4712-A3D1-8F55FEE33B69}.AppStore|ARM64.Build.0 = Debug|Any CPU
		{56CA7517-7C3F-4712-A3D1-8F55FEE33B69}.AppStore|iPhone.ActiveCfg = Debug|Any CPU
		{56CA7517-7C3F-4712-A3D1-8F55FEE33B69}.AppStore|iPhone.Build.0 = Debug|Any CPU
		{56CA7517-7C3F-4712-A3D1-8F55FEE33B69}.AppStore|iPhoneSimulator.ActiveCfg = Debug|Any CPU
		{56CA7517-7C3F-4712-A3D1-8F55FEE33B69}.AppStore|iPhoneSimulator.Build.0 = Debug|Any CPU
		{56CA7517-7C3F-4712-A3D1-8F55FEE33B69}.AppStore|x64.ActiveCfg = Debug|Any CPU
		{56CA7517-7C3F-4712-A3D1-8F55FEE33B69}.AppStore|x64.Build.0 = Debug|Any CPU
		{56CA7517-7C3F-4712-A3D1-8F55FEE33B69}.AppStore|x86.ActiveCfg = Debug|Any CPU
		{56CA7517-7C3F-4712-A3D1-8F55FEE33B69}.AppStore|x86.Build.0 = Debug|Any CPU
		{56CA7517-7C3F-4712-A3D1-8F55FEE33B69}.Debug|Any CPU.ActiveCfg = Debug|Any CPU
		{56CA7517-7C3F-4712-A3D1-8F55FEE33B69}.Debug|Any CPU.Build.0 = Debug|Any CPU
		{56CA7517-7C3F-4712-A3D1-8F55FEE33B69}.Debug|ARM.ActiveCfg = Debug|Any CPU
		{56CA7517-7C3F-4712-A3D1-8F55FEE33B69}.Debug|ARM.Build.0 = Debug|Any CPU
		{56CA7517-7C3F-4712-A3D1-8F55FEE33B69}.Debug|ARM64.ActiveCfg = Debug|Any CPU
		{56CA7517-7C3F-4712-A3D1-8F55FEE33B69}.Debug|ARM64.Build.0 = Debug|Any CPU
		{56CA7517-7C3F-4712-A3D1-8F55FEE33B69}.Debug|iPhone.ActiveCfg = Debug|Any CPU
		{56CA7517-7C3F-4712-A3D1-8F55FEE33B69}.Debug|iPhone.Build.0 = Debug|Any CPU
		{56CA7517-7C3F-4712-A3D1-8F55FEE33B69}.Debug|iPhoneSimulator.ActiveCfg = Debug|Any CPU
		{56CA7517-7C3F-4712-A3D1-8F55FEE33B69}.Debug|iPhoneSimulator.Build.0 = Debug|Any CPU
		{56CA7517-7C3F-4712-A3D1-8F55FEE33B69}.Debug|x64.ActiveCfg = Debug|Any CPU
		{56CA7517-7C3F-4712-A3D1-8F55FEE33B69}.Debug|x64.Build.0 = Debug|Any CPU
		{56CA7517-7C3F-4712-A3D1-8F55FEE33B69}.Debug|x86.ActiveCfg = Debug|Any CPU
		{56CA7517-7C3F-4712-A3D1-8F55FEE33B69}.Debug|x86.Build.0 = Debug|Any CPU
		{56CA7517-7C3F-4712-A3D1-8F55FEE33B69}.Release|Any CPU.ActiveCfg = Release|Any CPU
		{56CA7517-7C3F-4712-A3D1-8F55FEE33B69}.Release|Any CPU.Build.0 = Release|Any CPU
		{56CA7517-7C3F-4712-A3D1-8F55FEE33B69}.Release|ARM.ActiveCfg = Release|Any CPU
		{56CA7517-7C3F-4712-A3D1-8F55FEE33B69}.Release|ARM.Build.0 = Release|Any CPU
		{56CA7517-7C3F-4712-A3D1-8F55FEE33B69}.Release|ARM64.ActiveCfg = Release|Any CPU
		{56CA7517-7C3F-4712-A3D1-8F55FEE33B69}.Release|ARM64.Build.0 = Release|Any CPU
		{56CA7517-7C3F-4712-A3D1-8F55FEE33B69}.Release|iPhone.ActiveCfg = Release|Any CPU
		{56CA7517-7C3F-4712-A3D1-8F55FEE33B69}.Release|iPhone.Build.0 = Release|Any CPU
		{56CA7517-7C3F-4712-A3D1-8F55FEE33B69}.Release|iPhoneSimulator.ActiveCfg = Release|Any CPU
		{56CA7517-7C3F-4712-A3D1-8F55FEE33B69}.Release|iPhoneSimulator.Build.0 = Release|Any CPU
		{56CA7517-7C3F-4712-A3D1-8F55FEE33B69}.Release|x64.ActiveCfg = Release|Any CPU
		{56CA7517-7C3F-4712-A3D1-8F55FEE33B69}.Release|x64.Build.0 = Release|Any CPU
		{56CA7517-7C3F-4712-A3D1-8F55FEE33B69}.Release|x86.ActiveCfg = Release|Any CPU
		{56CA7517-7C3F-4712-A3D1-8F55FEE33B69}.Release|x86.Build.0 = Release|Any CPU
		{22B695A2-A04E-4F97-929C-BEF364AF3DA4}.Ad-Hoc|Any CPU.ActiveCfg = Debug|iPhoneSimulator
		{22B695A2-A04E-4F97-929C-BEF364AF3DA4}.Ad-Hoc|Any CPU.Build.0 = Debug|iPhoneSimulator
		{22B695A2-A04E-4F97-929C-BEF364AF3DA4}.Ad-Hoc|ARM.ActiveCfg = Debug|iPhoneSimulator
		{22B695A2-A04E-4F97-929C-BEF364AF3DA4}.Ad-Hoc|ARM.Build.0 = Debug|iPhoneSimulator
		{22B695A2-A04E-4F97-929C-BEF364AF3DA4}.Ad-Hoc|ARM64.ActiveCfg = Debug|iPhoneSimulator
		{22B695A2-A04E-4F97-929C-BEF364AF3DA4}.Ad-Hoc|ARM64.Build.0 = Debug|iPhoneSimulator
		{22B695A2-A04E-4F97-929C-BEF364AF3DA4}.Ad-Hoc|iPhone.ActiveCfg = Debug|iPhoneSimulator
		{22B695A2-A04E-4F97-929C-BEF364AF3DA4}.Ad-Hoc|iPhone.Build.0 = Debug|iPhoneSimulator
		{22B695A2-A04E-4F97-929C-BEF364AF3DA4}.Ad-Hoc|iPhoneSimulator.ActiveCfg = Debug|iPhoneSimulator
		{22B695A2-A04E-4F97-929C-BEF364AF3DA4}.Ad-Hoc|iPhoneSimulator.Build.0 = Debug|iPhoneSimulator
		{22B695A2-A04E-4F97-929C-BEF364AF3DA4}.Ad-Hoc|x64.ActiveCfg = Debug|iPhoneSimulator
		{22B695A2-A04E-4F97-929C-BEF364AF3DA4}.Ad-Hoc|x64.Build.0 = Debug|iPhoneSimulator
		{22B695A2-A04E-4F97-929C-BEF364AF3DA4}.Ad-Hoc|x86.ActiveCfg = Debug|iPhoneSimulator
		{22B695A2-A04E-4F97-929C-BEF364AF3DA4}.Ad-Hoc|x86.Build.0 = Debug|iPhoneSimulator
		{22B695A2-A04E-4F97-929C-BEF364AF3DA4}.AppStore|Any CPU.ActiveCfg = Debug|iPhoneSimulator
		{22B695A2-A04E-4F97-929C-BEF364AF3DA4}.AppStore|Any CPU.Build.0 = Debug|iPhoneSimulator
		{22B695A2-A04E-4F97-929C-BEF364AF3DA4}.AppStore|ARM.ActiveCfg = Debug|iPhoneSimulator
		{22B695A2-A04E-4F97-929C-BEF364AF3DA4}.AppStore|ARM.Build.0 = Debug|iPhoneSimulator
		{22B695A2-A04E-4F97-929C-BEF364AF3DA4}.AppStore|ARM64.ActiveCfg = Debug|iPhoneSimulator
		{22B695A2-A04E-4F97-929C-BEF364AF3DA4}.AppStore|ARM64.Build.0 = Debug|iPhoneSimulator
		{22B695A2-A04E-4F97-929C-BEF364AF3DA4}.AppStore|iPhone.ActiveCfg = Debug|iPhoneSimulator
		{22B695A2-A04E-4F97-929C-BEF364AF3DA4}.AppStore|iPhone.Build.0 = Debug|iPhoneSimulator
		{22B695A2-A04E-4F97-929C-BEF364AF3DA4}.AppStore|iPhoneSimulator.ActiveCfg = Debug|iPhoneSimulator
		{22B695A2-A04E-4F97-929C-BEF364AF3DA4}.AppStore|iPhoneSimulator.Build.0 = Debug|iPhoneSimulator
		{22B695A2-A04E-4F97-929C-BEF364AF3DA4}.AppStore|x64.ActiveCfg = Debug|iPhoneSimulator
		{22B695A2-A04E-4F97-929C-BEF364AF3DA4}.AppStore|x64.Build.0 = Debug|iPhoneSimulator
		{22B695A2-A04E-4F97-929C-BEF364AF3DA4}.AppStore|x86.ActiveCfg = Debug|iPhoneSimulator
		{22B695A2-A04E-4F97-929C-BEF364AF3DA4}.AppStore|x86.Build.0 = Debug|iPhoneSimulator
		{22B695A2-A04E-4F97-929C-BEF364AF3DA4}.Debug|Any CPU.ActiveCfg = Debug|iPhoneSimulator
		{22B695A2-A04E-4F97-929C-BEF364AF3DA4}.Debug|ARM.ActiveCfg = Debug|iPhoneSimulator
		{22B695A2-A04E-4F97-929C-BEF364AF3DA4}.Debug|ARM64.ActiveCfg = Debug|iPhoneSimulator
		{22B695A2-A04E-4F97-929C-BEF364AF3DA4}.Debug|iPhone.ActiveCfg = Debug|iPhoneSimulator
		{22B695A2-A04E-4F97-929C-BEF364AF3DA4}.Debug|iPhoneSimulator.ActiveCfg = Debug|iPhoneSimulator
		{22B695A2-A04E-4F97-929C-BEF364AF3DA4}.Debug|iPhoneSimulator.Build.0 = Debug|iPhoneSimulator
		{22B695A2-A04E-4F97-929C-BEF364AF3DA4}.Debug|x64.ActiveCfg = Debug|iPhoneSimulator
		{22B695A2-A04E-4F97-929C-BEF364AF3DA4}.Debug|x86.ActiveCfg = Debug|iPhoneSimulator
		{22B695A2-A04E-4F97-929C-BEF364AF3DA4}.Release|Any CPU.ActiveCfg = Release|iPhoneSimulator
		{22B695A2-A04E-4F97-929C-BEF364AF3DA4}.Release|ARM.ActiveCfg = Release|iPhoneSimulator
		{22B695A2-A04E-4F97-929C-BEF364AF3DA4}.Release|ARM64.ActiveCfg = Release|iPhoneSimulator
		{22B695A2-A04E-4F97-929C-BEF364AF3DA4}.Release|iPhone.ActiveCfg = Release|iPhoneSimulator
		{22B695A2-A04E-4F97-929C-BEF364AF3DA4}.Release|iPhoneSimulator.ActiveCfg = Release|iPhoneSimulator
		{22B695A2-A04E-4F97-929C-BEF364AF3DA4}.Release|iPhoneSimulator.Build.0 = Release|iPhoneSimulator
		{22B695A2-A04E-4F97-929C-BEF364AF3DA4}.Release|x64.ActiveCfg = Release|iPhoneSimulator
		{22B695A2-A04E-4F97-929C-BEF364AF3DA4}.Release|x86.ActiveCfg = Release|iPhoneSimulator
		{DA4B3F47-07B8-406E-9115-2E15440C97FB}.Ad-Hoc|Any CPU.ActiveCfg = Debug|Any CPU
		{DA4B3F47-07B8-406E-9115-2E15440C97FB}.Ad-Hoc|Any CPU.Build.0 = Debug|Any CPU
		{DA4B3F47-07B8-406E-9115-2E15440C97FB}.Ad-Hoc|ARM.ActiveCfg = Debug|Any CPU
		{DA4B3F47-07B8-406E-9115-2E15440C97FB}.Ad-Hoc|ARM.Build.0 = Debug|Any CPU
		{DA4B3F47-07B8-406E-9115-2E15440C97FB}.Ad-Hoc|ARM64.ActiveCfg = Debug|Any CPU
		{DA4B3F47-07B8-406E-9115-2E15440C97FB}.Ad-Hoc|ARM64.Build.0 = Debug|Any CPU
		{DA4B3F47-07B8-406E-9115-2E15440C97FB}.Ad-Hoc|iPhone.ActiveCfg = Debug|Any CPU
		{DA4B3F47-07B8-406E-9115-2E15440C97FB}.Ad-Hoc|iPhone.Build.0 = Debug|Any CPU
		{DA4B3F47-07B8-406E-9115-2E15440C97FB}.Ad-Hoc|iPhoneSimulator.ActiveCfg = Debug|Any CPU
		{DA4B3F47-07B8-406E-9115-2E15440C97FB}.Ad-Hoc|iPhoneSimulator.Build.0 = Debug|Any CPU
		{DA4B3F47-07B8-406E-9115-2E15440C97FB}.Ad-Hoc|x64.ActiveCfg = Debug|Any CPU
		{DA4B3F47-07B8-406E-9115-2E15440C97FB}.Ad-Hoc|x64.Build.0 = Debug|Any CPU
		{DA4B3F47-07B8-406E-9115-2E15440C97FB}.Ad-Hoc|x86.ActiveCfg = Debug|Any CPU
		{DA4B3F47-07B8-406E-9115-2E15440C97FB}.Ad-Hoc|x86.Build.0 = Debug|Any CPU
		{DA4B3F47-07B8-406E-9115-2E15440C97FB}.AppStore|Any CPU.ActiveCfg = Debug|Any CPU
		{DA4B3F47-07B8-406E-9115-2E15440C97FB}.AppStore|Any CPU.Build.0 = Debug|Any CPU
		{DA4B3F47-07B8-406E-9115-2E15440C97FB}.AppStore|ARM.ActiveCfg = Debug|Any CPU
		{DA4B3F47-07B8-406E-9115-2E15440C97FB}.AppStore|ARM.Build.0 = Debug|Any CPU
		{DA4B3F47-07B8-406E-9115-2E15440C97FB}.AppStore|ARM64.ActiveCfg = Debug|Any CPU
		{DA4B3F47-07B8-406E-9115-2E15440C97FB}.AppStore|ARM64.Build.0 = Debug|Any CPU
		{DA4B3F47-07B8-406E-9115-2E15440C97FB}.AppStore|iPhone.ActiveCfg = Debug|Any CPU
		{DA4B3F47-07B8-406E-9115-2E15440C97FB}.AppStore|iPhone.Build.0 = Debug|Any CPU
		{DA4B3F47-07B8-406E-9115-2E15440C97FB}.AppStore|iPhoneSimulator.ActiveCfg = Debug|Any CPU
		{DA4B3F47-07B8-406E-9115-2E15440C97FB}.AppStore|iPhoneSimulator.Build.0 = Debug|Any CPU
		{DA4B3F47-07B8-406E-9115-2E15440C97FB}.AppStore|x64.ActiveCfg = Debug|Any CPU
		{DA4B3F47-07B8-406E-9115-2E15440C97FB}.AppStore|x64.Build.0 = Debug|Any CPU
		{DA4B3F47-07B8-406E-9115-2E15440C97FB}.AppStore|x86.ActiveCfg = Debug|Any CPU
		{DA4B3F47-07B8-406E-9115-2E15440C97FB}.AppStore|x86.Build.0 = Debug|Any CPU
		{DA4B3F47-07B8-406E-9115-2E15440C97FB}.Debug|Any CPU.ActiveCfg = Debug|Any CPU
		{DA4B3F47-07B8-406E-9115-2E15440C97FB}.Debug|Any CPU.Build.0 = Debug|Any CPU
		{DA4B3F47-07B8-406E-9115-2E15440C97FB}.Debug|ARM.ActiveCfg = Debug|Any CPU
		{DA4B3F47-07B8-406E-9115-2E15440C97FB}.Debug|ARM.Build.0 = Debug|Any CPU
		{DA4B3F47-07B8-406E-9115-2E15440C97FB}.Debug|ARM64.ActiveCfg = Debug|Any CPU
		{DA4B3F47-07B8-406E-9115-2E15440C97FB}.Debug|ARM64.Build.0 = Debug|Any CPU
		{DA4B3F47-07B8-406E-9115-2E15440C97FB}.Debug|iPhone.ActiveCfg = Debug|Any CPU
		{DA4B3F47-07B8-406E-9115-2E15440C97FB}.Debug|iPhone.Build.0 = Debug|Any CPU
		{DA4B3F47-07B8-406E-9115-2E15440C97FB}.Debug|iPhoneSimulator.ActiveCfg = Debug|Any CPU
		{DA4B3F47-07B8-406E-9115-2E15440C97FB}.Debug|iPhoneSimulator.Build.0 = Debug|Any CPU
		{DA4B3F47-07B8-406E-9115-2E15440C97FB}.Debug|x64.ActiveCfg = Debug|Any CPU
		{DA4B3F47-07B8-406E-9115-2E15440C97FB}.Debug|x64.Build.0 = Debug|Any CPU
		{DA4B3F47-07B8-406E-9115-2E15440C97FB}.Debug|x86.ActiveCfg = Debug|Any CPU
		{DA4B3F47-07B8-406E-9115-2E15440C97FB}.Debug|x86.Build.0 = Debug|Any CPU
		{DA4B3F47-07B8-406E-9115-2E15440C97FB}.Release|Any CPU.ActiveCfg = Release|Any CPU
		{DA4B3F47-07B8-406E-9115-2E15440C97FB}.Release|Any CPU.Build.0 = Release|Any CPU
		{DA4B3F47-07B8-406E-9115-2E15440C97FB}.Release|ARM.ActiveCfg = Release|Any CPU
		{DA4B3F47-07B8-406E-9115-2E15440C97FB}.Release|ARM.Build.0 = Release|Any CPU
		{DA4B3F47-07B8-406E-9115-2E15440C97FB}.Release|ARM64.ActiveCfg = Release|Any CPU
		{DA4B3F47-07B8-406E-9115-2E15440C97FB}.Release|ARM64.Build.0 = Release|Any CPU
		{DA4B3F47-07B8-406E-9115-2E15440C97FB}.Release|iPhone.ActiveCfg = Release|Any CPU
		{DA4B3F47-07B8-406E-9115-2E15440C97FB}.Release|iPhone.Build.0 = Release|Any CPU
		{DA4B3F47-07B8-406E-9115-2E15440C97FB}.Release|iPhoneSimulator.ActiveCfg = Release|Any CPU
		{DA4B3F47-07B8-406E-9115-2E15440C97FB}.Release|iPhoneSimulator.Build.0 = Release|Any CPU
		{DA4B3F47-07B8-406E-9115-2E15440C97FB}.Release|x64.ActiveCfg = Release|Any CPU
		{DA4B3F47-07B8-406E-9115-2E15440C97FB}.Release|x64.Build.0 = Release|Any CPU
		{DA4B3F47-07B8-406E-9115-2E15440C97FB}.Release|x86.ActiveCfg = Release|Any CPU
		{DA4B3F47-07B8-406E-9115-2E15440C97FB}.Release|x86.Build.0 = Release|Any CPU
		{41457382-FA49-40AD-AB23-B53606F2A228}.Ad-Hoc|Any CPU.ActiveCfg = Debug|Any CPU
		{41457382-FA49-40AD-AB23-B53606F2A228}.Ad-Hoc|Any CPU.Build.0 = Debug|Any CPU
		{41457382-FA49-40AD-AB23-B53606F2A228}.Ad-Hoc|ARM.ActiveCfg = Debug|Any CPU
		{41457382-FA49-40AD-AB23-B53606F2A228}.Ad-Hoc|ARM.Build.0 = Debug|Any CPU
		{41457382-FA49-40AD-AB23-B53606F2A228}.Ad-Hoc|ARM64.ActiveCfg = Debug|Any CPU
		{41457382-FA49-40AD-AB23-B53606F2A228}.Ad-Hoc|ARM64.Build.0 = Debug|Any CPU
		{41457382-FA49-40AD-AB23-B53606F2A228}.Ad-Hoc|iPhone.ActiveCfg = Debug|Any CPU
		{41457382-FA49-40AD-AB23-B53606F2A228}.Ad-Hoc|iPhone.Build.0 = Debug|Any CPU
		{41457382-FA49-40AD-AB23-B53606F2A228}.Ad-Hoc|iPhoneSimulator.ActiveCfg = Debug|Any CPU
		{41457382-FA49-40AD-AB23-B53606F2A228}.Ad-Hoc|iPhoneSimulator.Build.0 = Debug|Any CPU
		{41457382-FA49-40AD-AB23-B53606F2A228}.Ad-Hoc|x64.ActiveCfg = Debug|Any CPU
		{41457382-FA49-40AD-AB23-B53606F2A228}.Ad-Hoc|x64.Build.0 = Debug|Any CPU
		{41457382-FA49-40AD-AB23-B53606F2A228}.Ad-Hoc|x86.ActiveCfg = Debug|Any CPU
		{41457382-FA49-40AD-AB23-B53606F2A228}.Ad-Hoc|x86.Build.0 = Debug|Any CPU
		{41457382-FA49-40AD-AB23-B53606F2A228}.AppStore|Any CPU.ActiveCfg = Debug|Any CPU
		{41457382-FA49-40AD-AB23-B53606F2A228}.AppStore|Any CPU.Build.0 = Debug|Any CPU
		{41457382-FA49-40AD-AB23-B53606F2A228}.AppStore|ARM.ActiveCfg = Debug|Any CPU
		{41457382-FA49-40AD-AB23-B53606F2A228}.AppStore|ARM.Build.0 = Debug|Any CPU
		{41457382-FA49-40AD-AB23-B53606F2A228}.AppStore|ARM64.ActiveCfg = Debug|Any CPU
		{41457382-FA49-40AD-AB23-B53606F2A228}.AppStore|ARM64.Build.0 = Debug|Any CPU
		{41457382-FA49-40AD-AB23-B53606F2A228}.AppStore|iPhone.ActiveCfg = Debug|Any CPU
		{41457382-FA49-40AD-AB23-B53606F2A228}.AppStore|iPhone.Build.0 = Debug|Any CPU
		{41457382-FA49-40AD-AB23-B53606F2A228}.AppStore|iPhoneSimulator.ActiveCfg = Debug|Any CPU
		{41457382-FA49-40AD-AB23-B53606F2A228}.AppStore|iPhoneSimulator.Build.0 = Debug|Any CPU
		{41457382-FA49-40AD-AB23-B53606F2A228}.AppStore|x64.ActiveCfg = Debug|Any CPU
		{41457382-FA49-40AD-AB23-B53606F2A228}.AppStore|x64.Build.0 = Debug|Any CPU
		{41457382-FA49-40AD-AB23-B53606F2A228}.AppStore|x86.ActiveCfg = Debug|Any CPU
		{41457382-FA49-40AD-AB23-B53606F2A228}.AppStore|x86.Build.0 = Debug|Any CPU
		{41457382-FA49-40AD-AB23-B53606F2A228}.Debug|Any CPU.ActiveCfg = Debug|Any CPU
		{41457382-FA49-40AD-AB23-B53606F2A228}.Debug|Any CPU.Build.0 = Debug|Any CPU
		{41457382-FA49-40AD-AB23-B53606F2A228}.Debug|ARM.ActiveCfg = Debug|Any CPU
		{41457382-FA49-40AD-AB23-B53606F2A228}.Debug|ARM.Build.0 = Debug|Any CPU
		{41457382-FA49-40AD-AB23-B53606F2A228}.Debug|ARM64.ActiveCfg = Debug|Any CPU
		{41457382-FA49-40AD-AB23-B53606F2A228}.Debug|ARM64.Build.0 = Debug|Any CPU
		{41457382-FA49-40AD-AB23-B53606F2A228}.Debug|iPhone.ActiveCfg = Debug|Any CPU
		{41457382-FA49-40AD-AB23-B53606F2A228}.Debug|iPhone.Build.0 = Debug|Any CPU
		{41457382-FA49-40AD-AB23-B53606F2A228}.Debug|iPhoneSimulator.ActiveCfg = Debug|Any CPU
		{41457382-FA49-40AD-AB23-B53606F2A228}.Debug|iPhoneSimulator.Build.0 = Debug|Any CPU
		{41457382-FA49-40AD-AB23-B53606F2A228}.Debug|x64.ActiveCfg = Debug|Any CPU
		{41457382-FA49-40AD-AB23-B53606F2A228}.Debug|x64.Build.0 = Debug|Any CPU
		{41457382-FA49-40AD-AB23-B53606F2A228}.Debug|x86.ActiveCfg = Debug|Any CPU
		{41457382-FA49-40AD-AB23-B53606F2A228}.Debug|x86.Build.0 = Debug|Any CPU
		{41457382-FA49-40AD-AB23-B53606F2A228}.Release|Any CPU.ActiveCfg = Release|Any CPU
		{41457382-FA49-40AD-AB23-B53606F2A228}.Release|Any CPU.Build.0 = Release|Any CPU
		{41457382-FA49-40AD-AB23-B53606F2A228}.Release|ARM.ActiveCfg = Release|Any CPU
		{41457382-FA49-40AD-AB23-B53606F2A228}.Release|ARM.Build.0 = Release|Any CPU
		{41457382-FA49-40AD-AB23-B53606F2A228}.Release|ARM64.ActiveCfg = Release|Any CPU
		{41457382-FA49-40AD-AB23-B53606F2A228}.Release|ARM64.Build.0 = Release|Any CPU
		{41457382-FA49-40AD-AB23-B53606F2A228}.Release|iPhone.ActiveCfg = Release|Any CPU
		{41457382-FA49-40AD-AB23-B53606F2A228}.Release|iPhone.Build.0 = Release|Any CPU
		{41457382-FA49-40AD-AB23-B53606F2A228}.Release|iPhoneSimulator.ActiveCfg = Release|Any CPU
		{41457382-FA49-40AD-AB23-B53606F2A228}.Release|iPhoneSimulator.Build.0 = Release|Any CPU
		{41457382-FA49-40AD-AB23-B53606F2A228}.Release|x64.ActiveCfg = Release|Any CPU
		{41457382-FA49-40AD-AB23-B53606F2A228}.Release|x64.Build.0 = Release|Any CPU
		{41457382-FA49-40AD-AB23-B53606F2A228}.Release|x86.ActiveCfg = Release|Any CPU
		{41457382-FA49-40AD-AB23-B53606F2A228}.Release|x86.Build.0 = Release|Any CPU
		{32E2FABA-91D6-43BF-A5BE-C6487071D186}.Ad-Hoc|Any CPU.ActiveCfg = Debug|Any CPU
		{32E2FABA-91D6-43BF-A5BE-C6487071D186}.Ad-Hoc|Any CPU.Build.0 = Debug|Any CPU
		{32E2FABA-91D6-43BF-A5BE-C6487071D186}.Ad-Hoc|ARM.ActiveCfg = Debug|Any CPU
		{32E2FABA-91D6-43BF-A5BE-C6487071D186}.Ad-Hoc|ARM.Build.0 = Debug|Any CPU
		{32E2FABA-91D6-43BF-A5BE-C6487071D186}.Ad-Hoc|ARM64.ActiveCfg = Debug|Any CPU
		{32E2FABA-91D6-43BF-A5BE-C6487071D186}.Ad-Hoc|ARM64.Build.0 = Debug|Any CPU
		{32E2FABA-91D6-43BF-A5BE-C6487071D186}.Ad-Hoc|iPhone.ActiveCfg = Debug|Any CPU
		{32E2FABA-91D6-43BF-A5BE-C6487071D186}.Ad-Hoc|iPhone.Build.0 = Debug|Any CPU
		{32E2FABA-91D6-43BF-A5BE-C6487071D186}.Ad-Hoc|iPhoneSimulator.ActiveCfg = Debug|Any CPU
		{32E2FABA-91D6-43BF-A5BE-C6487071D186}.Ad-Hoc|iPhoneSimulator.Build.0 = Debug|Any CPU
		{32E2FABA-91D6-43BF-A5BE-C6487071D186}.Ad-Hoc|x64.ActiveCfg = Debug|Any CPU
		{32E2FABA-91D6-43BF-A5BE-C6487071D186}.Ad-Hoc|x64.Build.0 = Debug|Any CPU
		{32E2FABA-91D6-43BF-A5BE-C6487071D186}.Ad-Hoc|x86.ActiveCfg = Debug|Any CPU
		{32E2FABA-91D6-43BF-A5BE-C6487071D186}.Ad-Hoc|x86.Build.0 = Debug|Any CPU
		{32E2FABA-91D6-43BF-A5BE-C6487071D186}.AppStore|Any CPU.ActiveCfg = Debug|Any CPU
		{32E2FABA-91D6-43BF-A5BE-C6487071D186}.AppStore|Any CPU.Build.0 = Debug|Any CPU
		{32E2FABA-91D6-43BF-A5BE-C6487071D186}.AppStore|ARM.ActiveCfg = Debug|Any CPU
		{32E2FABA-91D6-43BF-A5BE-C6487071D186}.AppStore|ARM.Build.0 = Debug|Any CPU
		{32E2FABA-91D6-43BF-A5BE-C6487071D186}.AppStore|ARM64.ActiveCfg = Debug|Any CPU
		{32E2FABA-91D6-43BF-A5BE-C6487071D186}.AppStore|ARM64.Build.0 = Debug|Any CPU
		{32E2FABA-91D6-43BF-A5BE-C6487071D186}.AppStore|iPhone.ActiveCfg = Debug|Any CPU
		{32E2FABA-91D6-43BF-A5BE-C6487071D186}.AppStore|iPhone.Build.0 = Debug|Any CPU
		{32E2FABA-91D6-43BF-A5BE-C6487071D186}.AppStore|iPhoneSimulator.ActiveCfg = Debug|Any CPU
		{32E2FABA-91D6-43BF-A5BE-C6487071D186}.AppStore|iPhoneSimulator.Build.0 = Debug|Any CPU
		{32E2FABA-91D6-43BF-A5BE-C6487071D186}.AppStore|x64.ActiveCfg = Debug|Any CPU
		{32E2FABA-91D6-43BF-A5BE-C6487071D186}.AppStore|x64.Build.0 = Debug|Any CPU
		{32E2FABA-91D6-43BF-A5BE-C6487071D186}.AppStore|x86.ActiveCfg = Debug|Any CPU
		{32E2FABA-91D6-43BF-A5BE-C6487071D186}.AppStore|x86.Build.0 = Debug|Any CPU
		{32E2FABA-91D6-43BF-A5BE-C6487071D186}.Debug|Any CPU.ActiveCfg = Debug|Any CPU
		{32E2FABA-91D6-43BF-A5BE-C6487071D186}.Debug|Any CPU.Build.0 = Debug|Any CPU
		{32E2FABA-91D6-43BF-A5BE-C6487071D186}.Debug|ARM.ActiveCfg = Debug|Any CPU
		{32E2FABA-91D6-43BF-A5BE-C6487071D186}.Debug|ARM.Build.0 = Debug|Any CPU
		{32E2FABA-91D6-43BF-A5BE-C6487071D186}.Debug|ARM64.ActiveCfg = Debug|Any CPU
		{32E2FABA-91D6-43BF-A5BE-C6487071D186}.Debug|ARM64.Build.0 = Debug|Any CPU
		{32E2FABA-91D6-43BF-A5BE-C6487071D186}.Debug|iPhone.ActiveCfg = Debug|Any CPU
		{32E2FABA-91D6-43BF-A5BE-C6487071D186}.Debug|iPhone.Build.0 = Debug|Any CPU
		{32E2FABA-91D6-43BF-A5BE-C6487071D186}.Debug|iPhoneSimulator.ActiveCfg = Debug|Any CPU
		{32E2FABA-91D6-43BF-A5BE-C6487071D186}.Debug|iPhoneSimulator.Build.0 = Debug|Any CPU
		{32E2FABA-91D6-43BF-A5BE-C6487071D186}.Debug|x64.ActiveCfg = Debug|Any CPU
		{32E2FABA-91D6-43BF-A5BE-C6487071D186}.Debug|x64.Build.0 = Debug|Any CPU
		{32E2FABA-91D6-43BF-A5BE-C6487071D186}.Debug|x86.ActiveCfg = Debug|Any CPU
		{32E2FABA-91D6-43BF-A5BE-C6487071D186}.Debug|x86.Build.0 = Debug|Any CPU
		{32E2FABA-91D6-43BF-A5BE-C6487071D186}.Release|Any CPU.ActiveCfg = Release|Any CPU
		{32E2FABA-91D6-43BF-A5BE-C6487071D186}.Release|Any CPU.Build.0 = Release|Any CPU
		{32E2FABA-91D6-43BF-A5BE-C6487071D186}.Release|ARM.ActiveCfg = Release|Any CPU
		{32E2FABA-91D6-43BF-A5BE-C6487071D186}.Release|ARM.Build.0 = Release|Any CPU
		{32E2FABA-91D6-43BF-A5BE-C6487071D186}.Release|ARM64.ActiveCfg = Release|Any CPU
		{32E2FABA-91D6-43BF-A5BE-C6487071D186}.Release|ARM64.Build.0 = Release|Any CPU
		{32E2FABA-91D6-43BF-A5BE-C6487071D186}.Release|iPhone.ActiveCfg = Release|Any CPU
		{32E2FABA-91D6-43BF-A5BE-C6487071D186}.Release|iPhone.Build.0 = Release|Any CPU
		{32E2FABA-91D6-43BF-A5BE-C6487071D186}.Release|iPhoneSimulator.ActiveCfg = Release|Any CPU
		{32E2FABA-91D6-43BF-A5BE-C6487071D186}.Release|iPhoneSimulator.Build.0 = Release|Any CPU
		{32E2FABA-91D6-43BF-A5BE-C6487071D186}.Release|x64.ActiveCfg = Release|Any CPU
		{32E2FABA-91D6-43BF-A5BE-C6487071D186}.Release|x64.Build.0 = Release|Any CPU
		{32E2FABA-91D6-43BF-A5BE-C6487071D186}.Release|x86.ActiveCfg = Release|Any CPU
		{32E2FABA-91D6-43BF-A5BE-C6487071D186}.Release|x86.Build.0 = Release|Any CPU
		{1FE936E3-EAD5-4E1F-AE2B-D62E6CA74159}.Ad-Hoc|Any CPU.ActiveCfg = Debug|Any CPU
		{1FE936E3-EAD5-4E1F-AE2B-D62E6CA74159}.Ad-Hoc|Any CPU.Build.0 = Debug|Any CPU
		{1FE936E3-EAD5-4E1F-AE2B-D62E6CA74159}.Ad-Hoc|ARM.ActiveCfg = Debug|Any CPU
		{1FE936E3-EAD5-4E1F-AE2B-D62E6CA74159}.Ad-Hoc|ARM.Build.0 = Debug|Any CPU
		{1FE936E3-EAD5-4E1F-AE2B-D62E6CA74159}.Ad-Hoc|ARM64.ActiveCfg = Debug|Any CPU
		{1FE936E3-EAD5-4E1F-AE2B-D62E6CA74159}.Ad-Hoc|ARM64.Build.0 = Debug|Any CPU
		{1FE936E3-EAD5-4E1F-AE2B-D62E6CA74159}.Ad-Hoc|iPhone.ActiveCfg = Debug|Any CPU
		{1FE936E3-EAD5-4E1F-AE2B-D62E6CA74159}.Ad-Hoc|iPhone.Build.0 = Debug|Any CPU
		{1FE936E3-EAD5-4E1F-AE2B-D62E6CA74159}.Ad-Hoc|iPhoneSimulator.ActiveCfg = Debug|Any CPU
		{1FE936E3-EAD5-4E1F-AE2B-D62E6CA74159}.Ad-Hoc|iPhoneSimulator.Build.0 = Debug|Any CPU
		{1FE936E3-EAD5-4E1F-AE2B-D62E6CA74159}.Ad-Hoc|x64.ActiveCfg = Debug|Any CPU
		{1FE936E3-EAD5-4E1F-AE2B-D62E6CA74159}.Ad-Hoc|x64.Build.0 = Debug|Any CPU
		{1FE936E3-EAD5-4E1F-AE2B-D62E6CA74159}.Ad-Hoc|x86.ActiveCfg = Debug|Any CPU
		{1FE936E3-EAD5-4E1F-AE2B-D62E6CA74159}.Ad-Hoc|x86.Build.0 = Debug|Any CPU
		{1FE936E3-EAD5-4E1F-AE2B-D62E6CA74159}.AppStore|Any CPU.ActiveCfg = Debug|Any CPU
		{1FE936E3-EAD5-4E1F-AE2B-D62E6CA74159}.AppStore|Any CPU.Build.0 = Debug|Any CPU
		{1FE936E3-EAD5-4E1F-AE2B-D62E6CA74159}.AppStore|ARM.ActiveCfg = Debug|Any CPU
		{1FE936E3-EAD5-4E1F-AE2B-D62E6CA74159}.AppStore|ARM.Build.0 = Debug|Any CPU
		{1FE936E3-EAD5-4E1F-AE2B-D62E6CA74159}.AppStore|ARM64.ActiveCfg = Debug|Any CPU
		{1FE936E3-EAD5-4E1F-AE2B-D62E6CA74159}.AppStore|ARM64.Build.0 = Debug|Any CPU
		{1FE936E3-EAD5-4E1F-AE2B-D62E6CA74159}.AppStore|iPhone.ActiveCfg = Debug|Any CPU
		{1FE936E3-EAD5-4E1F-AE2B-D62E6CA74159}.AppStore|iPhone.Build.0 = Debug|Any CPU
		{1FE936E3-EAD5-4E1F-AE2B-D62E6CA74159}.AppStore|iPhoneSimulator.ActiveCfg = Debug|Any CPU
		{1FE936E3-EAD5-4E1F-AE2B-D62E6CA74159}.AppStore|iPhoneSimulator.Build.0 = Debug|Any CPU
		{1FE936E3-EAD5-4E1F-AE2B-D62E6CA74159}.AppStore|x64.ActiveCfg = Debug|Any CPU
		{1FE936E3-EAD5-4E1F-AE2B-D62E6CA74159}.AppStore|x64.Build.0 = Debug|Any CPU
		{1FE936E3-EAD5-4E1F-AE2B-D62E6CA74159}.AppStore|x86.ActiveCfg = Debug|Any CPU
		{1FE936E3-EAD5-4E1F-AE2B-D62E6CA74159}.AppStore|x86.Build.0 = Debug|Any CPU
		{1FE936E3-EAD5-4E1F-AE2B-D62E6CA74159}.Debug|Any CPU.ActiveCfg = Debug|Any CPU
		{1FE936E3-EAD5-4E1F-AE2B-D62E6CA74159}.Debug|Any CPU.Build.0 = Debug|Any CPU
		{1FE936E3-EAD5-4E1F-AE2B-D62E6CA74159}.Debug|ARM.ActiveCfg = Debug|Any CPU
		{1FE936E3-EAD5-4E1F-AE2B-D62E6CA74159}.Debug|ARM.Build.0 = Debug|Any CPU
		{1FE936E3-EAD5-4E1F-AE2B-D62E6CA74159}.Debug|ARM64.ActiveCfg = Debug|Any CPU
		{1FE936E3-EAD5-4E1F-AE2B-D62E6CA74159}.Debug|ARM64.Build.0 = Debug|Any CPU
		{1FE936E3-EAD5-4E1F-AE2B-D62E6CA74159}.Debug|iPhone.ActiveCfg = Debug|Any CPU
		{1FE936E3-EAD5-4E1F-AE2B-D62E6CA74159}.Debug|iPhone.Build.0 = Debug|Any CPU
		{1FE936E3-EAD5-4E1F-AE2B-D62E6CA74159}.Debug|iPhoneSimulator.ActiveCfg = Debug|Any CPU
		{1FE936E3-EAD5-4E1F-AE2B-D62E6CA74159}.Debug|iPhoneSimulator.Build.0 = Debug|Any CPU
		{1FE936E3-EAD5-4E1F-AE2B-D62E6CA74159}.Debug|x64.ActiveCfg = Debug|Any CPU
		{1FE936E3-EAD5-4E1F-AE2B-D62E6CA74159}.Debug|x64.Build.0 = Debug|Any CPU
		{1FE936E3-EAD5-4E1F-AE2B-D62E6CA74159}.Debug|x86.ActiveCfg = Debug|Any CPU
		{1FE936E3-EAD5-4E1F-AE2B-D62E6CA74159}.Debug|x86.Build.0 = Debug|Any CPU
		{1FE936E3-EAD5-4E1F-AE2B-D62E6CA74159}.Release|Any CPU.ActiveCfg = Release|Any CPU
		{1FE936E3-EAD5-4E1F-AE2B-D62E6CA74159}.Release|Any CPU.Build.0 = Release|Any CPU
		{1FE936E3-EAD5-4E1F-AE2B-D62E6CA74159}.Release|ARM.ActiveCfg = Release|Any CPU
		{1FE936E3-EAD5-4E1F-AE2B-D62E6CA74159}.Release|ARM.Build.0 = Release|Any CPU
		{1FE936E3-EAD5-4E1F-AE2B-D62E6CA74159}.Release|ARM64.ActiveCfg = Release|Any CPU
		{1FE936E3-EAD5-4E1F-AE2B-D62E6CA74159}.Release|ARM64.Build.0 = Release|Any CPU
		{1FE936E3-EAD5-4E1F-AE2B-D62E6CA74159}.Release|iPhone.ActiveCfg = Release|Any CPU
		{1FE936E3-EAD5-4E1F-AE2B-D62E6CA74159}.Release|iPhone.Build.0 = Release|Any CPU
		{1FE936E3-EAD5-4E1F-AE2B-D62E6CA74159}.Release|iPhoneSimulator.ActiveCfg = Release|Any CPU
		{1FE936E3-EAD5-4E1F-AE2B-D62E6CA74159}.Release|iPhoneSimulator.Build.0 = Release|Any CPU
		{1FE936E3-EAD5-4E1F-AE2B-D62E6CA74159}.Release|x64.ActiveCfg = Release|Any CPU
		{1FE936E3-EAD5-4E1F-AE2B-D62E6CA74159}.Release|x64.Build.0 = Release|Any CPU
		{1FE936E3-EAD5-4E1F-AE2B-D62E6CA74159}.Release|x86.ActiveCfg = Release|Any CPU
		{1FE936E3-EAD5-4E1F-AE2B-D62E6CA74159}.Release|x86.Build.0 = Release|Any CPU
	EndGlobalSection
	GlobalSection(SolutionProperties) = preSolution
		HideSolutionNode = FALSE
	EndGlobalSection
	GlobalSection(NestedProjects) = preSolution
		{90586FAE-8C6D-4F40-99EC-ADE8FFF795CF} = {D2AFE69A-429F-4804-9254-49308B133A7F}
		{5AD40313-260F-495A-9659-63BACB9A7BC9} = {D2AFE69A-429F-4804-9254-49308B133A7F}
		{0D886CAE-FBF6-498E-AFF8-3E2E5680ED38} = {D2AFE69A-429F-4804-9254-49308B133A7F}
		{56CA7517-7C3F-4712-A3D1-8F55FEE33B69} = {D2AFE69A-429F-4804-9254-49308B133A7F}
		{22B695A2-A04E-4F97-929C-BEF364AF3DA4} = {D2AFE69A-429F-4804-9254-49308B133A7F}
		{DA4B3F47-07B8-406E-9115-2E15440C97FB} = {D2AFE69A-429F-4804-9254-49308B133A7F}
		{41457382-FA49-40AD-AB23-B53606F2A228} = {D2AFE69A-429F-4804-9254-49308B133A7F}
		{32E2FABA-91D6-43BF-A5BE-C6487071D186} = {D2AFE69A-429F-4804-9254-49308B133A7F}
		{1FE936E3-EAD5-4E1F-AE2B-D62E6CA74159} = {D2AFE69A-429F-4804-9254-49308B133A7F}
	EndGlobalSection
	GlobalSection(ExtensibilityGlobals) = postSolution
		SolutionGuid = {45B1471B-BCAD-4326-8002-0699913AAE71}
	EndGlobalSection
EndGlobal
