
Microsoft Visual Studio Solution File, Format Version 12.00
# Visual Studio Version 16
VisualStudioVersion = 16.0.31515.178
MinimumVisualStudioVersion = 10.0.40219.1
Project("{D954291E-2A0B-460D-934E-DC6B0785DB48}") = "ControlsApp.Shared", "ControlsApp\ControlsApp.Shared\ControlsApp.Shared.shproj", "{6279C845-92F8-4333-AB99-3D213163593C}"
EndProject
Project("{2150E333-8FDC-42A3-9474-1A3956D46DE8}") = "Platforms", "Platforms", "{13E9483D-A4DE-482A-8E6E-39FD0C483E35}"
EndProject
Project("{FAE04EC0-301F-11D3-BF4B-00C04F79EFBC}") = "ControlsApp.Droid", "ControlsApp\ControlsApp.Droid\ControlsApp.Droid.csproj", "{1F2B94B6-F591-4BC6-BB96-B5C96824DE1A}"
EndProject
Project("{FAE04EC0-301F-11D3-BF4B-00C04F79EFBC}") = "ControlsApp.iOS", "ControlsApp\ControlsApp.iOS\ControlsApp.iOS.csproj", "{D5CCF087-5913-4A69-B0FB-1DFFF8C4B955}"
EndProject
Project("{FAE04EC0-301F-11D3-BF4B-00C04F79EFBC}") = "ControlsApp.UWP", "ControlsApp\ControlsApp.UWP\ControlsApp.UWP.csproj", "{F89AE89C-E59D-4235-9456-7F95A695E098}"
EndProject
Project("{FAE04EC0-301F-11D3-BF4B-00C04F79EFBC}") = "ControlsApp.Wasm", "ControlsApp\ControlsApp.Wasm\ControlsApp.Wasm.csproj", "{104A5782-99D8-41BB-A927-80331FD013DB}"
EndProject
Project("{FAE04EC0-301F-11D3-BF4B-00C04F79EFBC}") = "ControlsApp.macOS", "ControlsApp\ControlsApp.macOS\ControlsApp.macOS.csproj", "{D352765C-6975-456A-8674-D81BCCEEDF4C}"
EndProject
Project("{FAE04EC0-301F-11D3-BF4B-00C04F79EFBC}") = "ControlsApp.Skia.Wpf.Host", "ControlsApp\ControlsApp.Skia.Wpf.Host\ControlsApp.Skia.Wpf.Host.csproj", "{163BBE1D-9478-4EA8-8308-8A25E1F487BE}"
EndProject
Project("{FAE04EC0-301F-11D3-BF4B-00C04F79EFBC}") = "ControlsApp.Skia.Wpf", "ControlsApp\ControlsApp.Skia.Wpf\ControlsApp.Skia.Wpf.csproj", "{52E71802-EC85-4D3D-95C9-6B7BE64DBB5A}"
EndProject
Project("{FAE04EC0-301F-11D3-BF4B-00C04F79EFBC}") = "ControlsApp.Skia.Gtk", "ControlsApp\ControlsApp.Skia.Gtk\ControlsApp.Skia.Gtk.csproj", "{2F3C3C6B-D31B-42B9-B356-8925D19C8746}"
EndProject
Project("{FAE04EC0-301F-11D3-BF4B-00C04F79EFBC}") = "ControlsApp.Skia.Tizen", "ControlsApp\ControlsApp.Skia.Tizen\ControlsApp.Skia.Tizen.csproj", "{082BCF74-E5EE-4FB5-9322-6022A9986C7F}"
EndProject
Global
	GlobalSection(SharedMSBuildProjectFiles) = preSolution
		ControlsApp\ControlsApp.Shared\ControlsApp.Shared.projitems*{082bcf74-e5ee-4fb5-9322-6022a9986c7f}*SharedItemsImports = 5
		ControlsApp\ControlsApp.Shared\ControlsApp.Shared.projitems*{104a5782-99d8-41bb-a927-80331fd013db}*SharedItemsImports = 5
		ControlsApp\ControlsApp.Shared\ControlsApp.Shared.projitems*{1f2b94b6-f591-4bc6-bb96-b5c96824de1a}*SharedItemsImports = 4
		ControlsApp\ControlsApp.Shared\ControlsApp.Shared.projitems*{2f3c3c6b-d31b-42b9-b356-8925d19c8746}*SharedItemsImports = 5
		ControlsApp\ControlsApp.Shared\ControlsApp.Shared.projitems*{52e71802-ec85-4d3d-95c9-6b7be64dbb5a}*SharedItemsImports = 5
		ControlsApp\ControlsApp.Shared\ControlsApp.Shared.projitems*{6279c845-92f8-4333-ab99-3d213163593c}*SharedItemsImports = 13
		ControlsApp\ControlsApp.Shared\ControlsApp.Shared.projitems*{d352765c-6975-456a-8674-d81bcceedf4c}*SharedItemsImports = 4
		ControlsApp\ControlsApp.Shared\ControlsApp.Shared.projitems*{d5ccf087-5913-4a69-b0fb-1dfff8c4b955}*SharedItemsImports = 4
		ControlsApp\ControlsApp.Shared\ControlsApp.Shared.projitems*{f89ae89c-e59d-4235-9456-7f95a695e098}*SharedItemsImports = 4
	EndGlobalSection
	GlobalSection(SolutionConfigurationPlatforms) = preSolution
		Ad-Hoc|Any CPU = Ad-Hoc|Any CPU
		Ad-Hoc|ARM = Ad-Hoc|ARM
		Ad-Hoc|ARM64 = Ad-Hoc|ARM64
		Ad-Hoc|iPhone = Ad-Hoc|iPhone
		Ad-Hoc|iPhoneSimulator = Ad-Hoc|iPhoneSimulator
		Ad-Hoc|x64 = Ad-Hoc|x64
		Ad-Hoc|x86 = Ad-Hoc|x86
		AppStore|Any CPU = AppStore|Any CPU
		AppStore|ARM = AppStore|ARM
		AppStore|ARM64 = AppStore|ARM64
		AppStore|iPhone = AppStore|iPhone
		AppStore|iPhoneSimulator = AppStore|iPhoneSimulator
		AppStore|x64 = AppStore|x64
		AppStore|x86 = AppStore|x86
		Debug|Any CPU = Debug|Any CPU
		Debug|ARM = Debug|ARM
		Debug|ARM64 = Debug|ARM64
		Debug|iPhone = Debug|iPhone
		Debug|iPhoneSimulator = Debug|iPhoneSimulator
		Debug|x64 = Debug|x64
		Debug|x86 = Debug|x86
		Release|Any CPU = Release|Any CPU
		Release|ARM = Release|ARM
		Release|ARM64 = Release|ARM64
		Release|iPhone = Release|iPhone
		Release|iPhoneSimulator = Release|iPhoneSimulator
		Release|x64 = Release|x64
		Release|x86 = Release|x86
	EndGlobalSection
	GlobalSection(ProjectConfigurationPlatforms) = postSolution
		{1F2B94B6-F591-4BC6-BB96-B5C96824DE1A}.Ad-Hoc|Any CPU.ActiveCfg = Debug|Any CPU
		{1F2B94B6-F591-4BC6-BB96-B5C96824DE1A}.Ad-Hoc|Any CPU.Build.0 = Debug|Any CPU
		{1F2B94B6-F591-4BC6-BB96-B5C96824DE1A}.Ad-Hoc|Any CPU.Deploy.0 = Debug|Any CPU
		{1F2B94B6-F591-4BC6-BB96-B5C96824DE1A}.Ad-Hoc|ARM.ActiveCfg = Debug|Any CPU
		{1F2B94B6-F591-4BC6-BB96-B5C96824DE1A}.Ad-Hoc|ARM.Build.0 = Debug|Any CPU
		{1F2B94B6-F591-4BC6-BB96-B5C96824DE1A}.Ad-Hoc|ARM.Deploy.0 = Debug|Any CPU
		{1F2B94B6-F591-4BC6-BB96-B5C96824DE1A}.Ad-Hoc|ARM64.ActiveCfg = Debug|Any CPU
		{1F2B94B6-F591-4BC6-BB96-B5C96824DE1A}.Ad-Hoc|ARM64.Build.0 = Debug|Any CPU
		{1F2B94B6-F591-4BC6-BB96-B5C96824DE1A}.Ad-Hoc|ARM64.Deploy.0 = Debug|Any CPU
		{1F2B94B6-F591-4BC6-BB96-B5C96824DE1A}.Ad-Hoc|iPhone.ActiveCfg = Debug|Any CPU
		{1F2B94B6-F591-4BC6-BB96-B5C96824DE1A}.Ad-Hoc|iPhone.Build.0 = Debug|Any CPU
		{1F2B94B6-F591-4BC6-BB96-B5C96824DE1A}.Ad-Hoc|iPhone.Deploy.0 = Debug|Any CPU
		{1F2B94B6-F591-4BC6-BB96-B5C96824DE1A}.Ad-Hoc|iPhoneSimulator.ActiveCfg = Debug|Any CPU
		{1F2B94B6-F591-4BC6-BB96-B5C96824DE1A}.Ad-Hoc|iPhoneSimulator.Build.0 = Debug|Any CPU
		{1F2B94B6-F591-4BC6-BB96-B5C96824DE1A}.Ad-Hoc|iPhoneSimulator.Deploy.0 = Debug|Any CPU
		{1F2B94B6-F591-4BC6-BB96-B5C96824DE1A}.Ad-Hoc|x64.ActiveCfg = Debug|Any CPU
		{1F2B94B6-F591-4BC6-BB96-B5C96824DE1A}.Ad-Hoc|x64.Build.0 = Debug|Any CPU
		{1F2B94B6-F591-4BC6-BB96-B5C96824DE1A}.Ad-Hoc|x64.Deploy.0 = Debug|Any CPU
		{1F2B94B6-F591-4BC6-BB96-B5C96824DE1A}.Ad-Hoc|x86.ActiveCfg = Debug|Any CPU
		{1F2B94B6-F591-4BC6-BB96-B5C96824DE1A}.Ad-Hoc|x86.Build.0 = Debug|Any CPU
		{1F2B94B6-F591-4BC6-BB96-B5C96824DE1A}.Ad-Hoc|x86.Deploy.0 = Debug|Any CPU
		{1F2B94B6-F591-4BC6-BB96-B5C96824DE1A}.AppStore|Any CPU.ActiveCfg = Debug|Any CPU
		{1F2B94B6-F591-4BC6-BB96-B5C96824DE1A}.AppStore|Any CPU.Build.0 = Debug|Any CPU
		{1F2B94B6-F591-4BC6-BB96-B5C96824DE1A}.AppStore|Any CPU.Deploy.0 = Debug|Any CPU
		{1F2B94B6-F591-4BC6-BB96-B5C96824DE1A}.AppStore|ARM.ActiveCfg = Debug|Any CPU
		{1F2B94B6-F591-4BC6-BB96-B5C96824DE1A}.AppStore|ARM.Build.0 = Debug|Any CPU
		{1F2B94B6-F591-4BC6-BB96-B5C96824DE1A}.AppStore|ARM.Deploy.0 = Debug|Any CPU
		{1F2B94B6-F591-4BC6-BB96-B5C96824DE1A}.AppStore|ARM64.ActiveCfg = Debug|Any CPU
		{1F2B94B6-F591-4BC6-BB96-B5C96824DE1A}.AppStore|ARM64.Build.0 = Debug|Any CPU
		{1F2B94B6-F591-4BC6-BB96-B5C96824DE1A}.AppStore|ARM64.Deploy.0 = Debug|Any CPU
		{1F2B94B6-F591-4BC6-BB96-B5C96824DE1A}.AppStore|iPhone.ActiveCfg = Debug|Any CPU
		{1F2B94B6-F591-4BC6-BB96-B5C96824DE1A}.AppStore|iPhone.Build.0 = Debug|Any CPU
		{1F2B94B6-F591-4BC6-BB96-B5C96824DE1A}.AppStore|iPhone.Deploy.0 = Debug|Any CPU
		{1F2B94B6-F591-4BC6-BB96-B5C96824DE1A}.AppStore|iPhoneSimulator.ActiveCfg = Debug|Any CPU
		{1F2B94B6-F591-4BC6-BB96-B5C96824DE1A}.AppStore|iPhoneSimulator.Build.0 = Debug|Any CPU
		{1F2B94B6-F591-4BC6-BB96-B5C96824DE1A}.AppStore|iPhoneSimulator.Deploy.0 = Debug|Any CPU
		{1F2B94B6-F591-4BC6-BB96-B5C96824DE1A}.AppStore|x64.ActiveCfg = Debug|Any CPU
		{1F2B94B6-F591-4BC6-BB96-B5C96824DE1A}.AppStore|x64.Build.0 = Debug|Any CPU
		{1F2B94B6-F591-4BC6-BB96-B5C96824DE1A}.AppStore|x64.Deploy.0 = Debug|Any CPU
		{1F2B94B6-F591-4BC6-BB96-B5C96824DE1A}.AppStore|x86.ActiveCfg = Debug|Any CPU
		{1F2B94B6-F591-4BC6-BB96-B5C96824DE1A}.AppStore|x86.Build.0 = Debug|Any CPU
		{1F2B94B6-F591-4BC6-BB96-B5C96824DE1A}.AppStore|x86.Deploy.0 = Debug|Any CPU
		{1F2B94B6-F591-4BC6-BB96-B5C96824DE1A}.Debug|Any CPU.ActiveCfg = Debug|Any CPU
		{1F2B94B6-F591-4BC6-BB96-B5C96824DE1A}.Debug|Any CPU.Build.0 = Debug|Any CPU
		{1F2B94B6-F591-4BC6-BB96-B5C96824DE1A}.Debug|Any CPU.Deploy.0 = Debug|Any CPU
		{1F2B94B6-F591-4BC6-BB96-B5C96824DE1A}.Debug|ARM.ActiveCfg = Debug|Any CPU
		{1F2B94B6-F591-4BC6-BB96-B5C96824DE1A}.Debug|ARM.Build.0 = Debug|Any CPU
		{1F2B94B6-F591-4BC6-BB96-B5C96824DE1A}.Debug|ARM.Deploy.0 = Debug|Any CPU
		{1F2B94B6-F591-4BC6-BB96-B5C96824DE1A}.Debug|ARM64.ActiveCfg = Debug|Any CPU
		{1F2B94B6-F591-4BC6-BB96-B5C96824DE1A}.Debug|ARM64.Build.0 = Debug|Any CPU
		{1F2B94B6-F591-4BC6-BB96-B5C96824DE1A}.Debug|ARM64.Deploy.0 = Debug|Any CPU
		{1F2B94B6-F591-4BC6-BB96-B5C96824DE1A}.Debug|iPhone.ActiveCfg = Debug|Any CPU
		{1F2B94B6-F591-4BC6-BB96-B5C96824DE1A}.Debug|iPhone.Build.0 = Debug|Any CPU
		{1F2B94B6-F591-4BC6-BB96-B5C96824DE1A}.Debug|iPhone.Deploy.0 = Debug|Any CPU
		{1F2B94B6-F591-4BC6-BB96-B5C96824DE1A}.Debug|iPhoneSimulator.ActiveCfg = Debug|Any CPU
		{1F2B94B6-F591-4BC6-BB96-B5C96824DE1A}.Debug|iPhoneSimulator.Build.0 = Debug|Any CPU
		{1F2B94B6-F591-4BC6-BB96-B5C96824DE1A}.Debug|iPhoneSimulator.Deploy.0 = Debug|Any CPU
		{1F2B94B6-F591-4BC6-BB96-B5C96824DE1A}.Debug|x64.ActiveCfg = Debug|Any CPU
		{1F2B94B6-F591-4BC6-BB96-B5C96824DE1A}.Debug|x64.Build.0 = Debug|Any CPU
		{1F2B94B6-F591-4BC6-BB96-B5C96824DE1A}.Debug|x64.Deploy.0 = Debug|Any CPU
		{1F2B94B6-F591-4BC6-BB96-B5C96824DE1A}.Debug|x86.ActiveCfg = Debug|Any CPU
		{1F2B94B6-F591-4BC6-BB96-B5C96824DE1A}.Debug|x86.Build.0 = Debug|Any CPU
		{1F2B94B6-F591-4BC6-BB96-B5C96824DE1A}.Debug|x86.Deploy.0 = Debug|Any CPU
		{1F2B94B6-F591-4BC6-BB96-B5C96824DE1A}.Release|Any CPU.ActiveCfg = Release|Any CPU
		{1F2B94B6-F591-4BC6-BB96-B5C96824DE1A}.Release|Any CPU.Build.0 = Release|Any CPU
		{1F2B94B6-F591-4BC6-BB96-B5C96824DE1A}.Release|Any CPU.Deploy.0 = Release|Any CPU
		{1F2B94B6-F591-4BC6-BB96-B5C96824DE1A}.Release|ARM.ActiveCfg = Release|Any CPU
		{1F2B94B6-F591-4BC6-BB96-B5C96824DE1A}.Release|ARM.Build.0 = Release|Any CPU
		{1F2B94B6-F591-4BC6-BB96-B5C96824DE1A}.Release|ARM.Deploy.0 = Release|Any CPU
		{1F2B94B6-F591-4BC6-BB96-B5C96824DE1A}.Release|ARM64.ActiveCfg = Release|Any CPU
		{1F2B94B6-F591-4BC6-BB96-B5C96824DE1A}.Release|ARM64.Build.0 = Release|Any CPU
		{1F2B94B6-F591-4BC6-BB96-B5C96824DE1A}.Release|ARM64.Deploy.0 = Release|Any CPU
		{1F2B94B6-F591-4BC6-BB96-B5C96824DE1A}.Release|iPhone.ActiveCfg = Release|Any CPU
		{1F2B94B6-F591-4BC6-BB96-B5C96824DE1A}.Release|iPhone.Build.0 = Release|Any CPU
		{1F2B94B6-F591-4BC6-BB96-B5C96824DE1A}.Release|iPhone.Deploy.0 = Release|Any CPU
		{1F2B94B6-F591-4BC6-BB96-B5C96824DE1A}.Release|iPhoneSimulator.ActiveCfg = Release|Any CPU
		{1F2B94B6-F591-4BC6-BB96-B5C96824DE1A}.Release|iPhoneSimulator.Build.0 = Release|Any CPU
		{1F2B94B6-F591-4BC6-BB96-B5C96824DE1A}.Release|iPhoneSimulator.Deploy.0 = Release|Any CPU
		{1F2B94B6-F591-4BC6-BB96-B5C96824DE1A}.Release|x64.ActiveCfg = Release|Any CPU
		{1F2B94B6-F591-4BC6-BB96-B5C96824DE1A}.Release|x64.Build.0 = Release|Any CPU
		{1F2B94B6-F591-4BC6-BB96-B5C96824DE1A}.Release|x64.Deploy.0 = Release|Any CPU
		{1F2B94B6-F591-4BC6-BB96-B5C96824DE1A}.Release|x86.ActiveCfg = Release|Any CPU
		{1F2B94B6-F591-4BC6-BB96-B5C96824DE1A}.Release|x86.Build.0 = Release|Any CPU
		{1F2B94B6-F591-4BC6-BB96-B5C96824DE1A}.Release|x86.Deploy.0 = Release|Any CPU
		{D5CCF087-5913-4A69-B0FB-1DFFF8C4B955}.Ad-Hoc|Any CPU.ActiveCfg = Ad-Hoc|iPhoneSimulator
		{D5CCF087-5913-4A69-B0FB-1DFFF8C4B955}.Ad-Hoc|ARM.ActiveCfg = Ad-Hoc|iPhoneSimulator
		{D5CCF087-5913-4A69-B0FB-1DFFF8C4B955}.Ad-Hoc|ARM64.ActiveCfg = Ad-Hoc|iPhoneSimulator
		{D5CCF087-5913-4A69-B0FB-1DFFF8C4B955}.Ad-Hoc|iPhone.ActiveCfg = Ad-Hoc|iPhone
		{D5CCF087-5913-4A69-B0FB-1DFFF8C4B955}.Ad-Hoc|iPhone.Build.0 = Ad-Hoc|iPhone
		{D5CCF087-5913-4A69-B0FB-1DFFF8C4B955}.Ad-Hoc|iPhoneSimulator.ActiveCfg = Ad-Hoc|iPhoneSimulator
		{D5CCF087-5913-4A69-B0FB-1DFFF8C4B955}.Ad-Hoc|iPhoneSimulator.Build.0 = Ad-Hoc|iPhoneSimulator
		{D5CCF087-5913-4A69-B0FB-1DFFF8C4B955}.Ad-Hoc|x64.ActiveCfg = Ad-Hoc|iPhoneSimulator
		{D5CCF087-5913-4A69-B0FB-1DFFF8C4B955}.Ad-Hoc|x86.ActiveCfg = Ad-Hoc|iPhoneSimulator
		{D5CCF087-5913-4A69-B0FB-1DFFF8C4B955}.AppStore|Any CPU.ActiveCfg = AppStore|iPhoneSimulator
		{D5CCF087-5913-4A69-B0FB-1DFFF8C4B955}.AppStore|ARM.ActiveCfg = AppStore|iPhoneSimulator
		{D5CCF087-5913-4A69-B0FB-1DFFF8C4B955}.AppStore|ARM64.ActiveCfg = AppStore|iPhoneSimulator
		{D5CCF087-5913-4A69-B0FB-1DFFF8C4B955}.AppStore|iPhone.ActiveCfg = AppStore|iPhone
		{D5CCF087-5913-4A69-B0FB-1DFFF8C4B955}.AppStore|iPhone.Build.0 = AppStore|iPhone
		{D5CCF087-5913-4A69-B0FB-1DFFF8C4B955}.AppStore|iPhoneSimulator.ActiveCfg = AppStore|iPhoneSimulator
		{D5CCF087-5913-4A69-B0FB-1DFFF8C4B955}.AppStore|iPhoneSimulator.Build.0 = AppStore|iPhoneSimulator
		{D5CCF087-5913-4A69-B0FB-1DFFF8C4B955}.AppStore|x64.ActiveCfg = AppStore|iPhoneSimulator
		{D5CCF087-5913-4A69-B0FB-1DFFF8C4B955}.AppStore|x86.ActiveCfg = AppStore|iPhoneSimulator
		{D5CCF087-5913-4A69-B0FB-1DFFF8C4B955}.Debug|Any CPU.ActiveCfg = Debug|iPhoneSimulator
		{D5CCF087-5913-4A69-B0FB-1DFFF8C4B955}.Debug|ARM.ActiveCfg = Debug|iPhoneSimulator
		{D5CCF087-5913-4A69-B0FB-1DFFF8C4B955}.Debug|ARM64.ActiveCfg = Debug|iPhoneSimulator
		{D5CCF087-5913-4A69-B0FB-1DFFF8C4B955}.Debug|iPhone.ActiveCfg = Debug|iPhone
		{D5CCF087-5913-4A69-B0FB-1DFFF8C4B955}.Debug|iPhone.Build.0 = Debug|iPhone
		{D5CCF087-5913-4A69-B0FB-1DFFF8C4B955}.Debug|iPhoneSimulator.ActiveCfg = Debug|iPhoneSimulator
		{D5CCF087-5913-4A69-B0FB-1DFFF8C4B955}.Debug|iPhoneSimulator.Build.0 = Debug|iPhoneSimulator
		{D5CCF087-5913-4A69-B0FB-1DFFF8C4B955}.Debug|x64.ActiveCfg = Debug|iPhoneSimulator
		{D5CCF087-5913-4A69-B0FB-1DFFF8C4B955}.Debug|x86.ActiveCfg = Debug|iPhoneSimulator
		{D5CCF087-5913-4A69-B0FB-1DFFF8C4B955}.Release|Any CPU.ActiveCfg = Release|iPhoneSimulator
		{D5CCF087-5913-4A69-B0FB-1DFFF8C4B955}.Release|ARM.ActiveCfg = Release|iPhoneSimulator
		{D5CCF087-5913-4A69-B0FB-1DFFF8C4B955}.Release|ARM64.ActiveCfg = Release|iPhoneSimulator
		{D5CCF087-5913-4A69-B0FB-1DFFF8C4B955}.Release|iPhone.ActiveCfg = Release|iPhone
		{D5CCF087-5913-4A69-B0FB-1DFFF8C4B955}.Release|iPhone.Build.0 = Release|iPhone
		{D5CCF087-5913-4A69-B0FB-1DFFF8C4B955}.Release|iPhoneSimulator.ActiveCfg = Release|iPhoneSimulator
		{D5CCF087-5913-4A69-B0FB-1DFFF8C4B955}.Release|iPhoneSimulator.Build.0 = Release|iPhoneSimulator
		{D5CCF087-5913-4A69-B0FB-1DFFF8C4B955}.Release|x64.ActiveCfg = Release|iPhoneSimulator
		{D5CCF087-5913-4A69-B0FB-1DFFF8C4B955}.Release|x86.ActiveCfg = Release|iPhoneSimulator
		{F89AE89C-E59D-4235-9456-7F95A695E098}.Ad-Hoc|Any CPU.ActiveCfg = Debug|x86
		{F89AE89C-E59D-4235-9456-7F95A695E098}.Ad-Hoc|Any CPU.Build.0 = Debug|x86
		{F89AE89C-E59D-4235-9456-7F95A695E098}.Ad-Hoc|Any CPU.Deploy.0 = Debug|x86
		{F89AE89C-E59D-4235-9456-7F95A695E098}.Ad-Hoc|ARM.ActiveCfg = Debug|ARM
		{F89AE89C-E59D-4235-9456-7F95A695E098}.Ad-Hoc|ARM.Build.0 = Debug|ARM
		{F89AE89C-E59D-4235-9456-7F95A695E098}.Ad-Hoc|ARM.Deploy.0 = Debug|ARM
		{F89AE89C-E59D-4235-9456-7F95A695E098}.Ad-Hoc|ARM64.ActiveCfg = Debug|ARM64
		{F89AE89C-E59D-4235-9456-7F95A695E098}.Ad-Hoc|ARM64.Build.0 = Debug|ARM64
		{F89AE89C-E59D-4235-9456-7F95A695E098}.Ad-Hoc|ARM64.Deploy.0 = Debug|ARM64
		{F89AE89C-E59D-4235-9456-7F95A695E098}.Ad-Hoc|iPhone.ActiveCfg = Debug|x86
		{F89AE89C-E59D-4235-9456-7F95A695E098}.Ad-Hoc|iPhone.Build.0 = Debug|x86
		{F89AE89C-E59D-4235-9456-7F95A695E098}.Ad-Hoc|iPhone.Deploy.0 = Debug|x86
		{F89AE89C-E59D-4235-9456-7F95A695E098}.Ad-Hoc|iPhoneSimulator.ActiveCfg = Debug|x86
		{F89AE89C-E59D-4235-9456-7F95A695E098}.Ad-Hoc|iPhoneSimulator.Build.0 = Debug|x86
		{F89AE89C-E59D-4235-9456-7F95A695E098}.Ad-Hoc|iPhoneSimulator.Deploy.0 = Debug|x86
		{F89AE89C-E59D-4235-9456-7F95A695E098}.Ad-Hoc|x64.ActiveCfg = Debug|x64
		{F89AE89C-E59D-4235-9456-7F95A695E098}.Ad-Hoc|x64.Build.0 = Debug|x64
		{F89AE89C-E59D-4235-9456-7F95A695E098}.Ad-Hoc|x64.Deploy.0 = Debug|x64
		{F89AE89C-E59D-4235-9456-7F95A695E098}.Ad-Hoc|x86.ActiveCfg = Debug|x86
		{F89AE89C-E59D-4235-9456-7F95A695E098}.Ad-Hoc|x86.Build.0 = Debug|x86
		{F89AE89C-E59D-4235-9456-7F95A695E098}.Ad-Hoc|x86.Deploy.0 = Debug|x86
		{F89AE89C-E59D-4235-9456-7F95A695E098}.AppStore|Any CPU.ActiveCfg = Debug|x86
		{F89AE89C-E59D-4235-9456-7F95A695E098}.AppStore|Any CPU.Build.0 = Debug|x86
		{F89AE89C-E59D-4235-9456-7F95A695E098}.AppStore|Any CPU.Deploy.0 = Debug|x86
		{F89AE89C-E59D-4235-9456-7F95A695E098}.AppStore|ARM.ActiveCfg = Debug|ARM
		{F89AE89C-E59D-4235-9456-7F95A695E098}.AppStore|ARM.Build.0 = Debug|ARM
		{F89AE89C-E59D-4235-9456-7F95A695E098}.AppStore|ARM.Deploy.0 = Debug|ARM
		{F89AE89C-E59D-4235-9456-7F95A695E098}.AppStore|ARM64.ActiveCfg = Debug|ARM64
		{F89AE89C-E59D-4235-9456-7F95A695E098}.AppStore|ARM64.Build.0 = Debug|ARM64
		{F89AE89C-E59D-4235-9456-7F95A695E098}.AppStore|ARM64.Deploy.0 = Debug|ARM64
		{F89AE89C-E59D-4235-9456-7F95A695E098}.AppStore|iPhone.ActiveCfg = Debug|x86
		{F89AE89C-E59D-4235-9456-7F95A695E098}.AppStore|iPhone.Build.0 = Debug|x86
		{F89AE89C-E59D-4235-9456-7F95A695E098}.AppStore|iPhone.Deploy.0 = Debug|x86
		{F89AE89C-E59D-4235-9456-7F95A695E098}.AppStore|iPhoneSimulator.ActiveCfg = Debug|x86
		{F89AE89C-E59D-4235-9456-7F95A695E098}.AppStore|iPhoneSimulator.Build.0 = Debug|x86
		{F89AE89C-E59D-4235-9456-7F95A695E098}.AppStore|iPhoneSimulator.Deploy.0 = Debug|x86
		{F89AE89C-E59D-4235-9456-7F95A695E098}.AppStore|x64.ActiveCfg = Debug|x64
		{F89AE89C-E59D-4235-9456-7F95A695E098}.AppStore|x64.Build.0 = Debug|x64
		{F89AE89C-E59D-4235-9456-7F95A695E098}.AppStore|x64.Deploy.0 = Debug|x64
		{F89AE89C-E59D-4235-9456-7F95A695E098}.AppStore|x86.ActiveCfg = Debug|x86
		{F89AE89C-E59D-4235-9456-7F95A695E098}.AppStore|x86.Build.0 = Debug|x86
		{F89AE89C-E59D-4235-9456-7F95A695E098}.AppStore|x86.Deploy.0 = Debug|x86
		{F89AE89C-E59D-4235-9456-7F95A695E098}.Debug|Any CPU.ActiveCfg = Debug|x86
		{F89AE89C-E59D-4235-9456-7F95A695E098}.Debug|Any CPU.Build.0 = Debug|x86
		{F89AE89C-E59D-4235-9456-7F95A695E098}.Debug|Any CPU.Deploy.0 = Debug|x86
		{F89AE89C-E59D-4235-9456-7F95A695E098}.Debug|ARM.ActiveCfg = Debug|ARM
		{F89AE89C-E59D-4235-9456-7F95A695E098}.Debug|ARM.Build.0 = Debug|ARM
		{F89AE89C-E59D-4235-9456-7F95A695E098}.Debug|ARM.Deploy.0 = Debug|ARM
		{F89AE89C-E59D-4235-9456-7F95A695E098}.Debug|ARM64.ActiveCfg = Debug|ARM64
		{F89AE89C-E59D-4235-9456-7F95A695E098}.Debug|ARM64.Build.0 = Debug|ARM64
		{F89AE89C-E59D-4235-9456-7F95A695E098}.Debug|ARM64.Deploy.0 = Debug|ARM64
		{F89AE89C-E59D-4235-9456-7F95A695E098}.Debug|iPhone.ActiveCfg = Debug|x86
		{F89AE89C-E59D-4235-9456-7F95A695E098}.Debug|iPhoneSimulator.ActiveCfg = Debug|x86
		{F89AE89C-E59D-4235-9456-7F95A695E098}.Debug|x64.ActiveCfg = Debug|x64
		{F89AE89C-E59D-4235-9456-7F95A695E098}.Debug|x64.Build.0 = Debug|x64
		{F89AE89C-E59D-4235-9456-7F95A695E098}.Debug|x64.Deploy.0 = Debug|x64
		{F89AE89C-E59D-4235-9456-7F95A695E098}.Debug|x86.ActiveCfg = Debug|x86
		{F89AE89C-E59D-4235-9456-7F95A695E098}.Debug|x86.Build.0 = Debug|x86
		{F89AE89C-E59D-4235-9456-7F95A695E098}.Debug|x86.Deploy.0 = Debug|x86
		{F89AE89C-E59D-4235-9456-7F95A695E098}.Release|Any CPU.ActiveCfg = Release|x86
		{F89AE89C-E59D-4235-9456-7F95A695E098}.Release|ARM.ActiveCfg = Release|ARM
		{F89AE89C-E59D-4235-9456-7F95A695E098}.Release|ARM.Build.0 = Release|ARM
		{F89AE89C-E59D-4235-9456-7F95A695E098}.Release|ARM.Deploy.0 = Release|ARM
		{F89AE89C-E59D-4235-9456-7F95A695E098}.Release|ARM64.ActiveCfg = Release|ARM64
		{F89AE89C-E59D-4235-9456-7F95A695E098}.Release|ARM64.Build.0 = Release|ARM64
		{F89AE89C-E59D-4235-9456-7F95A695E098}.Release|ARM64.Deploy.0 = Release|ARM64
		{F89AE89C-E59D-4235-9456-7F95A695E098}.Release|iPhone.ActiveCfg = Release|x86
		{F89AE89C-E59D-4235-9456-7F95A695E098}.Release|iPhoneSimulator.ActiveCfg = Release|x86
		{F89AE89C-E59D-4235-9456-7F95A695E098}.Release|x64.ActiveCfg = Release|x64
		{F89AE89C-E59D-4235-9456-7F95A695E098}.Release|x64.Build.0 = Release|x64
		{F89AE89C-E59D-4235-9456-7F95A695E098}.Release|x64.Deploy.0 = Release|x64
		{F89AE89C-E59D-4235-9456-7F95A695E098}.Release|x86.ActiveCfg = Release|x86
		{F89AE89C-E59D-4235-9456-7F95A695E098}.Release|x86.Build.0 = Release|x86
		{F89AE89C-E59D-4235-9456-7F95A695E098}.Release|x86.Deploy.0 = Release|x86
		{104A5782-99D8-41BB-A927-80331FD013DB}.Ad-Hoc|Any CPU.ActiveCfg = Debug|Any CPU
		{104A5782-99D8-41BB-A927-80331FD013DB}.Ad-Hoc|Any CPU.Build.0 = Debug|Any CPU
		{104A5782-99D8-41BB-A927-80331FD013DB}.Ad-Hoc|ARM.ActiveCfg = Debug|Any CPU
		{104A5782-99D8-41BB-A927-80331FD013DB}.Ad-Hoc|ARM.Build.0 = Debug|Any CPU
		{104A5782-99D8-41BB-A927-80331FD013DB}.Ad-Hoc|ARM64.ActiveCfg = Debug|Any CPU
		{104A5782-99D8-41BB-A927-80331FD013DB}.Ad-Hoc|ARM64.Build.0 = Debug|Any CPU
		{104A5782-99D8-41BB-A927-80331FD013DB}.Ad-Hoc|iPhone.ActiveCfg = Debug|Any CPU
		{104A5782-99D8-41BB-A927-80331FD013DB}.Ad-Hoc|iPhone.Build.0 = Debug|Any CPU
		{104A5782-99D8-41BB-A927-80331FD013DB}.Ad-Hoc|iPhoneSimulator.ActiveCfg = Debug|Any CPU
		{104A5782-99D8-41BB-A927-80331FD013DB}.Ad-Hoc|iPhoneSimulator.Build.0 = Debug|Any CPU
		{104A5782-99D8-41BB-A927-80331FD013DB}.Ad-Hoc|x64.ActiveCfg = Debug|Any CPU
		{104A5782-99D8-41BB-A927-80331FD013DB}.Ad-Hoc|x64.Build.0 = Debug|Any CPU
		{104A5782-99D8-41BB-A927-80331FD013DB}.Ad-Hoc|x86.ActiveCfg = Debug|Any CPU
		{104A5782-99D8-41BB-A927-80331FD013DB}.Ad-Hoc|x86.Build.0 = Debug|Any CPU
		{104A5782-99D8-41BB-A927-80331FD013DB}.AppStore|Any CPU.ActiveCfg = Debug|Any CPU
		{104A5782-99D8-41BB-A927-80331FD013DB}.AppStore|Any CPU.Build.0 = Debug|Any CPU
		{104A5782-99D8-41BB-A927-80331FD013DB}.AppStore|ARM.ActiveCfg = Debug|Any CPU
		{104A5782-99D8-41BB-A927-80331FD013DB}.AppStore|ARM.Build.0 = Debug|Any CPU
		{104A5782-99D8-41BB-A927-80331FD013DB}.AppStore|ARM64.ActiveCfg = Debug|Any CPU
		{104A5782-99D8-41BB-A927-80331FD013DB}.AppStore|ARM64.Build.0 = Debug|Any CPU
		{104A5782-99D8-41BB-A927-80331FD013DB}.AppStore|iPhone.ActiveCfg = Debug|Any CPU
		{104A5782-99D8-41BB-A927-80331FD013DB}.AppStore|iPhone.Build.0 = Debug|Any CPU
		{104A5782-99D8-41BB-A927-80331FD013DB}.AppStore|iPhoneSimulator.ActiveCfg = Debug|Any CPU
		{104A5782-99D8-41BB-A927-80331FD013DB}.AppStore|iPhoneSimulator.Build.0 = Debug|Any CPU
		{104A5782-99D8-41BB-A927-80331FD013DB}.AppStore|x64.ActiveCfg = Debug|Any CPU
		{104A5782-99D8-41BB-A927-80331FD013DB}.AppStore|x64.Build.0 = Debug|Any CPU
		{104A5782-99D8-41BB-A927-80331FD013DB}.AppStore|x86.ActiveCfg = Debug|Any CPU
		{104A5782-99D8-41BB-A927-80331FD013DB}.AppStore|x86.Build.0 = Debug|Any CPU
		{104A5782-99D8-41BB-A927-80331FD013DB}.Debug|Any CPU.ActiveCfg = Debug|Any CPU
		{104A5782-99D8-41BB-A927-80331FD013DB}.Debug|Any CPU.Build.0 = Debug|Any CPU
		{104A5782-99D8-41BB-A927-80331FD013DB}.Debug|ARM.ActiveCfg = Debug|Any CPU
		{104A5782-99D8-41BB-A927-80331FD013DB}.Debug|ARM.Build.0 = Debug|Any CPU
		{104A5782-99D8-41BB-A927-80331FD013DB}.Debug|ARM64.ActiveCfg = Debug|Any CPU
		{104A5782-99D8-41BB-A927-80331FD013DB}.Debug|ARM64.Build.0 = Debug|Any CPU
		{104A5782-99D8-41BB-A927-80331FD013DB}.Debug|iPhone.ActiveCfg = Debug|Any CPU
		{104A5782-99D8-41BB-A927-80331FD013DB}.Debug|iPhone.Build.0 = Debug|Any CPU
		{104A5782-99D8-41BB-A927-80331FD013DB}.Debug|iPhoneSimulator.ActiveCfg = Debug|Any CPU
		{104A5782-99D8-41BB-A927-80331FD013DB}.Debug|iPhoneSimulator.Build.0 = Debug|Any CPU
		{104A5782-99D8-41BB-A927-80331FD013DB}.Debug|x64.ActiveCfg = Debug|Any CPU
		{104A5782-99D8-41BB-A927-80331FD013DB}.Debug|x64.Build.0 = Debug|Any CPU
		{104A5782-99D8-41BB-A927-80331FD013DB}.Debug|x86.ActiveCfg = Debug|Any CPU
		{104A5782-99D8-41BB-A927-80331FD013DB}.Debug|x86.Build.0 = Debug|Any CPU
		{104A5782-99D8-41BB-A927-80331FD013DB}.Release|Any CPU.ActiveCfg = Release|Any CPU
		{104A5782-99D8-41BB-A927-80331FD013DB}.Release|Any CPU.Build.0 = Release|Any CPU
		{104A5782-99D8-41BB-A927-80331FD013DB}.Release|ARM.ActiveCfg = Release|Any CPU
		{104A5782-99D8-41BB-A927-80331FD013DB}.Release|ARM.Build.0 = Release|Any CPU
		{104A5782-99D8-41BB-A927-80331FD013DB}.Release|ARM64.ActiveCfg = Release|Any CPU
		{104A5782-99D8-41BB-A927-80331FD013DB}.Release|ARM64.Build.0 = Release|Any CPU
		{104A5782-99D8-41BB-A927-80331FD013DB}.Release|iPhone.ActiveCfg = Release|Any CPU
		{104A5782-99D8-41BB-A927-80331FD013DB}.Release|iPhone.Build.0 = Release|Any CPU
		{104A5782-99D8-41BB-A927-80331FD013DB}.Release|iPhoneSimulator.ActiveCfg = Release|Any CPU
		{104A5782-99D8-41BB-A927-80331FD013DB}.Release|iPhoneSimulator.Build.0 = Release|Any CPU
		{104A5782-99D8-41BB-A927-80331FD013DB}.Release|x64.ActiveCfg = Release|Any CPU
		{104A5782-99D8-41BB-A927-80331FD013DB}.Release|x64.Build.0 = Release|Any CPU
		{104A5782-99D8-41BB-A927-80331FD013DB}.Release|x86.ActiveCfg = Release|Any CPU
		{104A5782-99D8-41BB-A927-80331FD013DB}.Release|x86.Build.0 = Release|Any CPU
		{D352765C-6975-456A-8674-D81BCCEEDF4C}.Ad-Hoc|Any CPU.ActiveCfg = Debug|iPhoneSimulator
		{D352765C-6975-456A-8674-D81BCCEEDF4C}.Ad-Hoc|Any CPU.Build.0 = Debug|iPhoneSimulator
		{D352765C-6975-456A-8674-D81BCCEEDF4C}.Ad-Hoc|ARM.ActiveCfg = Debug|iPhoneSimulator
		{D352765C-6975-456A-8674-D81BCCEEDF4C}.Ad-Hoc|ARM.Build.0 = Debug|iPhoneSimulator
		{D352765C-6975-456A-8674-D81BCCEEDF4C}.Ad-Hoc|ARM64.ActiveCfg = Debug|iPhoneSimulator
		{D352765C-6975-456A-8674-D81BCCEEDF4C}.Ad-Hoc|ARM64.Build.0 = Debug|iPhoneSimulator
		{D352765C-6975-456A-8674-D81BCCEEDF4C}.Ad-Hoc|iPhone.ActiveCfg = Debug|iPhoneSimulator
		{D352765C-6975-456A-8674-D81BCCEEDF4C}.Ad-Hoc|iPhone.Build.0 = Debug|iPhoneSimulator
		{D352765C-6975-456A-8674-D81BCCEEDF4C}.Ad-Hoc|iPhoneSimulator.ActiveCfg = Debug|iPhoneSimulator
		{D352765C-6975-456A-8674-D81BCCEEDF4C}.Ad-Hoc|iPhoneSimulator.Build.0 = Debug|iPhoneSimulator
		{D352765C-6975-456A-8674-D81BCCEEDF4C}.Ad-Hoc|x64.ActiveCfg = Debug|iPhoneSimulator
		{D352765C-6975-456A-8674-D81BCCEEDF4C}.Ad-Hoc|x64.Build.0 = Debug|iPhoneSimulator
		{D352765C-6975-456A-8674-D81BCCEEDF4C}.Ad-Hoc|x86.ActiveCfg = Debug|iPhoneSimulator
		{D352765C-6975-456A-8674-D81BCCEEDF4C}.Ad-Hoc|x86.Build.0 = Debug|iPhoneSimulator
		{D352765C-6975-456A-8674-D81BCCEEDF4C}.AppStore|Any CPU.ActiveCfg = Debug|iPhoneSimulator
		{D352765C-6975-456A-8674-D81BCCEEDF4C}.AppStore|Any CPU.Build.0 = Debug|iPhoneSimulator
		{D352765C-6975-456A-8674-D81BCCEEDF4C}.AppStore|ARM.ActiveCfg = Debug|iPhoneSimulator
		{D352765C-6975-456A-8674-D81BCCEEDF4C}.AppStore|ARM.Build.0 = Debug|iPhoneSimulator
		{D352765C-6975-456A-8674-D81BCCEEDF4C}.AppStore|ARM64.ActiveCfg = Debug|iPhoneSimulator
		{D352765C-6975-456A-8674-D81BCCEEDF4C}.AppStore|ARM64.Build.0 = Debug|iPhoneSimulator
		{D352765C-6975-456A-8674-D81BCCEEDF4C}.AppStore|iPhone.ActiveCfg = Debug|iPhoneSimulator
		{D352765C-6975-456A-8674-D81BCCEEDF4C}.AppStore|iPhone.Build.0 = Debug|iPhoneSimulator
		{D352765C-6975-456A-8674-D81BCCEEDF4C}.AppStore|iPhoneSimulator.ActiveCfg = Debug|iPhoneSimulator
		{D352765C-6975-456A-8674-D81BCCEEDF4C}.AppStore|iPhoneSimulator.Build.0 = Debug|iPhoneSimulator
		{D352765C-6975-456A-8674-D81BCCEEDF4C}.AppStore|x64.ActiveCfg = Debug|iPhoneSimulator
		{D352765C-6975-456A-8674-D81BCCEEDF4C}.AppStore|x64.Build.0 = Debug|iPhoneSimulator
		{D352765C-6975-456A-8674-D81BCCEEDF4C}.AppStore|x86.ActiveCfg = Debug|iPhoneSimulator
		{D352765C-6975-456A-8674-D81BCCEEDF4C}.AppStore|x86.Build.0 = Debug|iPhoneSimulator
		{D352765C-6975-456A-8674-D81BCCEEDF4C}.Debug|Any CPU.ActiveCfg = Debug|iPhoneSimulator
		{D352765C-6975-456A-8674-D81BCCEEDF4C}.Debug|ARM.ActiveCfg = Debug|iPhoneSimulator
		{D352765C-6975-456A-8674-D81BCCEEDF4C}.Debug|ARM64.ActiveCfg = Debug|iPhoneSimulator
		{D352765C-6975-456A-8674-D81BCCEEDF4C}.Debug|iPhone.ActiveCfg = Debug|iPhoneSimulator
		{D352765C-6975-456A-8674-D81BCCEEDF4C}.Debug|iPhoneSimulator.ActiveCfg = Debug|iPhoneSimulator
		{D352765C-6975-456A-8674-D81BCCEEDF4C}.Debug|iPhoneSimulator.Build.0 = Debug|iPhoneSimulator
		{D352765C-6975-456A-8674-D81BCCEEDF4C}.Debug|x64.ActiveCfg = Debug|iPhoneSimulator
		{D352765C-6975-456A-8674-D81BCCEEDF4C}.Debug|x86.ActiveCfg = Debug|iPhoneSimulator
		{D352765C-6975-456A-8674-D81BCCEEDF4C}.Release|Any CPU.ActiveCfg = Release|iPhoneSimulator
		{D352765C-6975-456A-8674-D81BCCEEDF4C}.Release|ARM.ActiveCfg = Release|iPhoneSimulator
		{D352765C-6975-456A-8674-D81BCCEEDF4C}.Release|ARM64.ActiveCfg = Release|iPhoneSimulator
		{D352765C-6975-456A-8674-D81BCCEEDF4C}.Release|iPhone.ActiveCfg = Release|iPhoneSimulator
		{D352765C-6975-456A-8674-D81BCCEEDF4C}.Release|iPhoneSimulator.ActiveCfg = Release|iPhoneSimulator
		{D352765C-6975-456A-8674-D81BCCEEDF4C}.Release|iPhoneSimulator.Build.0 = Release|iPhoneSimulator
		{D352765C-6975-456A-8674-D81BCCEEDF4C}.Release|x64.ActiveCfg = Release|iPhoneSimulator
		{D352765C-6975-456A-8674-D81BCCEEDF4C}.Release|x86.ActiveCfg = Release|iPhoneSimulator
		{163BBE1D-9478-4EA8-8308-8A25E1F487BE}.Ad-Hoc|Any CPU.ActiveCfg = Debug|Any CPU
		{163BBE1D-9478-4EA8-8308-8A25E1F487BE}.Ad-Hoc|Any CPU.Build.0 = Debug|Any CPU
		{163BBE1D-9478-4EA8-8308-8A25E1F487BE}.Ad-Hoc|ARM.ActiveCfg = Debug|Any CPU
		{163BBE1D-9478-4EA8-8308-8A25E1F487BE}.Ad-Hoc|ARM.Build.0 = Debug|Any CPU
		{163BBE1D-9478-4EA8-8308-8A25E1F487BE}.Ad-Hoc|ARM64.ActiveCfg = Debug|Any CPU
		{163BBE1D-9478-4EA8-8308-8A25E1F487BE}.Ad-Hoc|ARM64.Build.0 = Debug|Any CPU
		{163BBE1D-9478-4EA8-8308-8A25E1F487BE}.Ad-Hoc|iPhone.ActiveCfg = Debug|Any CPU
		{163BBE1D-9478-4EA8-8308-8A25E1F487BE}.Ad-Hoc|iPhone.Build.0 = Debug|Any CPU
		{163BBE1D-9478-4EA8-8308-8A25E1F487BE}.Ad-Hoc|iPhoneSimulator.ActiveCfg = Debug|Any CPU
		{163BBE1D-9478-4EA8-8308-8A25E1F487BE}.Ad-Hoc|iPhoneSimulator.Build.0 = Debug|Any CPU
		{163BBE1D-9478-4EA8-8308-8A25E1F487BE}.Ad-Hoc|x64.ActiveCfg = Debug|Any CPU
		{163BBE1D-9478-4EA8-8308-8A25E1F487BE}.Ad-Hoc|x64.Build.0 = Debug|Any CPU
		{163BBE1D-9478-4EA8-8308-8A25E1F487BE}.Ad-Hoc|x86.ActiveCfg = Debug|Any CPU
		{163BBE1D-9478-4EA8-8308-8A25E1F487BE}.Ad-Hoc|x86.Build.0 = Debug|Any CPU
		{163BBE1D-9478-4EA8-8308-8A25E1F487BE}.AppStore|Any CPU.ActiveCfg = Debug|Any CPU
		{163BBE1D-9478-4EA8-8308-8A25E1F487BE}.AppStore|Any CPU.Build.0 = Debug|Any CPU
		{163BBE1D-9478-4EA8-8308-8A25E1F487BE}.AppStore|ARM.ActiveCfg = Debug|Any CPU
		{163BBE1D-9478-4EA8-8308-8A25E1F487BE}.AppStore|ARM.Build.0 = Debug|Any CPU
		{163BBE1D-9478-4EA8-8308-8A25E1F487BE}.AppStore|ARM64.ActiveCfg = Debug|Any CPU
		{163BBE1D-9478-4EA8-8308-8A25E1F487BE}.AppStore|ARM64.Build.0 = Debug|Any CPU
		{163BBE1D-9478-4EA8-8308-8A25E1F487BE}.AppStore|iPhone.ActiveCfg = Debug|Any CPU
		{163BBE1D-9478-4EA8-8308-8A25E1F487BE}.AppStore|iPhone.Build.0 = Debug|Any CPU
		{163BBE1D-9478-4EA8-8308-8A25E1F487BE}.AppStore|iPhoneSimulator.ActiveCfg = Debug|Any CPU
		{163BBE1D-9478-4EA8-8308-8A25E1F487BE}.AppStore|iPhoneSimulator.Build.0 = Debug|Any CPU
		{163BBE1D-9478-4EA8-8308-8A25E1F487BE}.AppStore|x64.ActiveCfg = Debug|Any CPU
		{163BBE1D-9478-4EA8-8308-8A25E1F487BE}.AppStore|x64.Build.0 = Debug|Any CPU
		{163BBE1D-9478-4EA8-8308-8A25E1F487BE}.AppStore|x86.ActiveCfg = Debug|Any CPU
		{163BBE1D-9478-4EA8-8308-8A25E1F487BE}.AppStore|x86.Build.0 = Debug|Any CPU
		{163BBE1D-9478-4EA8-8308-8A25E1F487BE}.Debug|Any CPU.ActiveCfg = Debug|Any CPU
		{163BBE1D-9478-4EA8-8308-8A25E1F487BE}.Debug|Any CPU.Build.0 = Debug|Any CPU
		{163BBE1D-9478-4EA8-8308-8A25E1F487BE}.Debug|ARM.ActiveCfg = Debug|Any CPU
		{163BBE1D-9478-4EA8-8308-8A25E1F487BE}.Debug|ARM.Build.0 = Debug|Any CPU
		{163BBE1D-9478-4EA8-8308-8A25E1F487BE}.Debug|ARM64.ActiveCfg = Debug|Any CPU
		{163BBE1D-9478-4EA8-8308-8A25E1F487BE}.Debug|ARM64.Build.0 = Debug|Any CPU
		{163BBE1D-9478-4EA8-8308-8A25E1F487BE}.Debug|iPhone.ActiveCfg = Debug|Any CPU
		{163BBE1D-9478-4EA8-8308-8A25E1F487BE}.Debug|iPhone.Build.0 = Debug|Any CPU
		{163BBE1D-9478-4EA8-8308-8A25E1F487BE}.Debug|iPhoneSimulator.ActiveCfg = Debug|Any CPU
		{163BBE1D-9478-4EA8-8308-8A25E1F487BE}.Debug|iPhoneSimulator.Build.0 = Debug|Any CPU
		{163BBE1D-9478-4EA8-8308-8A25E1F487BE}.Debug|x64.ActiveCfg = Debug|Any CPU
		{163BBE1D-9478-4EA8-8308-8A25E1F487BE}.Debug|x64.Build.0 = Debug|Any CPU
		{163BBE1D-9478-4EA8-8308-8A25E1F487BE}.Debug|x86.ActiveCfg = Debug|Any CPU
		{163BBE1D-9478-4EA8-8308-8A25E1F487BE}.Debug|x86.Build.0 = Debug|Any CPU
		{163BBE1D-9478-4EA8-8308-8A25E1F487BE}.Release|Any CPU.ActiveCfg = Release|Any CPU
		{163BBE1D-9478-4EA8-8308-8A25E1F487BE}.Release|Any CPU.Build.0 = Release|Any CPU
		{163BBE1D-9478-4EA8-8308-8A25E1F487BE}.Release|ARM.ActiveCfg = Release|Any CPU
		{163BBE1D-9478-4EA8-8308-8A25E1F487BE}.Release|ARM.Build.0 = Release|Any CPU
		{163BBE1D-9478-4EA8-8308-8A25E1F487BE}.Release|ARM64.ActiveCfg = Release|Any CPU
		{163BBE1D-9478-4EA8-8308-8A25E1F487BE}.Release|ARM64.Build.0 = Release|Any CPU
		{163BBE1D-9478-4EA8-8308-8A25E1F487BE}.Release|iPhone.ActiveCfg = Release|Any CPU
		{163BBE1D-9478-4EA8-8308-8A25E1F487BE}.Release|iPhone.Build.0 = Release|Any CPU
		{163BBE1D-9478-4EA8-8308-8A25E1F487BE}.Release|iPhoneSimulator.ActiveCfg = Release|Any CPU
		{163BBE1D-9478-4EA8-8308-8A25E1F487BE}.Release|iPhoneSimulator.Build.0 = Release|Any CPU
		{163BBE1D-9478-4EA8-8308-8A25E1F487BE}.Release|x64.ActiveCfg = Release|Any CPU
		{163BBE1D-9478-4EA8-8308-8A25E1F487BE}.Release|x64.Build.0 = Release|Any CPU
		{163BBE1D-9478-4EA8-8308-8A25E1F487BE}.Release|x86.ActiveCfg = Release|Any CPU
		{163BBE1D-9478-4EA8-8308-8A25E1F487BE}.Release|x86.Build.0 = Release|Any CPU
		{52E71802-EC85-4D3D-95C9-6B7BE64DBB5A}.Ad-Hoc|Any CPU.ActiveCfg = Debug|Any CPU
		{52E71802-EC85-4D3D-95C9-6B7BE64DBB5A}.Ad-Hoc|Any CPU.Build.0 = Debug|Any CPU
		{52E71802-EC85-4D3D-95C9-6B7BE64DBB5A}.Ad-Hoc|ARM.ActiveCfg = Debug|Any CPU
		{52E71802-EC85-4D3D-95C9-6B7BE64DBB5A}.Ad-Hoc|ARM.Build.0 = Debug|Any CPU
		{52E71802-EC85-4D3D-95C9-6B7BE64DBB5A}.Ad-Hoc|ARM64.ActiveCfg = Debug|Any CPU
		{52E71802-EC85-4D3D-95C9-6B7BE64DBB5A}.Ad-Hoc|ARM64.Build.0 = Debug|Any CPU
		{52E71802-EC85-4D3D-95C9-6B7BE64DBB5A}.Ad-Hoc|iPhone.ActiveCfg = Debug|Any CPU
		{52E71802-EC85-4D3D-95C9-6B7BE64DBB5A}.Ad-Hoc|iPhone.Build.0 = Debug|Any CPU
		{52E71802-EC85-4D3D-95C9-6B7BE64DBB5A}.Ad-Hoc|iPhoneSimulator.ActiveCfg = Debug|Any CPU
		{52E71802-EC85-4D3D-95C9-6B7BE64DBB5A}.Ad-Hoc|iPhoneSimulator.Build.0 = Debug|Any CPU
		{52E71802-EC85-4D3D-95C9-6B7BE64DBB5A}.Ad-Hoc|x64.ActiveCfg = Debug|Any CPU
		{52E71802-EC85-4D3D-95C9-6B7BE64DBB5A}.Ad-Hoc|x64.Build.0 = Debug|Any CPU
		{52E71802-EC85-4D3D-95C9-6B7BE64DBB5A}.Ad-Hoc|x86.ActiveCfg = Debug|Any CPU
		{52E71802-EC85-4D3D-95C9-6B7BE64DBB5A}.Ad-Hoc|x86.Build.0 = Debug|Any CPU
		{52E71802-EC85-4D3D-95C9-6B7BE64DBB5A}.AppStore|Any CPU.ActiveCfg = Debug|Any CPU
		{52E71802-EC85-4D3D-95C9-6B7BE64DBB5A}.AppStore|Any CPU.Build.0 = Debug|Any CPU
		{52E71802-EC85-4D3D-95C9-6B7BE64DBB5A}.AppStore|ARM.ActiveCfg = Debug|Any CPU
		{52E71802-EC85-4D3D-95C9-6B7BE64DBB5A}.AppStore|ARM.Build.0 = Debug|Any CPU
		{52E71802-EC85-4D3D-95C9-6B7BE64DBB5A}.AppStore|ARM64.ActiveCfg = Debug|Any CPU
		{52E71802-EC85-4D3D-95C9-6B7BE64DBB5A}.AppStore|ARM64.Build.0 = Debug|Any CPU
		{52E71802-EC85-4D3D-95C9-6B7BE64DBB5A}.AppStore|iPhone.ActiveCfg = Debug|Any CPU
		{52E71802-EC85-4D3D-95C9-6B7BE64DBB5A}.AppStore|iPhone.Build.0 = Debug|Any CPU
		{52E71802-EC85-4D3D-95C9-6B7BE64DBB5A}.AppStore|iPhoneSimulator.ActiveCfg = Debug|Any CPU
		{52E71802-EC85-4D3D-95C9-6B7BE64DBB5A}.AppStore|iPhoneSimulator.Build.0 = Debug|Any CPU
		{52E71802-EC85-4D3D-95C9-6B7BE64DBB5A}.AppStore|x64.ActiveCfg = Debug|Any CPU
		{52E71802-EC85-4D3D-95C9-6B7BE64DBB5A}.AppStore|x64.Build.0 = Debug|Any CPU
		{52E71802-EC85-4D3D-95C9-6B7BE64DBB5A}.AppStore|x86.ActiveCfg = Debug|Any CPU
		{52E71802-EC85-4D3D-95C9-6B7BE64DBB5A}.AppStore|x86.Build.0 = Debug|Any CPU
		{52E71802-EC85-4D3D-95C9-6B7BE64DBB5A}.Debug|Any CPU.ActiveCfg = Debug|Any CPU
		{52E71802-EC85-4D3D-95C9-6B7BE64DBB5A}.Debug|Any CPU.Build.0 = Debug|Any CPU
		{52E71802-EC85-4D3D-95C9-6B7BE64DBB5A}.Debug|ARM.ActiveCfg = Debug|Any CPU
		{52E71802-EC85-4D3D-95C9-6B7BE64DBB5A}.Debug|ARM.Build.0 = Debug|Any CPU
		{52E71802-EC85-4D3D-95C9-6B7BE64DBB5A}.Debug|ARM64.ActiveCfg = Debug|Any CPU
		{52E71802-EC85-4D3D-95C9-6B7BE64DBB5A}.Debug|ARM64.Build.0 = Debug|Any CPU
		{52E71802-EC85-4D3D-95C9-6B7BE64DBB5A}.Debug|iPhone.ActiveCfg = Debug|Any CPU
		{52E71802-EC85-4D3D-95C9-6B7BE64DBB5A}.Debug|iPhone.Build.0 = Debug|Any CPU
		{52E71802-EC85-4D3D-95C9-6B7BE64DBB5A}.Debug|iPhoneSimulator.ActiveCfg = Debug|Any CPU
		{52E71802-EC85-4D3D-95C9-6B7BE64DBB5A}.Debug|iPhoneSimulator.Build.0 = Debug|Any CPU
		{52E71802-EC85-4D3D-95C9-6B7BE64DBB5A}.Debug|x64.ActiveCfg = Debug|Any CPU
		{52E71802-EC85-4D3D-95C9-6B7BE64DBB5A}.Debug|x64.Build.0 = Debug|Any CPU
		{52E71802-EC85-4D3D-95C9-6B7BE64DBB5A}.Debug|x86.ActiveCfg = Debug|Any CPU
		{52E71802-EC85-4D3D-95C9-6B7BE64DBB5A}.Debug|x86.Build.0 = Debug|Any CPU
		{52E71802-EC85-4D3D-95C9-6B7BE64DBB5A}.Release|Any CPU.ActiveCfg = Release|Any CPU
		{52E71802-EC85-4D3D-95C9-6B7BE64DBB5A}.Release|Any CPU.Build.0 = Release|Any CPU
		{52E71802-EC85-4D3D-95C9-6B7BE64DBB5A}.Release|ARM.ActiveCfg = Release|Any CPU
		{52E71802-EC85-4D3D-95C9-6B7BE64DBB5A}.Release|ARM.Build.0 = Release|Any CPU
		{52E71802-EC85-4D3D-95C9-6B7BE64DBB5A}.Release|ARM64.ActiveCfg = Release|Any CPU
		{52E71802-EC85-4D3D-95C9-6B7BE64DBB5A}.Release|ARM64.Build.0 = Release|Any CPU
		{52E71802-EC85-4D3D-95C9-6B7BE64DBB5A}.Release|iPhone.ActiveCfg = Release|Any CPU
		{52E71802-EC85-4D3D-95C9-6B7BE64DBB5A}.Release|iPhone.Build.0 = Release|Any CPU
		{52E71802-EC85-4D3D-95C9-6B7BE64DBB5A}.Release|iPhoneSimulator.ActiveCfg = Release|Any CPU
		{52E71802-EC85-4D3D-95C9-6B7BE64DBB5A}.Release|iPhoneSimulator.Build.0 = Release|Any CPU
		{52E71802-EC85-4D3D-95C9-6B7BE64DBB5A}.Release|x64.ActiveCfg = Release|Any CPU
		{52E71802-EC85-4D3D-95C9-6B7BE64DBB5A}.Release|x64.Build.0 = Release|Any CPU
		{52E71802-EC85-4D3D-95C9-6B7BE64DBB5A}.Release|x86.ActiveCfg = Release|Any CPU
		{52E71802-EC85-4D3D-95C9-6B7BE64DBB5A}.Release|x86.Build.0 = Release|Any CPU
		{2F3C3C6B-D31B-42B9-B356-8925D19C8746}.Ad-Hoc|Any CPU.ActiveCfg = Debug|Any CPU
		{2F3C3C6B-D31B-42B9-B356-8925D19C8746}.Ad-Hoc|Any CPU.Build.0 = Debug|Any CPU
		{2F3C3C6B-D31B-42B9-B356-8925D19C8746}.Ad-Hoc|ARM.ActiveCfg = Debug|Any CPU
		{2F3C3C6B-D31B-42B9-B356-8925D19C8746}.Ad-Hoc|ARM.Build.0 = Debug|Any CPU
		{2F3C3C6B-D31B-42B9-B356-8925D19C8746}.Ad-Hoc|ARM64.ActiveCfg = Debug|Any CPU
		{2F3C3C6B-D31B-42B9-B356-8925D19C8746}.Ad-Hoc|ARM64.Build.0 = Debug|Any CPU
		{2F3C3C6B-D31B-42B9-B356-8925D19C8746}.Ad-Hoc|iPhone.ActiveCfg = Debug|Any CPU
		{2F3C3C6B-D31B-42B9-B356-8925D19C8746}.Ad-Hoc|iPhone.Build.0 = Debug|Any CPU
		{2F3C3C6B-D31B-42B9-B356-8925D19C8746}.Ad-Hoc|iPhoneSimulator.ActiveCfg = Debug|Any CPU
		{2F3C3C6B-D31B-42B9-B356-8925D19C8746}.Ad-Hoc|iPhoneSimulator.Build.0 = Debug|Any CPU
		{2F3C3C6B-D31B-42B9-B356-8925D19C8746}.Ad-Hoc|x64.ActiveCfg = Debug|Any CPU
		{2F3C3C6B-D31B-42B9-B356-8925D19C8746}.Ad-Hoc|x64.Build.0 = Debug|Any CPU
		{2F3C3C6B-D31B-42B9-B356-8925D19C8746}.Ad-Hoc|x86.ActiveCfg = Debug|Any CPU
		{2F3C3C6B-D31B-42B9-B356-8925D19C8746}.Ad-Hoc|x86.Build.0 = Debug|Any CPU
		{2F3C3C6B-D31B-42B9-B356-8925D19C8746}.AppStore|Any CPU.ActiveCfg = Debug|Any CPU
		{2F3C3C6B-D31B-42B9-B356-8925D19C8746}.AppStore|Any CPU.Build.0 = Debug|Any CPU
		{2F3C3C6B-D31B-42B9-B356-8925D19C8746}.AppStore|ARM.ActiveCfg = Debug|Any CPU
		{2F3C3C6B-D31B-42B9-B356-8925D19C8746}.AppStore|ARM.Build.0 = Debug|Any CPU
		{2F3C3C6B-D31B-42B9-B356-8925D19C8746}.AppStore|ARM64.ActiveCfg = Debug|Any CPU
		{2F3C3C6B-D31B-42B9-B356-8925D19C8746}.AppStore|ARM64.Build.0 = Debug|Any CPU
		{2F3C3C6B-D31B-42B9-B356-8925D19C8746}.AppStore|iPhone.ActiveCfg = Debug|Any CPU
		{2F3C3C6B-D31B-42B9-B356-8925D19C8746}.AppStore|iPhone.Build.0 = Debug|Any CPU
		{2F3C3C6B-D31B-42B9-B356-8925D19C8746}.AppStore|iPhoneSimulator.ActiveCfg = Debug|Any CPU
		{2F3C3C6B-D31B-42B9-B356-8925D19C8746}.AppStore|iPhoneSimulator.Build.0 = Debug|Any CPU
		{2F3C3C6B-D31B-42B9-B356-8925D19C8746}.AppStore|x64.ActiveCfg = Debug|Any CPU
		{2F3C3C6B-D31B-42B9-B356-8925D19C8746}.AppStore|x64.Build.0 = Debug|Any CPU
		{2F3C3C6B-D31B-42B9-B356-8925D19C8746}.AppStore|x86.ActiveCfg = Debug|Any CPU
		{2F3C3C6B-D31B-42B9-B356-8925D19C8746}.AppStore|x86.Build.0 = Debug|Any CPU
		{2F3C3C6B-D31B-42B9-B356-8925D19C8746}.Debug|Any CPU.ActiveCfg = Debug|Any CPU
		{2F3C3C6B-D31B-42B9-B356-8925D19C8746}.Debug|Any CPU.Build.0 = Debug|Any CPU
		{2F3C3C6B-D31B-42B9-B356-8925D19C8746}.Debug|ARM.ActiveCfg = Debug|Any CPU
		{2F3C3C6B-D31B-42B9-B356-8925D19C8746}.Debug|ARM.Build.0 = Debug|Any CPU
		{2F3C3C6B-D31B-42B9-B356-8925D19C8746}.Debug|ARM64.ActiveCfg = Debug|Any CPU
		{2F3C3C6B-D31B-42B9-B356-8925D19C8746}.Debug|ARM64.Build.0 = Debug|Any CPU
		{2F3C3C6B-D31B-42B9-B356-8925D19C8746}.Debug|iPhone.ActiveCfg = Debug|Any CPU
		{2F3C3C6B-D31B-42B9-B356-8925D19C8746}.Debug|iPhone.Build.0 = Debug|Any CPU
		{2F3C3C6B-D31B-42B9-B356-8925D19C8746}.Debug|iPhoneSimulator.ActiveCfg = Debug|Any CPU
		{2F3C3C6B-D31B-42B9-B356-8925D19C8746}.Debug|iPhoneSimulator.Build.0 = Debug|Any CPU
		{2F3C3C6B-D31B-42B9-B356-8925D19C8746}.Debug|x64.ActiveCfg = Debug|Any CPU
		{2F3C3C6B-D31B-42B9-B356-8925D19C8746}.Debug|x64.Build.0 = Debug|Any CPU
		{2F3C3C6B-D31B-42B9-B356-8925D19C8746}.Debug|x86.ActiveCfg = Debug|Any CPU
		{2F3C3C6B-D31B-42B9-B356-8925D19C8746}.Debug|x86.Build.0 = Debug|Any CPU
		{2F3C3C6B-D31B-42B9-B356-8925D19C8746}.Release|Any CPU.ActiveCfg = Release|Any CPU
		{2F3C3C6B-D31B-42B9-B356-8925D19C8746}.Release|Any CPU.Build.0 = Release|Any CPU
		{2F3C3C6B-D31B-42B9-B356-8925D19C8746}.Release|ARM.ActiveCfg = Release|Any CPU
		{2F3C3C6B-D31B-42B9-B356-8925D19C8746}.Release|ARM.Build.0 = Release|Any CPU
		{2F3C3C6B-D31B-42B9-B356-8925D19C8746}.Release|ARM64.ActiveCfg = Release|Any CPU
		{2F3C3C6B-D31B-42B9-B356-8925D19C8746}.Release|ARM64.Build.0 = Release|Any CPU
		{2F3C3C6B-D31B-42B9-B356-8925D19C8746}.Release|iPhone.ActiveCfg = Release|Any CPU
		{2F3C3C6B-D31B-42B9-B356-8925D19C8746}.Release|iPhone.Build.0 = Release|Any CPU
		{2F3C3C6B-D31B-42B9-B356-8925D19C8746}.Release|iPhoneSimulator.ActiveCfg = Release|Any CPU
		{2F3C3C6B-D31B-42B9-B356-8925D19C8746}.Release|iPhoneSimulator.Build.0 = Release|Any CPU
		{2F3C3C6B-D31B-42B9-B356-8925D19C8746}.Release|x64.ActiveCfg = Release|Any CPU
		{2F3C3C6B-D31B-42B9-B356-8925D19C8746}.Release|x64.Build.0 = Release|Any CPU
		{2F3C3C6B-D31B-42B9-B356-8925D19C8746}.Release|x86.ActiveCfg = Release|Any CPU
		{2F3C3C6B-D31B-42B9-B356-8925D19C8746}.Release|x86.Build.0 = Release|Any CPU
		{082BCF74-E5EE-4FB5-9322-6022A9986C7F}.Ad-Hoc|Any CPU.ActiveCfg = Debug|Any CPU
		{082BCF74-E5EE-4FB5-9322-6022A9986C7F}.Ad-Hoc|Any CPU.Build.0 = Debug|Any CPU
		{082BCF74-E5EE-4FB5-9322-6022A9986C7F}.Ad-Hoc|ARM.ActiveCfg = Debug|Any CPU
		{082BCF74-E5EE-4FB5-9322-6022A9986C7F}.Ad-Hoc|ARM.Build.0 = Debug|Any CPU
		{082BCF74-E5EE-4FB5-9322-6022A9986C7F}.Ad-Hoc|ARM64.ActiveCfg = Debug|Any CPU
		{082BCF74-E5EE-4FB5-9322-6022A9986C7F}.Ad-Hoc|ARM64.Build.0 = Debug|Any CPU
		{082BCF74-E5EE-4FB5-9322-6022A9986C7F}.Ad-Hoc|iPhone.ActiveCfg = Debug|Any CPU
		{082BCF74-E5EE-4FB5-9322-6022A9986C7F}.Ad-Hoc|iPhone.Build.0 = Debug|Any CPU
		{082BCF74-E5EE-4FB5-9322-6022A9986C7F}.Ad-Hoc|iPhoneSimulator.ActiveCfg = Debug|Any CPU
		{082BCF74-E5EE-4FB5-9322-6022A9986C7F}.Ad-Hoc|iPhoneSimulator.Build.0 = Debug|Any CPU
		{082BCF74-E5EE-4FB5-9322-6022A9986C7F}.Ad-Hoc|x64.ActiveCfg = Debug|Any CPU
		{082BCF74-E5EE-4FB5-9322-6022A9986C7F}.Ad-Hoc|x64.Build.0 = Debug|Any CPU
		{082BCF74-E5EE-4FB5-9322-6022A9986C7F}.Ad-Hoc|x86.ActiveCfg = Debug|Any CPU
		{082BCF74-E5EE-4FB5-9322-6022A9986C7F}.Ad-Hoc|x86.Build.0 = Debug|Any CPU
		{082BCF74-E5EE-4FB5-9322-6022A9986C7F}.AppStore|Any CPU.ActiveCfg = Debug|Any CPU
		{082BCF74-E5EE-4FB5-9322-6022A9986C7F}.AppStore|Any CPU.Build.0 = Debug|Any CPU
		{082BCF74-E5EE-4FB5-9322-6022A9986C7F}.AppStore|ARM.ActiveCfg = Debug|Any CPU
		{082BCF74-E5EE-4FB5-9322-6022A9986C7F}.AppStore|ARM.Build.0 = Debug|Any CPU
		{082BCF74-E5EE-4FB5-9322-6022A9986C7F}.AppStore|ARM64.ActiveCfg = Debug|Any CPU
		{082BCF74-E5EE-4FB5-9322-6022A9986C7F}.AppStore|ARM64.Build.0 = Debug|Any CPU
		{082BCF74-E5EE-4FB5-9322-6022A9986C7F}.AppStore|iPhone.ActiveCfg = Debug|Any CPU
		{082BCF74-E5EE-4FB5-9322-6022A9986C7F}.AppStore|iPhone.Build.0 = Debug|Any CPU
		{082BCF74-E5EE-4FB5-9322-6022A9986C7F}.AppStore|iPhoneSimulator.ActiveCfg = Debug|Any CPU
		{082BCF74-E5EE-4FB5-9322-6022A9986C7F}.AppStore|iPhoneSimulator.Build.0 = Debug|Any CPU
		{082BCF74-E5EE-4FB5-9322-6022A9986C7F}.AppStore|x64.ActiveCfg = Debug|Any CPU
		{082BCF74-E5EE-4FB5-9322-6022A9986C7F}.AppStore|x64.Build.0 = Debug|Any CPU
		{082BCF74-E5EE-4FB5-9322-6022A9986C7F}.AppStore|x86.ActiveCfg = Debug|Any CPU
		{082BCF74-E5EE-4FB5-9322-6022A9986C7F}.AppStore|x86.Build.0 = Debug|Any CPU
		{082BCF74-E5EE-4FB5-9322-6022A9986C7F}.Debug|Any CPU.ActiveCfg = Debug|Any CPU
		{082BCF74-E5EE-4FB5-9322-6022A9986C7F}.Debug|Any CPU.Build.0 = Debug|Any CPU
		{082BCF74-E5EE-4FB5-9322-6022A9986C7F}.Debug|ARM.ActiveCfg = Debug|Any CPU
		{082BCF74-E5EE-4FB5-9322-6022A9986C7F}.Debug|ARM.Build.0 = Debug|Any CPU
		{082BCF74-E5EE-4FB5-9322-6022A9986C7F}.Debug|ARM64.ActiveCfg = Debug|Any CPU
		{082BCF74-E5EE-4FB5-9322-6022A9986C7F}.Debug|ARM64.Build.0 = Debug|Any CPU
		{082BCF74-E5EE-4FB5-9322-6022A9986C7F}.Debug|iPhone.ActiveCfg = Debug|Any CPU
		{082BCF74-E5EE-4FB5-9322-6022A9986C7F}.Debug|iPhone.Build.0 = Debug|Any CPU
		{082BCF74-E5EE-4FB5-9322-6022A9986C7F}.Debug|iPhoneSimulator.ActiveCfg = Debug|Any CPU
		{082BCF74-E5EE-4FB5-9322-6022A9986C7F}.Debug|iPhoneSimulator.Build.0 = Debug|Any CPU
		{082BCF74-E5EE-4FB5-9322-6022A9986C7F}.Debug|x64.ActiveCfg = Debug|Any CPU
		{082BCF74-E5EE-4FB5-9322-6022A9986C7F}.Debug|x64.Build.0 = Debug|Any CPU
		{082BCF74-E5EE-4FB5-9322-6022A9986C7F}.Debug|x86.ActiveCfg = Debug|Any CPU
		{082BCF74-E5EE-4FB5-9322-6022A9986C7F}.Debug|x86.Build.0 = Debug|Any CPU
		{082BCF74-E5EE-4FB5-9322-6022A9986C7F}.Release|Any CPU.ActiveCfg = Release|Any CPU
		{082BCF74-E5EE-4FB5-9322-6022A9986C7F}.Release|Any CPU.Build.0 = Release|Any CPU
		{082BCF74-E5EE-4FB5-9322-6022A9986C7F}.Release|ARM.ActiveCfg = Release|Any CPU
		{082BCF74-E5EE-4FB5-9322-6022A9986C7F}.Release|ARM.Build.0 = Release|Any CPU
		{082BCF74-E5EE-4FB5-9322-6022A9986C7F}.Release|ARM64.ActiveCfg = Release|Any CPU
		{082BCF74-E5EE-4FB5-9322-6022A9986C7F}.Release|ARM64.Build.0 = Release|Any CPU
		{082BCF74-E5EE-4FB5-9322-6022A9986C7F}.Release|iPhone.ActiveCfg = Release|Any CPU
		{082BCF74-E5EE-4FB5-9322-6022A9986C7F}.Release|iPhone.Build.0 = Release|Any CPU
		{082BCF74-E5EE-4FB5-9322-6022A9986C7F}.Release|iPhoneSimulator.ActiveCfg = Release|Any CPU
		{082BCF74-E5EE-4FB5-9322-6022A9986C7F}.Release|iPhoneSimulator.Build.0 = Release|Any CPU
		{082BCF74-E5EE-4FB5-9322-6022A9986C7F}.Release|x64.ActiveCfg = Release|Any CPU
		{082BCF74-E5EE-4FB5-9322-6022A9986C7F}.Release|x64.Build.0 = Release|Any CPU
		{082BCF74-E5EE-4FB5-9322-6022A9986C7F}.Release|x86.ActiveCfg = Release|Any CPU
		{082BCF74-E5EE-4FB5-9322-6022A9986C7F}.Release|x86.Build.0 = Release|Any CPU
	EndGlobalSection
	GlobalSection(SolutionProperties) = preSolution
		HideSolutionNode = FALSE
	EndGlobalSection
	GlobalSection(NestedProjects) = preSolution
		{1F2B94B6-F591-4BC6-BB96-B5C96824DE1A} = {13E9483D-A4DE-482A-8E6E-39FD0C483E35}
		{D5CCF087-5913-4A69-B0FB-1DFFF8C4B955} = {13E9483D-A4DE-482A-8E6E-39FD0C483E35}
		{F89AE89C-E59D-4235-9456-7F95A695E098} = {13E9483D-A4DE-482A-8E6E-39FD0C483E35}
		{104A5782-99D8-41BB-A927-80331FD013DB} = {13E9483D-A4DE-482A-8E6E-39FD0C483E35}
		{D352765C-6975-456A-8674-D81BCCEEDF4C} = {13E9483D-A4DE-482A-8E6E-39FD0C483E35}
		{163BBE1D-9478-4EA8-8308-8A25E1F487BE} = {13E9483D-A4DE-482A-8E6E-39FD0C483E35}
		{52E71802-EC85-4D3D-95C9-6B7BE64DBB5A} = {13E9483D-A4DE-482A-8E6E-39FD0C483E35}
		{2F3C3C6B-D31B-42B9-B356-8925D19C8746} = {13E9483D-A4DE-482A-8E6E-39FD0C483E35}
		{082BCF74-E5EE-4FB5-9322-6022A9986C7F} = {13E9483D-A4DE-482A-8E6E-39FD0C483E35}
	EndGlobalSection
	GlobalSection(ExtensibilityGlobals) = postSolution
		SolutionGuid = {C5DE4B69-B788-40FF-AD3C-AF7B939E019F}
	EndGlobalSection
EndGlobal
